
Microsoft Visual Studio Solution File, Format Version 12.00
# Visual Studio 15
VisualStudioVersion = 15.0.27428.2027
MinimumVisualStudioVersion = 10.0.40219.1
Project("{FAE04EC0-301F-11D3-BF4B-00C04F79EFBC}") = "第七周作业", "第七周作业\第七周作业.csproj", "{B70D96DC-ECEB-4D7D-A49F-0A78CB28DD11}"
EndProject
Project("{FAE04EC0-301F-11D3-BF4B-00C04F79EFBC}") = "接口实现小丑", "接口实现小丑\接口实现小丑.csproj", "{AD92FB81-8FCF-4280-A8D8-11348544F98F}"
EndProject
Project("{FAE04EC0-301F-11D3-BF4B-00C04F79EFBC}") = "第七周作业1", "第七周作业1\第七周作业1.csproj", "{6CA9ADF8-A8E6-4318-A693-1D699EFD80A7}"
EndProject
Global
	GlobalSection(SolutionConfigurationPlatforms) = preSolution
		Debug|Any CPU = Debug|Any CPU
		Release|Any CPU = Release|Any CPU
	EndGlobalSection
	GlobalSection(ProjectConfigurationPlatforms) = postSolution
		{B70D96DC-ECEB-4D7D-A49F-0A78CB28DD11}.Debug|Any CPU.ActiveCfg = Debug|Any CPU
		{B70D96DC-ECEB-4D7D-A49F-0A78CB28DD11}.Debug|Any CPU.Build.0 = Debug|Any CPU
		{B70D96DC-ECEB-4D7D-A49F-0A78CB28DD11}.Release|Any CPU.ActiveCfg = Release|Any CPU
		{B70D96DC-ECEB-4D7D-A49F-0A78CB28DD11}.Release|Any CPU.Build.0 = Release|Any CPU
		{AD92FB81-8FCF-4280-A8D8-11348544F98F}.Debug|Any CPU.ActiveCfg = Debug|Any CPU
		{AD92FB81-8FCF-4280-A8D8-11348544F98F}.Debug|Any CPU.Build.0 = Debug|Any CPU
		{AD92FB81-8FCF-4280-A8D8-11348544F98F}.Release|Any CPU.ActiveCfg = Release|Any CPU
		{AD92FB81-8FCF-4280-A8D8-11348544F98F}.Release|Any CPU.Build.0 = Release|Any CPU
		{6CA9ADF8-A8E6-4318-A693-1D699EFD80A7}.Debug|Any CPU.ActiveCfg = Debug|Any CPU
		{6CA9ADF8-A8E6-4318-A693-1D699EFD80A7}.Debug|Any CPU.Build.0 = Debug|Any CPU
		{6CA9ADF8-A8E6-4318-A693-1D699EFD80A7}.Release|Any CPU.ActiveCfg = Release|Any CPU
		{6CA9ADF8-A8E6-4318-A693-1D699EFD80A7}.Release|Any CPU.Build.0 = Release|Any CPU
	EndGlobalSection
	GlobalSection(SolutionProperties) = preSolution
		HideSolutionNode = FALSE
	EndGlobalSection
	GlobalSection(ExtensibilityGlobals) = postSolution
		SolutionGuid = {84544733-5481-4DD7-89F3-E0D9F52966A6}
	EndGlobalSection
EndGlobal
