
Microsoft Visual Studio Solution File, Format Version 12.00
# Visual Studio 15
VisualStudioVersion = 15.0.27428.2027
MinimumVisualStudioVersion = 10.0.40219.1
Project("{FAE04EC0-301F-11D3-BF4B-00C04F79EFBC}") = "第六周作业", "201511190114-任春哲-第六周作业\FindGuitarTester_version2\第六周作业.csproj", "{FDD4DFFA-5438-484D-8B38-892FA9364A16}"
EndProject
Project("{FAE04EC0-301F-11D3-BF4B-00C04F79EFBC}") = "增加乐器_第六周作业修改版", "增加乐器_第六周作业修改版\增加乐器_第六周作业修改版.csproj", "{7169DA8E-A908-4B04-A6E8-BE3833B890D2}"
EndProject
Global
	GlobalSection(SolutionConfigurationPlatforms) = preSolution
		Debug|Any CPU = Debug|Any CPU
		Release|Any CPU = Release|Any CPU
	EndGlobalSection
	GlobalSection(ProjectConfigurationPlatforms) = postSolution
		{FDD4DFFA-5438-484D-8B38-892FA9364A16}.Debug|Any CPU.ActiveCfg = Debug|Any CPU
		{FDD4DFFA-5438-484D-8B38-892FA9364A16}.Debug|Any CPU.Build.0 = Debug|Any CPU
		{FDD4DFFA-5438-484D-8B38-892FA9364A16}.Release|Any CPU.ActiveCfg = Release|Any CPU
		{FDD4DFFA-5438-484D-8B38-892FA9364A16}.Release|Any CPU.Build.0 = Release|Any CPU
		{7169DA8E-A908-4B04-A6E8-BE3833B890D2}.Debug|Any CPU.ActiveCfg = Debug|Any CPU
		{7169DA8E-A908-4B04-A6E8-BE3833B890D2}.Debug|Any CPU.Build.0 = Debug|Any CPU
		{7169DA8E-A908-4B04-A6E8-BE3833B890D2}.Release|Any CPU.ActiveCfg = Release|Any CPU
		{7169DA8E-A908-4B04-A6E8-BE3833B890D2}.Release|Any CPU.Build.0 = Release|Any CPU
	EndGlobalSection
	GlobalSection(SolutionProperties) = preSolution
		HideSolutionNode = FALSE
	EndGlobalSection
	GlobalSection(ExtensibilityGlobals) = postSolution
		SolutionGuid = {84544733-5481-4DD7-89F3-E0D9F52966A6}
	EndGlobalSection
EndGlobal
