
Microsoft Visual Studio Solution File, Format Version 12.00
# Visual Studio 15
VisualStudioVersion = 15.0.27428.2027
MinimumVisualStudioVersion = 10.0.40219.1
Project("{FAE04EC0-301F-11D3-BF4B-00C04F79EFBC}") = "W6_伟大的软件", "上课笔记\W6_伟大的软件.csproj", "{B99A94A6-B203-419E-8CFE-576DAF83E0B8}"
EndProject
Project("{FAE04EC0-301F-11D3-BF4B-00C04F79EFBC}") = "FindGuitarTester_version1", "..\FindGuitarTester_version1\FindGuitarTester_version1\FindGuitarTester_version1\FindGuitarTester_version1.csproj", "{FDD4DFFA-5438-484D-8B38-892FA9364A16}"
EndProject
Project("{FAE04EC0-301F-11D3-BF4B-00C04F79EFBC}") = "FindGuitarTester_version2", "..\FindGuitarTester_version3\FindGuitarTester_version3\FindGuitarTester_version2\FindGuitarTester_version2.csproj", "{8692EA0D-868E-445B-BF0E-56DB90F3E8D0}"
EndProject
Project("{FAE04EC0-301F-11D3-BF4B-00C04F79EFBC}") = "Interface_0418A2", "Interface_0418A2\Interface_0418A2.csproj", "{99EF9653-2691-4E06-8C01-20F8EFD26A83}"
EndProject
Project("{FAE04EC0-301F-11D3-BF4B-00C04F79EFBC}") = "使用控件（类库）编程", "使用控件（类库）编程\使用控件（类库）编程.csproj", "{03C27063-FCF3-4EEF-8AD0-597D175E8A67}"
EndProject
Project("{FAE04EC0-301F-11D3-BF4B-00C04F79EFBC}") = "ClassLibrary1", "ClassLibrary1\ClassLibrary1.csproj", "{3326928C-F59A-48DD-B991-203CC8069ACB}"
EndProject
Project("{2150E333-8FDC-42A3-9474-1A3956D46DE8}") = "上课学习", "上课学习", "{489A81F7-C8E1-4678-A970-B99ED3CD7060}"
EndProject
Project("{FAE04EC0-301F-11D3-BF4B-00C04F79EFBC}") = "ClassLibrary2", "ClassLibrary2\ClassLibrary2.csproj", "{193DE199-5916-426C-A58C-05319FE4F5E0}"
EndProject
Project("{2150E333-8FDC-42A3-9474-1A3956D46DE8}") = "组件编程", "组件编程", "{49D16EFF-D35E-484A-A3B4-66B77F134D5A}"
EndProject
Project("{FAE04EC0-301F-11D3-BF4B-00C04F79EFBC}") = "测试自定义组件和控件", "测试自定义组几件\测试自定义组件和控件.csproj", "{70770DEC-D0EE-4DCB-AC6C-C282C21D89C1}"
EndProject
Project("{FAE04EC0-301F-11D3-BF4B-00C04F79EFBC}") = "Self_Components", "ClassLibrary3\Self_Components.csproj", "{00D3BC8B-B1AC-4AB9-A3D6-AA6E67C55A73}"
EndProject
Global
	GlobalSection(SolutionConfigurationPlatforms) = preSolution
		Debug|Any CPU = Debug|Any CPU
		Debug|ARM = Debug|ARM
		Debug|x64 = Debug|x64
		Debug|x86 = Debug|x86
		Release|Any CPU = Release|Any CPU
		Release|ARM = Release|ARM
		Release|x64 = Release|x64
		Release|x86 = Release|x86
	EndGlobalSection
	GlobalSection(ProjectConfigurationPlatforms) = postSolution
		{B99A94A6-B203-419E-8CFE-576DAF83E0B8}.Debug|Any CPU.ActiveCfg = Debug|Any CPU
		{B99A94A6-B203-419E-8CFE-576DAF83E0B8}.Debug|Any CPU.Build.0 = Debug|Any CPU
		{B99A94A6-B203-419E-8CFE-576DAF83E0B8}.Debug|ARM.ActiveCfg = Debug|Any CPU
		{B99A94A6-B203-419E-8CFE-576DAF83E0B8}.Debug|ARM.Build.0 = Debug|Any CPU
		{B99A94A6-B203-419E-8CFE-576DAF83E0B8}.Debug|x64.ActiveCfg = Debug|Any CPU
		{B99A94A6-B203-419E-8CFE-576DAF83E0B8}.Debug|x64.Build.0 = Debug|Any CPU
		{B99A94A6-B203-419E-8CFE-576DAF83E0B8}.Debug|x86.ActiveCfg = Debug|Any CPU
		{B99A94A6-B203-419E-8CFE-576DAF83E0B8}.Debug|x86.Build.0 = Debug|Any CPU
		{B99A94A6-B203-419E-8CFE-576DAF83E0B8}.Release|Any CPU.ActiveCfg = Release|Any CPU
		{B99A94A6-B203-419E-8CFE-576DAF83E0B8}.Release|Any CPU.Build.0 = Release|Any CPU
		{B99A94A6-B203-419E-8CFE-576DAF83E0B8}.Release|ARM.ActiveCfg = Release|Any CPU
		{B99A94A6-B203-419E-8CFE-576DAF83E0B8}.Release|ARM.Build.0 = Release|Any CPU
		{B99A94A6-B203-419E-8CFE-576DAF83E0B8}.Release|x64.ActiveCfg = Release|Any CPU
		{B99A94A6-B203-419E-8CFE-576DAF83E0B8}.Release|x64.Build.0 = Release|Any CPU
		{B99A94A6-B203-419E-8CFE-576DAF83E0B8}.Release|x86.ActiveCfg = Release|Any CPU
		{B99A94A6-B203-419E-8CFE-576DAF83E0B8}.Release|x86.Build.0 = Release|Any CPU
		{FDD4DFFA-5438-484D-8B38-892FA9364A16}.Debug|Any CPU.ActiveCfg = Debug|Any CPU
		{FDD4DFFA-5438-484D-8B38-892FA9364A16}.Debug|Any CPU.Build.0 = Debug|Any CPU
		{FDD4DFFA-5438-484D-8B38-892FA9364A16}.Debug|ARM.ActiveCfg = Debug|Any CPU
		{FDD4DFFA-5438-484D-8B38-892FA9364A16}.Debug|ARM.Build.0 = Debug|Any CPU
		{FDD4DFFA-5438-484D-8B38-892FA9364A16}.Debug|x64.ActiveCfg = Debug|Any CPU
		{FDD4DFFA-5438-484D-8B38-892FA9364A16}.Debug|x64.Build.0 = Debug|Any CPU
		{FDD4DFFA-5438-484D-8B38-892FA9364A16}.Debug|x86.ActiveCfg = Debug|Any CPU
		{FDD4DFFA-5438-484D-8B38-892FA9364A16}.Debug|x86.Build.0 = Debug|Any CPU
		{FDD4DFFA-5438-484D-8B38-892FA9364A16}.Release|Any CPU.ActiveCfg = Release|Any CPU
		{FDD4DFFA-5438-484D-8B38-892FA9364A16}.Release|Any CPU.Build.0 = Release|Any CPU
		{FDD4DFFA-5438-484D-8B38-892FA9364A16}.Release|ARM.ActiveCfg = Release|Any CPU
		{FDD4DFFA-5438-484D-8B38-892FA9364A16}.Release|ARM.Build.0 = Release|Any CPU
		{FDD4DFFA-5438-484D-8B38-892FA9364A16}.Release|x64.ActiveCfg = Release|Any CPU
		{FDD4DFFA-5438-484D-8B38-892FA9364A16}.Release|x64.Build.0 = Release|Any CPU
		{FDD4DFFA-5438-484D-8B38-892FA9364A16}.Release|x86.ActiveCfg = Release|Any CPU
		{FDD4DFFA-5438-484D-8B38-892FA9364A16}.Release|x86.Build.0 = Release|Any CPU
		{8692EA0D-868E-445B-BF0E-56DB90F3E8D0}.Debug|Any CPU.ActiveCfg = Debug|Any CPU
		{8692EA0D-868E-445B-BF0E-56DB90F3E8D0}.Debug|Any CPU.Build.0 = Debug|Any CPU
		{8692EA0D-868E-445B-BF0E-56DB90F3E8D0}.Debug|ARM.ActiveCfg = Debug|Any CPU
		{8692EA0D-868E-445B-BF0E-56DB90F3E8D0}.Debug|ARM.Build.0 = Debug|Any CPU
		{8692EA0D-868E-445B-BF0E-56DB90F3E8D0}.Debug|x64.ActiveCfg = Debug|Any CPU
		{8692EA0D-868E-445B-BF0E-56DB90F3E8D0}.Debug|x64.Build.0 = Debug|Any CPU
		{8692EA0D-868E-445B-BF0E-56DB90F3E8D0}.Debug|x86.ActiveCfg = Debug|Any CPU
		{8692EA0D-868E-445B-BF0E-56DB90F3E8D0}.Debug|x86.Build.0 = Debug|Any CPU
		{8692EA0D-868E-445B-BF0E-56DB90F3E8D0}.Release|Any CPU.ActiveCfg = Release|Any CPU
		{8692EA0D-868E-445B-BF0E-56DB90F3E8D0}.Release|Any CPU.Build.0 = Release|Any CPU
		{8692EA0D-868E-445B-BF0E-56DB90F3E8D0}.Release|ARM.ActiveCfg = Release|Any CPU
		{8692EA0D-868E-445B-BF0E-56DB90F3E8D0}.Release|ARM.Build.0 = Release|Any CPU
		{8692EA0D-868E-445B-BF0E-56DB90F3E8D0}.Release|x64.ActiveCfg = Release|Any CPU
		{8692EA0D-868E-445B-BF0E-56DB90F3E8D0}.Release|x64.Build.0 = Release|Any CPU
		{8692EA0D-868E-445B-BF0E-56DB90F3E8D0}.Release|x86.ActiveCfg = Release|Any CPU
		{8692EA0D-868E-445B-BF0E-56DB90F3E8D0}.Release|x86.Build.0 = Release|Any CPU
		{99EF9653-2691-4E06-8C01-20F8EFD26A83}.Debug|Any CPU.ActiveCfg = Debug|Any CPU
		{99EF9653-2691-4E06-8C01-20F8EFD26A83}.Debug|Any CPU.Build.0 = Debug|Any CPU
		{99EF9653-2691-4E06-8C01-20F8EFD26A83}.Debug|ARM.ActiveCfg = Debug|Any CPU
		{99EF9653-2691-4E06-8C01-20F8EFD26A83}.Debug|ARM.Build.0 = Debug|Any CPU
		{99EF9653-2691-4E06-8C01-20F8EFD26A83}.Debug|x64.ActiveCfg = Debug|Any CPU
		{99EF9653-2691-4E06-8C01-20F8EFD26A83}.Debug|x64.Build.0 = Debug|Any CPU
		{99EF9653-2691-4E06-8C01-20F8EFD26A83}.Debug|x86.ActiveCfg = Debug|Any CPU
		{99EF9653-2691-4E06-8C01-20F8EFD26A83}.Debug|x86.Build.0 = Debug|Any CPU
		{99EF9653-2691-4E06-8C01-20F8EFD26A83}.Release|Any CPU.ActiveCfg = Release|Any CPU
		{99EF9653-2691-4E06-8C01-20F8EFD26A83}.Release|Any CPU.Build.0 = Release|Any CPU
		{99EF9653-2691-4E06-8C01-20F8EFD26A83}.Release|ARM.ActiveCfg = Release|Any CPU
		{99EF9653-2691-4E06-8C01-20F8EFD26A83}.Release|ARM.Build.0 = Release|Any CPU
		{99EF9653-2691-4E06-8C01-20F8EFD26A83}.Release|x64.ActiveCfg = Release|Any CPU
		{99EF9653-2691-4E06-8C01-20F8EFD26A83}.Release|x64.Build.0 = Release|Any CPU
		{99EF9653-2691-4E06-8C01-20F8EFD26A83}.Release|x86.ActiveCfg = Release|Any CPU
		{99EF9653-2691-4E06-8C01-20F8EFD26A83}.Release|x86.Build.0 = Release|Any CPU
		{03C27063-FCF3-4EEF-8AD0-597D175E8A67}.Debug|Any CPU.ActiveCfg = Debug|Any CPU
		{03C27063-FCF3-4EEF-8AD0-597D175E8A67}.Debug|Any CPU.Build.0 = Debug|Any CPU
		{03C27063-FCF3-4EEF-8AD0-597D175E8A67}.Debug|ARM.ActiveCfg = Debug|Any CPU
		{03C27063-FCF3-4EEF-8AD0-597D175E8A67}.Debug|ARM.Build.0 = Debug|Any CPU
		{03C27063-FCF3-4EEF-8AD0-597D175E8A67}.Debug|x64.ActiveCfg = Debug|Any CPU
		{03C27063-FCF3-4EEF-8AD0-597D175E8A67}.Debug|x64.Build.0 = Debug|Any CPU
		{03C27063-FCF3-4EEF-8AD0-597D175E8A67}.Debug|x86.ActiveCfg = Debug|Any CPU
		{03C27063-FCF3-4EEF-8AD0-597D175E8A67}.Debug|x86.Build.0 = Debug|Any CPU
		{03C27063-FCF3-4EEF-8AD0-597D175E8A67}.Release|Any CPU.ActiveCfg = Release|Any CPU
		{03C27063-FCF3-4EEF-8AD0-597D175E8A67}.Release|Any CPU.Build.0 = Release|Any CPU
		{03C27063-FCF3-4EEF-8AD0-597D175E8A67}.Release|ARM.ActiveCfg = Release|Any CPU
		{03C27063-FCF3-4EEF-8AD0-597D175E8A67}.Release|ARM.Build.0 = Release|Any CPU
		{03C27063-FCF3-4EEF-8AD0-597D175E8A67}.Release|x64.ActiveCfg = Release|Any CPU
		{03C27063-FCF3-4EEF-8AD0-597D175E8A67}.Release|x64.Build.0 = Release|Any CPU
		{03C27063-FCF3-4EEF-8AD0-597D175E8A67}.Release|x86.ActiveCfg = Release|Any CPU
		{03C27063-FCF3-4EEF-8AD0-597D175E8A67}.Release|x86.Build.0 = Release|Any CPU
		{3326928C-F59A-48DD-B991-203CC8069ACB}.Debug|Any CPU.ActiveCfg = Debug|Any CPU
		{3326928C-F59A-48DD-B991-203CC8069ACB}.Debug|Any CPU.Build.0 = Debug|Any CPU
		{3326928C-F59A-48DD-B991-203CC8069ACB}.Debug|ARM.ActiveCfg = Debug|Any CPU
		{3326928C-F59A-48DD-B991-203CC8069ACB}.Debug|ARM.Build.0 = Debug|Any CPU
		{3326928C-F59A-48DD-B991-203CC8069ACB}.Debug|x64.ActiveCfg = Debug|Any CPU
		{3326928C-F59A-48DD-B991-203CC8069ACB}.Debug|x64.Build.0 = Debug|Any CPU
		{3326928C-F59A-48DD-B991-203CC8069ACB}.Debug|x86.ActiveCfg = Debug|Any CPU
		{3326928C-F59A-48DD-B991-203CC8069ACB}.Debug|x86.Build.0 = Debug|Any CPU
		{3326928C-F59A-48DD-B991-203CC8069ACB}.Release|Any CPU.ActiveCfg = Release|Any CPU
		{3326928C-F59A-48DD-B991-203CC8069ACB}.Release|Any CPU.Build.0 = Release|Any CPU
		{3326928C-F59A-48DD-B991-203CC8069ACB}.Release|ARM.ActiveCfg = Release|Any CPU
		{3326928C-F59A-48DD-B991-203CC8069ACB}.Release|ARM.Build.0 = Release|Any CPU
		{3326928C-F59A-48DD-B991-203CC8069ACB}.Release|x64.ActiveCfg = Release|Any CPU
		{3326928C-F59A-48DD-B991-203CC8069ACB}.Release|x64.Build.0 = Release|Any CPU
		{3326928C-F59A-48DD-B991-203CC8069ACB}.Release|x86.ActiveCfg = Release|Any CPU
		{3326928C-F59A-48DD-B991-203CC8069ACB}.Release|x86.Build.0 = Release|Any CPU
		{193DE199-5916-426C-A58C-05319FE4F5E0}.Debug|Any CPU.ActiveCfg = Debug|Any CPU
		{193DE199-5916-426C-A58C-05319FE4F5E0}.Debug|Any CPU.Build.0 = Debug|Any CPU
		{193DE199-5916-426C-A58C-05319FE4F5E0}.Debug|ARM.ActiveCfg = Debug|Any CPU
		{193DE199-5916-426C-A58C-05319FE4F5E0}.Debug|ARM.Build.0 = Debug|Any CPU
		{193DE199-5916-426C-A58C-05319FE4F5E0}.Debug|x64.ActiveCfg = Debug|Any CPU
		{193DE199-5916-426C-A58C-05319FE4F5E0}.Debug|x64.Build.0 = Debug|Any CPU
		{193DE199-5916-426C-A58C-05319FE4F5E0}.Debug|x86.ActiveCfg = Debug|Any CPU
		{193DE199-5916-426C-A58C-05319FE4F5E0}.Debug|x86.Build.0 = Debug|Any CPU
		{193DE199-5916-426C-A58C-05319FE4F5E0}.Release|Any CPU.ActiveCfg = Release|Any CPU
		{193DE199-5916-426C-A58C-05319FE4F5E0}.Release|Any CPU.Build.0 = Release|Any CPU
		{193DE199-5916-426C-A58C-05319FE4F5E0}.Release|ARM.ActiveCfg = Release|Any CPU
		{193DE199-5916-426C-A58C-05319FE4F5E0}.Release|ARM.Build.0 = Release|Any CPU
		{193DE199-5916-426C-A58C-05319FE4F5E0}.Release|x64.ActiveCfg = Release|Any CPU
		{193DE199-5916-426C-A58C-05319FE4F5E0}.Release|x64.Build.0 = Release|Any CPU
		{193DE199-5916-426C-A58C-05319FE4F5E0}.Release|x86.ActiveCfg = Release|Any CPU
		{193DE199-5916-426C-A58C-05319FE4F5E0}.Release|x86.Build.0 = Release|Any CPU
		{70770DEC-D0EE-4DCB-AC6C-C282C21D89C1}.Debug|Any CPU.ActiveCfg = Debug|Any CPU
		{70770DEC-D0EE-4DCB-AC6C-C282C21D89C1}.Debug|Any CPU.Build.0 = Debug|Any CPU
		{70770DEC-D0EE-4DCB-AC6C-C282C21D89C1}.Debug|ARM.ActiveCfg = Debug|Any CPU
		{70770DEC-D0EE-4DCB-AC6C-C282C21D89C1}.Debug|ARM.Build.0 = Debug|Any CPU
		{70770DEC-D0EE-4DCB-AC6C-C282C21D89C1}.Debug|x64.ActiveCfg = Debug|Any CPU
		{70770DEC-D0EE-4DCB-AC6C-C282C21D89C1}.Debug|x64.Build.0 = Debug|Any CPU
		{70770DEC-D0EE-4DCB-AC6C-C282C21D89C1}.Debug|x86.ActiveCfg = Debug|Any CPU
		{70770DEC-D0EE-4DCB-AC6C-C282C21D89C1}.Debug|x86.Build.0 = Debug|Any CPU
		{70770DEC-D0EE-4DCB-AC6C-C282C21D89C1}.Release|Any CPU.ActiveCfg = Release|Any CPU
		{70770DEC-D0EE-4DCB-AC6C-C282C21D89C1}.Release|Any CPU.Build.0 = Release|Any CPU
		{70770DEC-D0EE-4DCB-AC6C-C282C21D89C1}.Release|ARM.ActiveCfg = Release|Any CPU
		{70770DEC-D0EE-4DCB-AC6C-C282C21D89C1}.Release|ARM.Build.0 = Release|Any CPU
		{70770DEC-D0EE-4DCB-AC6C-C282C21D89C1}.Release|x64.ActiveCfg = Release|Any CPU
		{70770DEC-D0EE-4DCB-AC6C-C282C21D89C1}.Release|x64.Build.0 = Release|Any CPU
		{70770DEC-D0EE-4DCB-AC6C-C282C21D89C1}.Release|x86.ActiveCfg = Release|Any CPU
		{70770DEC-D0EE-4DCB-AC6C-C282C21D89C1}.Release|x86.Build.0 = Release|Any CPU
		{00D3BC8B-B1AC-4AB9-A3D6-AA6E67C55A73}.Debug|Any CPU.ActiveCfg = Debug|Any CPU
		{00D3BC8B-B1AC-4AB9-A3D6-AA6E67C55A73}.Debug|Any CPU.Build.0 = Debug|Any CPU
		{00D3BC8B-B1AC-4AB9-A3D6-AA6E67C55A73}.Debug|ARM.ActiveCfg = Debug|Any CPU
		{00D3BC8B-B1AC-4AB9-A3D6-AA6E67C55A73}.Debug|ARM.Build.0 = Debug|Any CPU
		{00D3BC8B-B1AC-4AB9-A3D6-AA6E67C55A73}.Debug|x64.ActiveCfg = Debug|Any CPU
		{00D3BC8B-B1AC-4AB9-A3D6-AA6E67C55A73}.Debug|x64.Build.0 = Debug|Any CPU
		{00D3BC8B-B1AC-4AB9-A3D6-AA6E67C55A73}.Debug|x86.ActiveCfg = Debug|Any CPU
		{00D3BC8B-B1AC-4AB9-A3D6-AA6E67C55A73}.Debug|x86.Build.0 = Debug|Any CPU
		{00D3BC8B-B1AC-4AB9-A3D6-AA6E67C55A73}.Release|Any CPU.ActiveCfg = Release|Any CPU
		{00D3BC8B-B1AC-4AB9-A3D6-AA6E67C55A73}.Release|Any CPU.Build.0 = Release|Any CPU
		{00D3BC8B-B1AC-4AB9-A3D6-AA6E67C55A73}.Release|ARM.ActiveCfg = Release|Any CPU
		{00D3BC8B-B1AC-4AB9-A3D6-AA6E67C55A73}.Release|ARM.Build.0 = Release|Any CPU
		{00D3BC8B-B1AC-4AB9-A3D6-AA6E67C55A73}.Release|x64.ActiveCfg = Release|Any CPU
		{00D3BC8B-B1AC-4AB9-A3D6-AA6E67C55A73}.Release|x64.Build.0 = Release|Any CPU
		{00D3BC8B-B1AC-4AB9-A3D6-AA6E67C55A73}.Release|x86.ActiveCfg = Release|Any CPU
		{00D3BC8B-B1AC-4AB9-A3D6-AA6E67C55A73}.Release|x86.Build.0 = Release|Any CPU
	EndGlobalSection
	GlobalSection(SolutionProperties) = preSolution
		HideSolutionNode = FALSE
	EndGlobalSection
	GlobalSection(NestedProjects) = preSolution
		{B99A94A6-B203-419E-8CFE-576DAF83E0B8} = {489A81F7-C8E1-4678-A970-B99ED3CD7060}
		{FDD4DFFA-5438-484D-8B38-892FA9364A16} = {489A81F7-C8E1-4678-A970-B99ED3CD7060}
		{8692EA0D-868E-445B-BF0E-56DB90F3E8D0} = {489A81F7-C8E1-4678-A970-B99ED3CD7060}
		{99EF9653-2691-4E06-8C01-20F8EFD26A83} = {489A81F7-C8E1-4678-A970-B99ED3CD7060}
		{03C27063-FCF3-4EEF-8AD0-597D175E8A67} = {489A81F7-C8E1-4678-A970-B99ED3CD7060}
		{3326928C-F59A-48DD-B991-203CC8069ACB} = {489A81F7-C8E1-4678-A970-B99ED3CD7060}
		{193DE199-5916-426C-A58C-05319FE4F5E0} = {49D16EFF-D35E-484A-A3B4-66B77F134D5A}
		{70770DEC-D0EE-4DCB-AC6C-C282C21D89C1} = {49D16EFF-D35E-484A-A3B4-66B77F134D5A}
		{00D3BC8B-B1AC-4AB9-A3D6-AA6E67C55A73} = {49D16EFF-D35E-484A-A3B4-66B77F134D5A}
	EndGlobalSection
	GlobalSection(ExtensibilityGlobals) = postSolution
		SolutionGuid = {9BE3E04C-DD1A-4AF1-9D34-DAB29DAD04DE}
	EndGlobalSection
EndGlobal
