
Microsoft Visual Studio Solution File, Format Version 12.00
# Visual Studio 2012
Project("{FAE04EC0-301F-11D3-BF4B-00C04F79EFBC}") = "Ch11Ex02", "Ch11Ex02\Ch11Ex02.csproj", "{063C4495-6540-4292-8D9D-B380B5B4CF76}"
EndProject
Global
	GlobalSection(SolutionConfigurationPlatforms) = preSolution
		Debug|Any CPU = Debug|Any CPU
		Release|Any CPU = Release|Any CPU
	EndGlobalSection
	GlobalSection(ProjectConfigurationPlatforms) = postSolution
		{063C4495-6540-4292-8D9D-B380B5B4CF76}.Debug|Any CPU.ActiveCfg = Debug|Any CPU
		{063C4495-6540-4292-8D9D-B380B5B4CF76}.Debug|Any CPU.Build.0 = Debug|Any CPU
		{063C4495-6540-4292-8D9D-B380B5B4CF76}.Release|Any CPU.ActiveCfg = Release|Any CPU
		{063C4495-6540-4292-8D9D-B380B5B4CF76}.Release|Any CPU.Build.0 = Release|Any CPU
	EndGlobalSection
	GlobalSection(SolutionProperties) = preSolution
		HideSolutionNode = FALSE
	EndGlobalSection
EndGlobal
