
Microsoft Visual Studio Solution File, Format Version 12.00
# Visual Studio 15
VisualStudioVersion = 15.0.27428.2027
MinimumVisualStudioVersion = 10.0.40219.1
Project("{FAE04EC0-301F-11D3-BF4B-00C04F79EFBC}") = "4", "leetcode_white\4.csproj", "{46E70055-B4FA-4918-84D0-1CD16D285CEF}"
EndProject
Project("{FAE04EC0-301F-11D3-BF4B-00C04F79EFBC}") = "11 Container with most water", "11\11 Container with most water.csproj", "{DE7AE68D-A479-414B-BFC6-8AB3479D70DD}"
EndProject
Project("{FAE04EC0-301F-11D3-BF4B-00C04F79EFBC}") = "11_Containers with搜索_两边向中间", "11_Containers with most water 动态规划\11_Containers with搜索_两边向中间.csproj", "{ABDC8EDD-6AAC-4A2A-8F07-8AF9A017D755}"
EndProject
Project("{FAE04EC0-301F-11D3-BF4B-00C04F79EFBC}") = "15 sum three number", "15 sum three number\15 sum three number.csproj", "{5CBE6127-454C-4DEE-B70A-18584B4BB44C}"
EndProject
Project("{FAE04EC0-301F-11D3-BF4B-00C04F79EFBC}") = "选择排序", "Shell排序CSharp\选择排序.csproj", "{A19E3133-27D1-41E1-8A34-D7F9B5D64046}"
EndProject
Project("{FAE04EC0-301F-11D3-BF4B-00C04F79EFBC}") = "CSharp中数组的传递", "CSharp中数组的传递\CSharp中数组的传递.csproj", "{045517DC-1A08-40BC-BCC8-4F1C5824EA68}"
EndProject
Project("{FAE04EC0-301F-11D3-BF4B-00C04F79EFBC}") = "CSharp随机数的生成", "CSharp随机数的生成\CSharp随机数的生成.csproj", "{20D1EE82-9FAB-44D4-BAEB-C1FEE0D79F67}"
EndProject
Project("{FAE04EC0-301F-11D3-BF4B-00C04F79EFBC}") = "插入排序", "插入排序DoNet\插入排序.csproj", "{7626117E-8C44-4DDF-A13F-990C284784F5}"
EndProject
Project("{FAE04EC0-301F-11D3-BF4B-00C04F79EFBC}") = "Shell排序", "Shell排序\Shell排序.csproj", "{21420931-DC47-4FD4-A562-546C9F199CAF}"
EndProject
Project("{FAE04EC0-301F-11D3-BF4B-00C04F79EFBC}") = "桶排序", "桶排序\桶排序.csproj", "{4CC5349B-3E8C-43BF-8503-77061E9D3B3D}"
EndProject
Project("{FAE04EC0-301F-11D3-BF4B-00C04F79EFBC}") = "二分查找法", "二分查找法\二分查找法.csproj", "{C438BAC4-04D1-43F4-920A-E1E4578A8A0F}"
EndProject
Project("{2150E333-8FDC-42A3-9474-1A3956D46DE8}") = "排序", "排序", "{786DF33B-7B84-4F02-A615-86AAD68099A6}"
EndProject
Project("{2150E333-8FDC-42A3-9474-1A3956D46DE8}") = "leetcode数组专项", "leetcode数组专项", "{B6D69265-EEF0-41E8-BA77-F9B2E6B4209A}"
EndProject
Project("{FAE04EC0-301F-11D3-BF4B-00C04F79EFBC}") = "TwoSum0412", "TwoSum0412\TwoSum0412.csproj", "{442396F9-4A5B-4A29-9EF3-743A6C55555A}"
EndProject
Project("{FAE04EC0-301F-11D3-BF4B-00C04F79EFBC}") = "tsts", "tsts\tsts.csproj", "{147F0518-9843-4E75-9DA6-0D8E84B8C4E9}"
EndProject
Global
	GlobalSection(SolutionConfigurationPlatforms) = preSolution
		Debug|Any CPU = Debug|Any CPU
		Debug|x64 = Debug|x64
		Debug|x86 = Debug|x86
		Release|Any CPU = Release|Any CPU
		Release|x64 = Release|x64
		Release|x86 = Release|x86
	EndGlobalSection
	GlobalSection(ProjectConfigurationPlatforms) = postSolution
		{46E70055-B4FA-4918-84D0-1CD16D285CEF}.Debug|Any CPU.ActiveCfg = Debug|Any CPU
		{46E70055-B4FA-4918-84D0-1CD16D285CEF}.Debug|Any CPU.Build.0 = Debug|Any CPU
		{46E70055-B4FA-4918-84D0-1CD16D285CEF}.Debug|x64.ActiveCfg = Debug|Any CPU
		{46E70055-B4FA-4918-84D0-1CD16D285CEF}.Debug|x64.Build.0 = Debug|Any CPU
		{46E70055-B4FA-4918-84D0-1CD16D285CEF}.Debug|x86.ActiveCfg = Debug|Any CPU
		{46E70055-B4FA-4918-84D0-1CD16D285CEF}.Debug|x86.Build.0 = Debug|Any CPU
		{46E70055-B4FA-4918-84D0-1CD16D285CEF}.Release|Any CPU.ActiveCfg = Release|Any CPU
		{46E70055-B4FA-4918-84D0-1CD16D285CEF}.Release|Any CPU.Build.0 = Release|Any CPU
		{46E70055-B4FA-4918-84D0-1CD16D285CEF}.Release|x64.ActiveCfg = Release|Any CPU
		{46E70055-B4FA-4918-84D0-1CD16D285CEF}.Release|x64.Build.0 = Release|Any CPU
		{46E70055-B4FA-4918-84D0-1CD16D285CEF}.Release|x86.ActiveCfg = Release|Any CPU
		{46E70055-B4FA-4918-84D0-1CD16D285CEF}.Release|x86.Build.0 = Release|Any CPU
		{DE7AE68D-A479-414B-BFC6-8AB3479D70DD}.Debug|Any CPU.ActiveCfg = Debug|Any CPU
		{DE7AE68D-A479-414B-BFC6-8AB3479D70DD}.Debug|Any CPU.Build.0 = Debug|Any CPU
		{DE7AE68D-A479-414B-BFC6-8AB3479D70DD}.Debug|x64.ActiveCfg = Debug|Any CPU
		{DE7AE68D-A479-414B-BFC6-8AB3479D70DD}.Debug|x64.Build.0 = Debug|Any CPU
		{DE7AE68D-A479-414B-BFC6-8AB3479D70DD}.Debug|x86.ActiveCfg = Debug|Any CPU
		{DE7AE68D-A479-414B-BFC6-8AB3479D70DD}.Debug|x86.Build.0 = Debug|Any CPU
		{DE7AE68D-A479-414B-BFC6-8AB3479D70DD}.Release|Any CPU.ActiveCfg = Release|Any CPU
		{DE7AE68D-A479-414B-BFC6-8AB3479D70DD}.Release|Any CPU.Build.0 = Release|Any CPU
		{DE7AE68D-A479-414B-BFC6-8AB3479D70DD}.Release|x64.ActiveCfg = Release|Any CPU
		{DE7AE68D-A479-414B-BFC6-8AB3479D70DD}.Release|x64.Build.0 = Release|Any CPU
		{DE7AE68D-A479-414B-BFC6-8AB3479D70DD}.Release|x86.ActiveCfg = Release|Any CPU
		{DE7AE68D-A479-414B-BFC6-8AB3479D70DD}.Release|x86.Build.0 = Release|Any CPU
		{ABDC8EDD-6AAC-4A2A-8F07-8AF9A017D755}.Debug|Any CPU.ActiveCfg = Debug|Any CPU
		{ABDC8EDD-6AAC-4A2A-8F07-8AF9A017D755}.Debug|Any CPU.Build.0 = Debug|Any CPU
		{ABDC8EDD-6AAC-4A2A-8F07-8AF9A017D755}.Debug|x64.ActiveCfg = Debug|Any CPU
		{ABDC8EDD-6AAC-4A2A-8F07-8AF9A017D755}.Debug|x64.Build.0 = Debug|Any CPU
		{ABDC8EDD-6AAC-4A2A-8F07-8AF9A017D755}.Debug|x86.ActiveCfg = Debug|Any CPU
		{ABDC8EDD-6AAC-4A2A-8F07-8AF9A017D755}.Debug|x86.Build.0 = Debug|Any CPU
		{ABDC8EDD-6AAC-4A2A-8F07-8AF9A017D755}.Release|Any CPU.ActiveCfg = Release|Any CPU
		{ABDC8EDD-6AAC-4A2A-8F07-8AF9A017D755}.Release|Any CPU.Build.0 = Release|Any CPU
		{ABDC8EDD-6AAC-4A2A-8F07-8AF9A017D755}.Release|x64.ActiveCfg = Release|Any CPU
		{ABDC8EDD-6AAC-4A2A-8F07-8AF9A017D755}.Release|x64.Build.0 = Release|Any CPU
		{ABDC8EDD-6AAC-4A2A-8F07-8AF9A017D755}.Release|x86.ActiveCfg = Release|Any CPU
		{ABDC8EDD-6AAC-4A2A-8F07-8AF9A017D755}.Release|x86.Build.0 = Release|Any CPU
		{5CBE6127-454C-4DEE-B70A-18584B4BB44C}.Debug|Any CPU.ActiveCfg = Debug|Any CPU
		{5CBE6127-454C-4DEE-B70A-18584B4BB44C}.Debug|Any CPU.Build.0 = Debug|Any CPU
		{5CBE6127-454C-4DEE-B70A-18584B4BB44C}.Debug|x64.ActiveCfg = Debug|Any CPU
		{5CBE6127-454C-4DEE-B70A-18584B4BB44C}.Debug|x64.Build.0 = Debug|Any CPU
		{5CBE6127-454C-4DEE-B70A-18584B4BB44C}.Debug|x86.ActiveCfg = Debug|Any CPU
		{5CBE6127-454C-4DEE-B70A-18584B4BB44C}.Debug|x86.Build.0 = Debug|Any CPU
		{5CBE6127-454C-4DEE-B70A-18584B4BB44C}.Release|Any CPU.ActiveCfg = Release|Any CPU
		{5CBE6127-454C-4DEE-B70A-18584B4BB44C}.Release|Any CPU.Build.0 = Release|Any CPU
		{5CBE6127-454C-4DEE-B70A-18584B4BB44C}.Release|x64.ActiveCfg = Release|Any CPU
		{5CBE6127-454C-4DEE-B70A-18584B4BB44C}.Release|x64.Build.0 = Release|Any CPU
		{5CBE6127-454C-4DEE-B70A-18584B4BB44C}.Release|x86.ActiveCfg = Release|Any CPU
		{5CBE6127-454C-4DEE-B70A-18584B4BB44C}.Release|x86.Build.0 = Release|Any CPU
		{A19E3133-27D1-41E1-8A34-D7F9B5D64046}.Debug|Any CPU.ActiveCfg = Debug|Any CPU
		{A19E3133-27D1-41E1-8A34-D7F9B5D64046}.Debug|Any CPU.Build.0 = Debug|Any CPU
		{A19E3133-27D1-41E1-8A34-D7F9B5D64046}.Debug|x64.ActiveCfg = Debug|Any CPU
		{A19E3133-27D1-41E1-8A34-D7F9B5D64046}.Debug|x64.Build.0 = Debug|Any CPU
		{A19E3133-27D1-41E1-8A34-D7F9B5D64046}.Debug|x86.ActiveCfg = Debug|Any CPU
		{A19E3133-27D1-41E1-8A34-D7F9B5D64046}.Debug|x86.Build.0 = Debug|Any CPU
		{A19E3133-27D1-41E1-8A34-D7F9B5D64046}.Release|Any CPU.ActiveCfg = Release|Any CPU
		{A19E3133-27D1-41E1-8A34-D7F9B5D64046}.Release|Any CPU.Build.0 = Release|Any CPU
		{A19E3133-27D1-41E1-8A34-D7F9B5D64046}.Release|x64.ActiveCfg = Release|Any CPU
		{A19E3133-27D1-41E1-8A34-D7F9B5D64046}.Release|x64.Build.0 = Release|Any CPU
		{A19E3133-27D1-41E1-8A34-D7F9B5D64046}.Release|x86.ActiveCfg = Release|Any CPU
		{A19E3133-27D1-41E1-8A34-D7F9B5D64046}.Release|x86.Build.0 = Release|Any CPU
		{045517DC-1A08-40BC-BCC8-4F1C5824EA68}.Debug|Any CPU.ActiveCfg = Debug|Any CPU
		{045517DC-1A08-40BC-BCC8-4F1C5824EA68}.Debug|Any CPU.Build.0 = Debug|Any CPU
		{045517DC-1A08-40BC-BCC8-4F1C5824EA68}.Debug|x64.ActiveCfg = Debug|Any CPU
		{045517DC-1A08-40BC-BCC8-4F1C5824EA68}.Debug|x64.Build.0 = Debug|Any CPU
		{045517DC-1A08-40BC-BCC8-4F1C5824EA68}.Debug|x86.ActiveCfg = Debug|Any CPU
		{045517DC-1A08-40BC-BCC8-4F1C5824EA68}.Debug|x86.Build.0 = Debug|Any CPU
		{045517DC-1A08-40BC-BCC8-4F1C5824EA68}.Release|Any CPU.ActiveCfg = Release|Any CPU
		{045517DC-1A08-40BC-BCC8-4F1C5824EA68}.Release|Any CPU.Build.0 = Release|Any CPU
		{045517DC-1A08-40BC-BCC8-4F1C5824EA68}.Release|x64.ActiveCfg = Release|Any CPU
		{045517DC-1A08-40BC-BCC8-4F1C5824EA68}.Release|x64.Build.0 = Release|Any CPU
		{045517DC-1A08-40BC-BCC8-4F1C5824EA68}.Release|x86.ActiveCfg = Release|Any CPU
		{045517DC-1A08-40BC-BCC8-4F1C5824EA68}.Release|x86.Build.0 = Release|Any CPU
		{20D1EE82-9FAB-44D4-BAEB-C1FEE0D79F67}.Debug|Any CPU.ActiveCfg = Debug|Any CPU
		{20D1EE82-9FAB-44D4-BAEB-C1FEE0D79F67}.Debug|Any CPU.Build.0 = Debug|Any CPU
		{20D1EE82-9FAB-44D4-BAEB-C1FEE0D79F67}.Debug|x64.ActiveCfg = Debug|Any CPU
		{20D1EE82-9FAB-44D4-BAEB-C1FEE0D79F67}.Debug|x64.Build.0 = Debug|Any CPU
		{20D1EE82-9FAB-44D4-BAEB-C1FEE0D79F67}.Debug|x86.ActiveCfg = Debug|Any CPU
		{20D1EE82-9FAB-44D4-BAEB-C1FEE0D79F67}.Debug|x86.Build.0 = Debug|Any CPU
		{20D1EE82-9FAB-44D4-BAEB-C1FEE0D79F67}.Release|Any CPU.ActiveCfg = Release|Any CPU
		{20D1EE82-9FAB-44D4-BAEB-C1FEE0D79F67}.Release|Any CPU.Build.0 = Release|Any CPU
		{20D1EE82-9FAB-44D4-BAEB-C1FEE0D79F67}.Release|x64.ActiveCfg = Release|Any CPU
		{20D1EE82-9FAB-44D4-BAEB-C1FEE0D79F67}.Release|x64.Build.0 = Release|Any CPU
		{20D1EE82-9FAB-44D4-BAEB-C1FEE0D79F67}.Release|x86.ActiveCfg = Release|Any CPU
		{20D1EE82-9FAB-44D4-BAEB-C1FEE0D79F67}.Release|x86.Build.0 = Release|Any CPU
		{7626117E-8C44-4DDF-A13F-990C284784F5}.Debug|Any CPU.ActiveCfg = Debug|Any CPU
		{7626117E-8C44-4DDF-A13F-990C284784F5}.Debug|Any CPU.Build.0 = Debug|Any CPU
		{7626117E-8C44-4DDF-A13F-990C284784F5}.Debug|x64.ActiveCfg = Debug|Any CPU
		{7626117E-8C44-4DDF-A13F-990C284784F5}.Debug|x64.Build.0 = Debug|Any CPU
		{7626117E-8C44-4DDF-A13F-990C284784F5}.Debug|x86.ActiveCfg = Debug|Any CPU
		{7626117E-8C44-4DDF-A13F-990C284784F5}.Debug|x86.Build.0 = Debug|Any CPU
		{7626117E-8C44-4DDF-A13F-990C284784F5}.Release|Any CPU.ActiveCfg = Release|Any CPU
		{7626117E-8C44-4DDF-A13F-990C284784F5}.Release|Any CPU.Build.0 = Release|Any CPU
		{7626117E-8C44-4DDF-A13F-990C284784F5}.Release|x64.ActiveCfg = Release|Any CPU
		{7626117E-8C44-4DDF-A13F-990C284784F5}.Release|x64.Build.0 = Release|Any CPU
		{7626117E-8C44-4DDF-A13F-990C284784F5}.Release|x86.ActiveCfg = Release|Any CPU
		{7626117E-8C44-4DDF-A13F-990C284784F5}.Release|x86.Build.0 = Release|Any CPU
		{21420931-DC47-4FD4-A562-546C9F199CAF}.Debug|Any CPU.ActiveCfg = Debug|Any CPU
		{21420931-DC47-4FD4-A562-546C9F199CAF}.Debug|Any CPU.Build.0 = Debug|Any CPU
		{21420931-DC47-4FD4-A562-546C9F199CAF}.Debug|x64.ActiveCfg = Debug|Any CPU
		{21420931-DC47-4FD4-A562-546C9F199CAF}.Debug|x64.Build.0 = Debug|Any CPU
		{21420931-DC47-4FD4-A562-546C9F199CAF}.Debug|x86.ActiveCfg = Debug|Any CPU
		{21420931-DC47-4FD4-A562-546C9F199CAF}.Debug|x86.Build.0 = Debug|Any CPU
		{21420931-DC47-4FD4-A562-546C9F199CAF}.Release|Any CPU.ActiveCfg = Release|Any CPU
		{21420931-DC47-4FD4-A562-546C9F199CAF}.Release|Any CPU.Build.0 = Release|Any CPU
		{21420931-DC47-4FD4-A562-546C9F199CAF}.Release|x64.ActiveCfg = Release|Any CPU
		{21420931-DC47-4FD4-A562-546C9F199CAF}.Release|x64.Build.0 = Release|Any CPU
		{21420931-DC47-4FD4-A562-546C9F199CAF}.Release|x86.ActiveCfg = Release|Any CPU
		{21420931-DC47-4FD4-A562-546C9F199CAF}.Release|x86.Build.0 = Release|Any CPU
		{4CC5349B-3E8C-43BF-8503-77061E9D3B3D}.Debug|Any CPU.ActiveCfg = Debug|Any CPU
		{4CC5349B-3E8C-43BF-8503-77061E9D3B3D}.Debug|Any CPU.Build.0 = Debug|Any CPU
		{4CC5349B-3E8C-43BF-8503-77061E9D3B3D}.Debug|x64.ActiveCfg = Debug|Any CPU
		{4CC5349B-3E8C-43BF-8503-77061E9D3B3D}.Debug|x64.Build.0 = Debug|Any CPU
		{4CC5349B-3E8C-43BF-8503-77061E9D3B3D}.Debug|x86.ActiveCfg = Debug|Any CPU
		{4CC5349B-3E8C-43BF-8503-77061E9D3B3D}.Debug|x86.Build.0 = Debug|Any CPU
		{4CC5349B-3E8C-43BF-8503-77061E9D3B3D}.Release|Any CPU.ActiveCfg = Release|Any CPU
		{4CC5349B-3E8C-43BF-8503-77061E9D3B3D}.Release|Any CPU.Build.0 = Release|Any CPU
		{4CC5349B-3E8C-43BF-8503-77061E9D3B3D}.Release|x64.ActiveCfg = Release|Any CPU
		{4CC5349B-3E8C-43BF-8503-77061E9D3B3D}.Release|x64.Build.0 = Release|Any CPU
		{4CC5349B-3E8C-43BF-8503-77061E9D3B3D}.Release|x86.ActiveCfg = Release|Any CPU
		{4CC5349B-3E8C-43BF-8503-77061E9D3B3D}.Release|x86.Build.0 = Release|Any CPU
		{C438BAC4-04D1-43F4-920A-E1E4578A8A0F}.Debug|Any CPU.ActiveCfg = Debug|Any CPU
		{C438BAC4-04D1-43F4-920A-E1E4578A8A0F}.Debug|Any CPU.Build.0 = Debug|Any CPU
		{C438BAC4-04D1-43F4-920A-E1E4578A8A0F}.Debug|x64.ActiveCfg = Debug|Any CPU
		{C438BAC4-04D1-43F4-920A-E1E4578A8A0F}.Debug|x64.Build.0 = Debug|Any CPU
		{C438BAC4-04D1-43F4-920A-E1E4578A8A0F}.Debug|x86.ActiveCfg = Debug|Any CPU
		{C438BAC4-04D1-43F4-920A-E1E4578A8A0F}.Debug|x86.Build.0 = Debug|Any CPU
		{C438BAC4-04D1-43F4-920A-E1E4578A8A0F}.Release|Any CPU.ActiveCfg = Release|Any CPU
		{C438BAC4-04D1-43F4-920A-E1E4578A8A0F}.Release|Any CPU.Build.0 = Release|Any CPU
		{C438BAC4-04D1-43F4-920A-E1E4578A8A0F}.Release|x64.ActiveCfg = Release|Any CPU
		{C438BAC4-04D1-43F4-920A-E1E4578A8A0F}.Release|x64.Build.0 = Release|Any CPU
		{C438BAC4-04D1-43F4-920A-E1E4578A8A0F}.Release|x86.ActiveCfg = Release|Any CPU
		{C438BAC4-04D1-43F4-920A-E1E4578A8A0F}.Release|x86.Build.0 = Release|Any CPU
		{442396F9-4A5B-4A29-9EF3-743A6C55555A}.Debug|Any CPU.ActiveCfg = Debug|Any CPU
		{442396F9-4A5B-4A29-9EF3-743A6C55555A}.Debug|Any CPU.Build.0 = Debug|Any CPU
		{442396F9-4A5B-4A29-9EF3-743A6C55555A}.Debug|x64.ActiveCfg = Debug|Any CPU
		{442396F9-4A5B-4A29-9EF3-743A6C55555A}.Debug|x64.Build.0 = Debug|Any CPU
		{442396F9-4A5B-4A29-9EF3-743A6C55555A}.Debug|x86.ActiveCfg = Debug|Any CPU
		{442396F9-4A5B-4A29-9EF3-743A6C55555A}.Debug|x86.Build.0 = Debug|Any CPU
		{442396F9-4A5B-4A29-9EF3-743A6C55555A}.Release|Any CPU.ActiveCfg = Release|Any CPU
		{442396F9-4A5B-4A29-9EF3-743A6C55555A}.Release|Any CPU.Build.0 = Release|Any CPU
		{442396F9-4A5B-4A29-9EF3-743A6C55555A}.Release|x64.ActiveCfg = Release|Any CPU
		{442396F9-4A5B-4A29-9EF3-743A6C55555A}.Release|x64.Build.0 = Release|Any CPU
		{442396F9-4A5B-4A29-9EF3-743A6C55555A}.Release|x86.ActiveCfg = Release|Any CPU
		{442396F9-4A5B-4A29-9EF3-743A6C55555A}.Release|x86.Build.0 = Release|Any CPU
		{147F0518-9843-4E75-9DA6-0D8E84B8C4E9}.Debug|Any CPU.ActiveCfg = Debug|Any CPU
		{147F0518-9843-4E75-9DA6-0D8E84B8C4E9}.Debug|Any CPU.Build.0 = Debug|Any CPU
		{147F0518-9843-4E75-9DA6-0D8E84B8C4E9}.Debug|x64.ActiveCfg = Debug|Any CPU
		{147F0518-9843-4E75-9DA6-0D8E84B8C4E9}.Debug|x64.Build.0 = Debug|Any CPU
		{147F0518-9843-4E75-9DA6-0D8E84B8C4E9}.Debug|x86.ActiveCfg = Debug|Any CPU
		{147F0518-9843-4E75-9DA6-0D8E84B8C4E9}.Debug|x86.Build.0 = Debug|Any CPU
		{147F0518-9843-4E75-9DA6-0D8E84B8C4E9}.Release|Any CPU.ActiveCfg = Release|Any CPU
		{147F0518-9843-4E75-9DA6-0D8E84B8C4E9}.Release|Any CPU.Build.0 = Release|Any CPU
		{147F0518-9843-4E75-9DA6-0D8E84B8C4E9}.Release|x64.ActiveCfg = Release|Any CPU
		{147F0518-9843-4E75-9DA6-0D8E84B8C4E9}.Release|x64.Build.0 = Release|Any CPU
		{147F0518-9843-4E75-9DA6-0D8E84B8C4E9}.Release|x86.ActiveCfg = Release|Any CPU
		{147F0518-9843-4E75-9DA6-0D8E84B8C4E9}.Release|x86.Build.0 = Release|Any CPU
	EndGlobalSection
	GlobalSection(SolutionProperties) = preSolution
		HideSolutionNode = FALSE
	EndGlobalSection
	GlobalSection(NestedProjects) = preSolution
		{46E70055-B4FA-4918-84D0-1CD16D285CEF} = {B6D69265-EEF0-41E8-BA77-F9B2E6B4209A}
		{DE7AE68D-A479-414B-BFC6-8AB3479D70DD} = {B6D69265-EEF0-41E8-BA77-F9B2E6B4209A}
		{ABDC8EDD-6AAC-4A2A-8F07-8AF9A017D755} = {B6D69265-EEF0-41E8-BA77-F9B2E6B4209A}
		{5CBE6127-454C-4DEE-B70A-18584B4BB44C} = {B6D69265-EEF0-41E8-BA77-F9B2E6B4209A}
		{A19E3133-27D1-41E1-8A34-D7F9B5D64046} = {786DF33B-7B84-4F02-A615-86AAD68099A6}
		{045517DC-1A08-40BC-BCC8-4F1C5824EA68} = {786DF33B-7B84-4F02-A615-86AAD68099A6}
		{20D1EE82-9FAB-44D4-BAEB-C1FEE0D79F67} = {786DF33B-7B84-4F02-A615-86AAD68099A6}
		{7626117E-8C44-4DDF-A13F-990C284784F5} = {786DF33B-7B84-4F02-A615-86AAD68099A6}
		{21420931-DC47-4FD4-A562-546C9F199CAF} = {786DF33B-7B84-4F02-A615-86AAD68099A6}
		{4CC5349B-3E8C-43BF-8503-77061E9D3B3D} = {786DF33B-7B84-4F02-A615-86AAD68099A6}
		{C438BAC4-04D1-43F4-920A-E1E4578A8A0F} = {786DF33B-7B84-4F02-A615-86AAD68099A6}
		{442396F9-4A5B-4A29-9EF3-743A6C55555A} = {B6D69265-EEF0-41E8-BA77-F9B2E6B4209A}
	EndGlobalSection
	GlobalSection(ExtensibilityGlobals) = postSolution
		SolutionGuid = {21B49BF3-CF3A-4A7F-846D-5320A447D55F}
	EndGlobalSection
EndGlobal
