
Microsoft Visual Studio Solution File, Format Version 12.00
# Visual Studio 15
VisualStudioVersion = 15.0.27428.2027
MinimumVisualStudioVersion = 10.0.40219.1
Project("{FAE04EC0-301F-11D3-BF4B-00C04F79EFBC}") = "4", "leetcode_white\4.csproj", "{46E70055-B4FA-4918-84D0-1CD16D285CEF}"
EndProject
Project("{FAE04EC0-301F-11D3-BF4B-00C04F79EFBC}") = "11 Container with most water", "11\11 Container with most water.csproj", "{DE7AE68D-A479-414B-BFC6-8AB3479D70DD}"
EndProject
Project("{FAE04EC0-301F-11D3-BF4B-00C04F79EFBC}") = "11_Containers with搜索_两边向中间", "11_Containers with most water 动态规划\11_Containers with搜索_两边向中间.csproj", "{ABDC8EDD-6AAC-4A2A-8F07-8AF9A017D755}"
EndProject
Project("{FAE04EC0-301F-11D3-BF4B-00C04F79EFBC}") = "15 sum three number", "15 sum three number\15 sum three number.csproj", "{5CBE6127-454C-4DEE-B70A-18584B4BB44C}"
EndProject
Project("{FAE04EC0-301F-11D3-BF4B-00C04F79EFBC}") = "选择排序", "Shell排序CSharp\选择排序.csproj", "{A19E3133-27D1-41E1-8A34-D7F9B5D64046}"
EndProject
Project("{FAE04EC0-301F-11D3-BF4B-00C04F79EFBC}") = "CSharp中数组的传递", "CSharp中数组的传递\CSharp中数组的传递.csproj", "{045517DC-1A08-40BC-BCC8-4F1C5824EA68}"
EndProject
Project("{FAE04EC0-301F-11D3-BF4B-00C04F79EFBC}") = "CSharp随机数的生成", "CSharp随机数的生成\CSharp随机数的生成.csproj", "{20D1EE82-9FAB-44D4-BAEB-C1FEE0D79F67}"
EndProject
Project("{FAE04EC0-301F-11D3-BF4B-00C04F79EFBC}") = "插入排序", "插入排序DoNet\插入排序.csproj", "{7626117E-8C44-4DDF-A13F-990C284784F5}"
EndProject
Project("{FAE04EC0-301F-11D3-BF4B-00C04F79EFBC}") = "Shell排序", "Shell排序\Shell排序.csproj", "{21420931-DC47-4FD4-A562-546C9F199CAF}"
EndProject
Project("{FAE04EC0-301F-11D3-BF4B-00C04F79EFBC}") = "桶排序", "桶排序\桶排序.csproj", "{4CC5349B-3E8C-43BF-8503-77061E9D3B3D}"
EndProject
Project("{FAE04EC0-301F-11D3-BF4B-00C04F79EFBC}") = "二分查找法", "二分查找法\二分查找法.csproj", "{C438BAC4-04D1-43F4-920A-E1E4578A8A0F}"
EndProject
Project("{2150E333-8FDC-42A3-9474-1A3956D46DE8}") = "排序", "排序", "{786DF33B-7B84-4F02-A615-86AAD68099A6}"
EndProject
Project("{2150E333-8FDC-42A3-9474-1A3956D46DE8}") = "leetcode数组专项", "leetcode数组专项", "{B6D69265-EEF0-41E8-BA77-F9B2E6B4209A}"
EndProject
Project("{FAE04EC0-301F-11D3-BF4B-00C04F79EFBC}") = "2 TwoSum0412", "TwoSum0412\2 TwoSum0412.csproj", "{442396F9-4A5B-4A29-9EF3-743A6C55555A}"
EndProject
Project("{FAE04EC0-301F-11D3-BF4B-00C04F79EFBC}") = "自定义集合Collections", "试制动物\自定义集合Collections.csproj", "{1ABDEBD3-4E05-4E8A-BB7E-8011C38482F4}"
EndProject
Project("{2150E333-8FDC-42A3-9474-1A3956D46DE8}") = "入门第六版", "入门第六版", "{903955A0-FD56-46DC-BEA5-D21B6CA5DAC8}"
EndProject
Project("{FAE04EC0-301F-11D3-BF4B-00C04F79EFBC}") = "Dictionary根据数值查询key", "Dictionary根据数值查询key\Dictionary根据数值查询key.csproj", "{DB3AFA3E-9BE4-425F-B44C-06D172CE457B}"
EndProject
Project("{2150E333-8FDC-42A3-9474-1A3956D46DE8}") = "Linq", "Linq", "{7DAE1DE2-671A-4760-AC24-155311D7CABB}"
EndProject
Project("{FAE04EC0-301F-11D3-BF4B-00C04F79EFBC}") = "Linq", "Linq\Linq.csproj", "{97CF9C3A-8C94-4CA4-898B-EEA2162F2609}"
EndProject
Project("{FAE04EC0-301F-11D3-BF4B-00C04F79EFBC}") = "匿名方式创建无名类类型", "匿名方式创建无名类类型\匿名方式创建无名类类型.csproj", "{FFB36C9C-3A0E-42B2-973E-3CB89034A258}"
EndProject
Project("{FAE04EC0-301F-11D3-BF4B-00C04F79EFBC}") = "return_IListIList", "return_IListIList\return_IListIList.csproj", "{B54B1826-AF04-4E46-9A39-B1B78CC86286}"
EndProject
Project("{FAE04EC0-301F-11D3-BF4B-00C04F79EFBC}") = "18 fourNumber", "18 fourNumber\18 fourNumber.csproj", "{A43EAE98-E248-4137-9E8D-B6C6B796F322}"
EndProject
Project("{2150E333-8FDC-42A3-9474-1A3956D46DE8}") = "二分查找", "二分查找", "{394D4F0B-13FE-4B14-A82F-A9A641D03B9A}"
EndProject
Project("{FAE04EC0-301F-11D3-BF4B-00C04F79EFBC}") = "29 不使用乘号，除号和取模符号将两数相除", "29 不使用乘号，除号和取模符号将两数相除\29 不使用乘号，除号和取模符号将两数相除.csproj", "{65F83E08-C0BA-4386-AAB3-0ACDD86D58C3}"
EndProject
Project("{FAE04EC0-301F-11D3-BF4B-00C04F79EFBC}") = "链表", "链表\链表.csproj", "{78A836FD-10CA-4C7C-9F81-B423E08D3271}"
EndProject
Project("{2150E333-8FDC-42A3-9474-1A3956D46DE8}") = "链表", "链表", "{CE99B297-6BDB-47FF-B729-A38928B35CE8}"
EndProject
Project("{FAE04EC0-301F-11D3-BF4B-00C04F79EFBC}") = "27 Remove Elements", "Remove Elements\27 Remove Elements.csproj", "{C84D8AB3-68F2-4E1B-98F1-C4D933FF8C40}"
EndProject
Project("{FAE04EC0-301F-11D3-BF4B-00C04F79EFBC}") = "26 删除排序数组的重复项", "26 删除排序数组的重复项\26 删除排序数组的重复项.csproj", "{4B93154D-3726-4600-842C-EC3686343B19}"
EndProject
Project("{FAE04EC0-301F-11D3-BF4B-00C04F79EFBC}") = "16 最接近的三个数的和", "16 最接近的三个数的和\16 最接近的三个数的和.csproj", "{C826EA16-2A4E-4F68-80F6-5FA3823D2A9C}"
EndProject
Project("{2150E333-8FDC-42A3-9474-1A3956D46DE8}") = "Permutations", "Permutations", "{833FE868-4A48-4FB7-A0EF-19A80883148B}"
EndProject
Project("{FAE04EC0-301F-11D3-BF4B-00C04F79EFBC}") = "46 全排列", "46 全排列\46 全排列.csproj", "{40CEC8D6-9F2D-421E-9E85-9B4B709024F2}"
EndProject
Project("{2150E333-8FDC-42A3-9474-1A3956D46DE8}") = "DFS", "DFS", "{2842EEC9-F7BB-4A6B-B77E-0EA22BC3585D}"
EndProject
Project("{2150E333-8FDC-42A3-9474-1A3956D46DE8}") = "贪心法", "贪心法", "{B94E9176-5287-4CC6-9789-3B7205A6282F}"
EndProject
Project("{FAE04EC0-301F-11D3-BF4B-00C04F79EFBC}") = "贪心入门", "贪心入门\贪心入门.csproj", "{080032B8-B316-45C2-B026-438A56AD7C9C}"
EndProject
Project("{FAE04EC0-301F-11D3-BF4B-00C04F79EFBC}") = "糖果满足孩子", "糖果满足孩子\糖果满足孩子.csproj", "{47141CBE-8EC8-40A8-BA37-F87DF136CBCC}"
EndProject
Project("{FAE04EC0-301F-11D3-BF4B-00C04F79EFBC}") = "摇摆序列", "摇摆序列\摇摆序列.csproj", "{B5248845-B5CA-4B0C-AE32-8315E1A54774}"
EndProject
Project("{FAE04EC0-301F-11D3-BF4B-00C04F79EFBC}") = "删除K个数字", "删除K个数字\删除K个数字.csproj", "{FDE974E5-632E-40DC-93E5-D95E7066A889}"
EndProject
Project("{FAE04EC0-301F-11D3-BF4B-00C04F79EFBC}") = "isPowerOfTwo", "isPowerOftWO\isPowerOfTwo.csproj", "{C2AFA15C-45E6-44A9-A23E-9F8132702425}"
EndProject
Project("{FAE04EC0-301F-11D3-BF4B-00C04F79EFBC}") = "25 Search Insert Position", "25 Search Insert Position\25 Search Insert Position.csproj", "{B93F1B7D-5449-4E6A-9505-9B6E88BB50A3}"
EndProject
Project("{FAE04EC0-301F-11D3-BF4B-00C04F79EFBC}") = "134 GasStation", "134 GasStation\134 GasStation.csproj", "{C3F0546C-3DF9-4A36-98FC-886A2FDCFA3F}"
EndProject
Project("{FAE04EC0-301F-11D3-BF4B-00C04F79EFBC}") = "135Candys", "135Candys\135Candys.csproj", "{81D39CAB-58FB-4D41-AD92-721D72A9B34E}"
EndProject
Project("{FAE04EC0-301F-11D3-BF4B-00C04F79EFBC}") = "54 Jump Game", "54 Jump Game\54 Jump Game.csproj", "{F0C4F103-1D58-471D-86BB-A303F770BE57}"
EndProject
Project("{FAE04EC0-301F-11D3-BF4B-00C04F79EFBC}") = "55 Jump Game", "55 Jump Game\55 Jump Game.csproj", "{344F6CC4-C567-401D-A192-C8468F7C23A3}"
EndProject
Project("{FAE04EC0-301F-11D3-BF4B-00C04F79EFBC}") = "45 Jump Game II", "56 Jump Game II\45 Jump Game II.csproj", "{B9469F82-761F-4E18-93B2-4D9217129053}"
EndProject
Project("{2150E333-8FDC-42A3-9474-1A3956D46DE8}") = "回溯法(暴力)(递归)", "回溯法(暴力)(递归)", "{34CAED4B-00F2-44B7-883D-40EFC882139E}"
EndProject
Project("{FAE04EC0-301F-11D3-BF4B-00C04F79EFBC}") = "78 SubSet", "78 SubSet\78 SubSet.csproj", "{6E1917F1-06C6-41F0-8E0D-F1425C393FCF}"
EndProject
Project("{FAE04EC0-301F-11D3-BF4B-00C04F79EFBC}") = "819 Most Common Word", "819 Most Common Word\819 Most Common Word.csproj", "{732804C8-0FFD-4626-A66B-931116E07699}"
EndProject
Project("{FAE04EC0-301F-11D3-BF4B-00C04F79EFBC}") = "78 SubSet 位运算", "78 SubSet 位运算\78 SubSet 位运算.csproj", "{730AB003-EE62-4E92-B04B-1E111C801833}"
EndProject
Project("{FAE04EC0-301F-11D3-BF4B-00C04F79EFBC}") = "90 SubSetII", "SubSetII\90 SubSetII.csproj", "{3171CDDF-B08C-4CC4-80B2-3CC06D2DE4E6}"
EndProject
Project("{2150E333-8FDC-42A3-9474-1A3956D46DE8}") = "Collections", "Collections", "{D97F5BD4-8208-4FC9-88F5-B815938311D6}"
EndProject
Project("{FAE04EC0-301F-11D3-BF4B-00C04F79EFBC}") = "HashSert", "HashSert\HashSert.csproj", "{5332A141-157A-450E-A5A1-6C40033F99BC}"
EndProject
Project("{FAE04EC0-301F-11D3-BF4B-00C04F79EFBC}") = "Largest two times larger than second", "Largest two times larger than second\Largest two times larger than second.csproj", "{DD3F3C8E-2AF3-45E3-AB11-8A12B4F4B5C8}"
EndProject
Project("{FAE04EC0-301F-11D3-BF4B-00C04F79EFBC}") = "Most Common words", "Most Common words\Most Common words.csproj", "{81481F47-A961-4EF2-8636-E9D9B43C9F31}"
EndProject
Project("{FAE04EC0-301F-11D3-BF4B-00C04F79EFBC}") = "入门经典1", "入门经典1\入门经典1.csproj", "{090B6FE1-EACA-48FA-BF25-22B65E2C8F20}"
EndProject
Project("{2150E333-8FDC-42A3-9474-1A3956D46DE8}") = "分治算法", "分治算法", "{7B2626D6-5324-47C8-AFD3-3E39EE86F4D5}"
EndProject
Project("{FAE04EC0-301F-11D3-BF4B-00C04F79EFBC}") = "N皇后", "N皇后\N皇后.csproj", "{2E11DBE4-66CB-48A4-84F9-08243A0EB313}"
EndProject
Project("{9A19103F-16F7-4668-BE54-9A1E7A4F7556}") = "N皇后2", "N皇后2\N皇后2.csproj", "{413D7BFF-0E7C-4B94-9276-9721F4805C11}"
EndProject
Project("{9A19103F-16F7-4668-BE54-9A1E7A4F7556}") = "N皇后_大佬作品", "N皇后_大佬作品\N皇后_大佬作品.csproj", "{3301D259-9F7C-4F2E-BEF3-FBF2EA2D7671}"
EndProject
Project("{9A19103F-16F7-4668-BE54-9A1E7A4F7556}") = "SameTree", "SameTree\SameTree.csproj", "{3875D2B7-3EC1-41E9-B621-4281D94A19DA}"
EndProject
Project("{2150E333-8FDC-42A3-9474-1A3956D46DE8}") = "BinaryTree", "BinaryTree", "{4690315E-93A0-47B4-8CB5-D36DACB8D563}"
EndProject
Project("{9A19103F-16F7-4668-BE54-9A1E7A4F7556}") = "根据任意数组创建二叉树", "根据任意数组创建二叉树\根据任意数组创建二叉树.csproj", "{ED8B6BF6-5D72-49FC-A891-EBEE755D2F82}"
EndProject
Project("{9A19103F-16F7-4668-BE54-9A1E7A4F7556}") = "创建二叉查找树", "创建二叉查找树\创建二叉查找树.csproj", "{88D91552-468A-4BCF-B5A0-7D502495232A}"
EndProject
Project("{9A19103F-16F7-4668-BE54-9A1E7A4F7556}") = "根据中序和后序遍历的结果创建二叉树", "根据中序和后序遍历的结果创建二叉树\根据中序和后序遍历的结果创建二叉树.csproj", "{9A2DCC9F-FABB-42D0-9AC2-9B84A80A6D1E}"
EndProject
Project("{9A19103F-16F7-4668-BE54-9A1E7A4F7556}") = "reGroupList", "reGroupList\reGroupList.csproj", "{FD703EC0-0148-4D2E-BEA2-28D0D83EBDE6}"
EndProject
Project("{FAE04EC0-301F-11D3-BF4B-00C04F79EFBC}") = "Goat Latin", "Goat Latin\Goat Latin.csproj", "{A97D345C-58AA-48E5-87F7-B380D0945250}"
EndProject
Project("{2150E333-8FDC-42A3-9474-1A3956D46DE8}") = "string", "string", "{68D6402E-576E-4E11-98F3-8185D4ECBB47}"
EndProject
Project("{FAE04EC0-301F-11D3-BF4B-00C04F79EFBC}") = "Non-Decreasing Array", "Non-Decreasing Array\Non-Decreasing Array.csproj", "{0D2925E7-3583-4223-8BCB-02EF0907B209}"
EndProject
Project("{FAE04EC0-301F-11D3-BF4B-00C04F79EFBC}") = "数组拆分", "数组拆分\数组拆分.csproj", "{CB7086A5-A0B6-4126-8BB7-27CF3355A1E6}"
EndProject
Project("{FAE04EC0-301F-11D3-BF4B-00C04F79EFBC}") = "598 Range Addition II", "598 Range Addition II\598 Range Addition II.csproj", "{1357A1EF-5E0B-42FC-B85D-B4D8A4AA0468}"
EndProject
Project("{2150E333-8FDC-42A3-9474-1A3956D46DE8}") = "matrix", "matrix", "{5AF681AF-61E6-4E7E-BFC5-2DD7A9A7BE23}"
EndProject
Project("{FAE04EC0-301F-11D3-BF4B-00C04F79EFBC}") = "599. Minimum Index Sum of Two Lists", "599. Minimum Index Sum of Two Lists\599. Minimum Index Sum of Two Lists.csproj", "{776F9348-D9AA-4820-9566-C6397C826ECA}"
EndProject
Project("{FAE04EC0-301F-11D3-BF4B-00C04F79EFBC}") = "565. Array Nesting", "565. Array Nesting\565. Array Nesting.csproj", "{F9B7C61F-4D26-46D9-A7E8-601AF2714FCD}"
EndProject
Project("{FAE04EC0-301F-11D3-BF4B-00C04F79EFBC}") = "825. Friends Of Appropriate Ages", "825. Friends Of Appropriate Ages\825. Friends Of Appropriate Ages.csproj", "{83611BD2-D791-49E6-80E2-FFDD03C41425}"
EndProject
Project("{FAE04EC0-301F-11D3-BF4B-00C04F79EFBC}") = "70. Climbing Stairs", "动态规划\70. Climbing Stairs.csproj", "{44E3BB32-8E1D-404F-AD02-52DEAE5315C2}"
EndProject
Project("{2150E333-8FDC-42A3-9474-1A3956D46DE8}") = "Dynamtic programming", "Dynamtic programming", "{2DB1E500-D643-4C3E-A11E-A7A0CD373A7F}"
EndProject
Project("{FAE04EC0-301F-11D3-BF4B-00C04F79EFBC}") = "213. House Robber II", "213. House Robber II\213. House Robber II.csproj", "{B11FF71F-1518-4919-AE61-7F1331C54216}"
EndProject
Project("{FAE04EC0-301F-11D3-BF4B-00C04F79EFBC}") = "DepthOfATree", "DepthOfATree\DepthOfATree.csproj", "{19CAAFE7-188B-4D56-82BA-FD197710F687}"
EndProject
Project("{2150E333-8FDC-42A3-9474-1A3956D46DE8}") = "SubString", "SubString", "{4E837100-A048-4DDB-84A8-C62B70A1A816}"
EndProject
Project("{FAE04EC0-301F-11D3-BF4B-00C04F79EFBC}") = "5. Longest Palindromic Substring", "5. Longest Palindromic Substring\5. Longest Palindromic Substring.csproj", "{D7E665DE-E528-4F74-B846-46FDEF1501C8}"
EndProject
Global
	GlobalSection(SolutionConfigurationPlatforms) = preSolution
		Debug|Any CPU = Debug|Any CPU
		Debug|x64 = Debug|x64
		Debug|x86 = Debug|x86
		Release|Any CPU = Release|Any CPU
		Release|x64 = Release|x64
		Release|x86 = Release|x86
	EndGlobalSection
	GlobalSection(ProjectConfigurationPlatforms) = postSolution
		{46E70055-B4FA-4918-84D0-1CD16D285CEF}.Debug|Any CPU.ActiveCfg = Debug|Any CPU
		{46E70055-B4FA-4918-84D0-1CD16D285CEF}.Debug|Any CPU.Build.0 = Debug|Any CPU
		{46E70055-B4FA-4918-84D0-1CD16D285CEF}.Debug|x64.ActiveCfg = Debug|Any CPU
		{46E70055-B4FA-4918-84D0-1CD16D285CEF}.Debug|x64.Build.0 = Debug|Any CPU
		{46E70055-B4FA-4918-84D0-1CD16D285CEF}.Debug|x86.ActiveCfg = Debug|Any CPU
		{46E70055-B4FA-4918-84D0-1CD16D285CEF}.Debug|x86.Build.0 = Debug|Any CPU
		{46E70055-B4FA-4918-84D0-1CD16D285CEF}.Release|Any CPU.ActiveCfg = Release|Any CPU
		{46E70055-B4FA-4918-84D0-1CD16D285CEF}.Release|Any CPU.Build.0 = Release|Any CPU
		{46E70055-B4FA-4918-84D0-1CD16D285CEF}.Release|x64.ActiveCfg = Release|Any CPU
		{46E70055-B4FA-4918-84D0-1CD16D285CEF}.Release|x64.Build.0 = Release|Any CPU
		{46E70055-B4FA-4918-84D0-1CD16D285CEF}.Release|x86.ActiveCfg = Release|Any CPU
		{46E70055-B4FA-4918-84D0-1CD16D285CEF}.Release|x86.Build.0 = Release|Any CPU
		{DE7AE68D-A479-414B-BFC6-8AB3479D70DD}.Debug|Any CPU.ActiveCfg = Debug|Any CPU
		{DE7AE68D-A479-414B-BFC6-8AB3479D70DD}.Debug|Any CPU.Build.0 = Debug|Any CPU
		{DE7AE68D-A479-414B-BFC6-8AB3479D70DD}.Debug|x64.ActiveCfg = Debug|Any CPU
		{DE7AE68D-A479-414B-BFC6-8AB3479D70DD}.Debug|x64.Build.0 = Debug|Any CPU
		{DE7AE68D-A479-414B-BFC6-8AB3479D70DD}.Debug|x86.ActiveCfg = Debug|Any CPU
		{DE7AE68D-A479-414B-BFC6-8AB3479D70DD}.Debug|x86.Build.0 = Debug|Any CPU
		{DE7AE68D-A479-414B-BFC6-8AB3479D70DD}.Release|Any CPU.ActiveCfg = Release|Any CPU
		{DE7AE68D-A479-414B-BFC6-8AB3479D70DD}.Release|Any CPU.Build.0 = Release|Any CPU
		{DE7AE68D-A479-414B-BFC6-8AB3479D70DD}.Release|x64.ActiveCfg = Release|Any CPU
		{DE7AE68D-A479-414B-BFC6-8AB3479D70DD}.Release|x64.Build.0 = Release|Any CPU
		{DE7AE68D-A479-414B-BFC6-8AB3479D70DD}.Release|x86.ActiveCfg = Release|Any CPU
		{DE7AE68D-A479-414B-BFC6-8AB3479D70DD}.Release|x86.Build.0 = Release|Any CPU
		{ABDC8EDD-6AAC-4A2A-8F07-8AF9A017D755}.Debug|Any CPU.ActiveCfg = Debug|Any CPU
		{ABDC8EDD-6AAC-4A2A-8F07-8AF9A017D755}.Debug|Any CPU.Build.0 = Debug|Any CPU
		{ABDC8EDD-6AAC-4A2A-8F07-8AF9A017D755}.Debug|x64.ActiveCfg = Debug|Any CPU
		{ABDC8EDD-6AAC-4A2A-8F07-8AF9A017D755}.Debug|x64.Build.0 = Debug|Any CPU
		{ABDC8EDD-6AAC-4A2A-8F07-8AF9A017D755}.Debug|x86.ActiveCfg = Debug|Any CPU
		{ABDC8EDD-6AAC-4A2A-8F07-8AF9A017D755}.Debug|x86.Build.0 = Debug|Any CPU
		{ABDC8EDD-6AAC-4A2A-8F07-8AF9A017D755}.Release|Any CPU.ActiveCfg = Release|Any CPU
		{ABDC8EDD-6AAC-4A2A-8F07-8AF9A017D755}.Release|Any CPU.Build.0 = Release|Any CPU
		{ABDC8EDD-6AAC-4A2A-8F07-8AF9A017D755}.Release|x64.ActiveCfg = Release|Any CPU
		{ABDC8EDD-6AAC-4A2A-8F07-8AF9A017D755}.Release|x64.Build.0 = Release|Any CPU
		{ABDC8EDD-6AAC-4A2A-8F07-8AF9A017D755}.Release|x86.ActiveCfg = Release|Any CPU
		{ABDC8EDD-6AAC-4A2A-8F07-8AF9A017D755}.Release|x86.Build.0 = Release|Any CPU
		{5CBE6127-454C-4DEE-B70A-18584B4BB44C}.Debug|Any CPU.ActiveCfg = Debug|Any CPU
		{5CBE6127-454C-4DEE-B70A-18584B4BB44C}.Debug|Any CPU.Build.0 = Debug|Any CPU
		{5CBE6127-454C-4DEE-B70A-18584B4BB44C}.Debug|x64.ActiveCfg = Debug|Any CPU
		{5CBE6127-454C-4DEE-B70A-18584B4BB44C}.Debug|x64.Build.0 = Debug|Any CPU
		{5CBE6127-454C-4DEE-B70A-18584B4BB44C}.Debug|x86.ActiveCfg = Debug|Any CPU
		{5CBE6127-454C-4DEE-B70A-18584B4BB44C}.Debug|x86.Build.0 = Debug|Any CPU
		{5CBE6127-454C-4DEE-B70A-18584B4BB44C}.Release|Any CPU.ActiveCfg = Release|Any CPU
		{5CBE6127-454C-4DEE-B70A-18584B4BB44C}.Release|Any CPU.Build.0 = Release|Any CPU
		{5CBE6127-454C-4DEE-B70A-18584B4BB44C}.Release|x64.ActiveCfg = Release|Any CPU
		{5CBE6127-454C-4DEE-B70A-18584B4BB44C}.Release|x64.Build.0 = Release|Any CPU
		{5CBE6127-454C-4DEE-B70A-18584B4BB44C}.Release|x86.ActiveCfg = Release|Any CPU
		{5CBE6127-454C-4DEE-B70A-18584B4BB44C}.Release|x86.Build.0 = Release|Any CPU
		{A19E3133-27D1-41E1-8A34-D7F9B5D64046}.Debug|Any CPU.ActiveCfg = Debug|Any CPU
		{A19E3133-27D1-41E1-8A34-D7F9B5D64046}.Debug|Any CPU.Build.0 = Debug|Any CPU
		{A19E3133-27D1-41E1-8A34-D7F9B5D64046}.Debug|x64.ActiveCfg = Debug|Any CPU
		{A19E3133-27D1-41E1-8A34-D7F9B5D64046}.Debug|x64.Build.0 = Debug|Any CPU
		{A19E3133-27D1-41E1-8A34-D7F9B5D64046}.Debug|x86.ActiveCfg = Debug|Any CPU
		{A19E3133-27D1-41E1-8A34-D7F9B5D64046}.Debug|x86.Build.0 = Debug|Any CPU
		{A19E3133-27D1-41E1-8A34-D7F9B5D64046}.Release|Any CPU.ActiveCfg = Release|Any CPU
		{A19E3133-27D1-41E1-8A34-D7F9B5D64046}.Release|Any CPU.Build.0 = Release|Any CPU
		{A19E3133-27D1-41E1-8A34-D7F9B5D64046}.Release|x64.ActiveCfg = Release|Any CPU
		{A19E3133-27D1-41E1-8A34-D7F9B5D64046}.Release|x64.Build.0 = Release|Any CPU
		{A19E3133-27D1-41E1-8A34-D7F9B5D64046}.Release|x86.ActiveCfg = Release|Any CPU
		{A19E3133-27D1-41E1-8A34-D7F9B5D64046}.Release|x86.Build.0 = Release|Any CPU
		{045517DC-1A08-40BC-BCC8-4F1C5824EA68}.Debug|Any CPU.ActiveCfg = Debug|Any CPU
		{045517DC-1A08-40BC-BCC8-4F1C5824EA68}.Debug|Any CPU.Build.0 = Debug|Any CPU
		{045517DC-1A08-40BC-BCC8-4F1C5824EA68}.Debug|x64.ActiveCfg = Debug|Any CPU
		{045517DC-1A08-40BC-BCC8-4F1C5824EA68}.Debug|x64.Build.0 = Debug|Any CPU
		{045517DC-1A08-40BC-BCC8-4F1C5824EA68}.Debug|x86.ActiveCfg = Debug|Any CPU
		{045517DC-1A08-40BC-BCC8-4F1C5824EA68}.Debug|x86.Build.0 = Debug|Any CPU
		{045517DC-1A08-40BC-BCC8-4F1C5824EA68}.Release|Any CPU.ActiveCfg = Release|Any CPU
		{045517DC-1A08-40BC-BCC8-4F1C5824EA68}.Release|Any CPU.Build.0 = Release|Any CPU
		{045517DC-1A08-40BC-BCC8-4F1C5824EA68}.Release|x64.ActiveCfg = Release|Any CPU
		{045517DC-1A08-40BC-BCC8-4F1C5824EA68}.Release|x64.Build.0 = Release|Any CPU
		{045517DC-1A08-40BC-BCC8-4F1C5824EA68}.Release|x86.ActiveCfg = Release|Any CPU
		{045517DC-1A08-40BC-BCC8-4F1C5824EA68}.Release|x86.Build.0 = Release|Any CPU
		{20D1EE82-9FAB-44D4-BAEB-C1FEE0D79F67}.Debug|Any CPU.ActiveCfg = Debug|Any CPU
		{20D1EE82-9FAB-44D4-BAEB-C1FEE0D79F67}.Debug|Any CPU.Build.0 = Debug|Any CPU
		{20D1EE82-9FAB-44D4-BAEB-C1FEE0D79F67}.Debug|x64.ActiveCfg = Debug|Any CPU
		{20D1EE82-9FAB-44D4-BAEB-C1FEE0D79F67}.Debug|x64.Build.0 = Debug|Any CPU
		{20D1EE82-9FAB-44D4-BAEB-C1FEE0D79F67}.Debug|x86.ActiveCfg = Debug|Any CPU
		{20D1EE82-9FAB-44D4-BAEB-C1FEE0D79F67}.Debug|x86.Build.0 = Debug|Any CPU
		{20D1EE82-9FAB-44D4-BAEB-C1FEE0D79F67}.Release|Any CPU.ActiveCfg = Release|Any CPU
		{20D1EE82-9FAB-44D4-BAEB-C1FEE0D79F67}.Release|Any CPU.Build.0 = Release|Any CPU
		{20D1EE82-9FAB-44D4-BAEB-C1FEE0D79F67}.Release|x64.ActiveCfg = Release|Any CPU
		{20D1EE82-9FAB-44D4-BAEB-C1FEE0D79F67}.Release|x64.Build.0 = Release|Any CPU
		{20D1EE82-9FAB-44D4-BAEB-C1FEE0D79F67}.Release|x86.ActiveCfg = Release|Any CPU
		{20D1EE82-9FAB-44D4-BAEB-C1FEE0D79F67}.Release|x86.Build.0 = Release|Any CPU
		{7626117E-8C44-4DDF-A13F-990C284784F5}.Debug|Any CPU.ActiveCfg = Debug|Any CPU
		{7626117E-8C44-4DDF-A13F-990C284784F5}.Debug|Any CPU.Build.0 = Debug|Any CPU
		{7626117E-8C44-4DDF-A13F-990C284784F5}.Debug|x64.ActiveCfg = Debug|Any CPU
		{7626117E-8C44-4DDF-A13F-990C284784F5}.Debug|x64.Build.0 = Debug|Any CPU
		{7626117E-8C44-4DDF-A13F-990C284784F5}.Debug|x86.ActiveCfg = Debug|Any CPU
		{7626117E-8C44-4DDF-A13F-990C284784F5}.Debug|x86.Build.0 = Debug|Any CPU
		{7626117E-8C44-4DDF-A13F-990C284784F5}.Release|Any CPU.ActiveCfg = Release|Any CPU
		{7626117E-8C44-4DDF-A13F-990C284784F5}.Release|Any CPU.Build.0 = Release|Any CPU
		{7626117E-8C44-4DDF-A13F-990C284784F5}.Release|x64.ActiveCfg = Release|Any CPU
		{7626117E-8C44-4DDF-A13F-990C284784F5}.Release|x64.Build.0 = Release|Any CPU
		{7626117E-8C44-4DDF-A13F-990C284784F5}.Release|x86.ActiveCfg = Release|Any CPU
		{7626117E-8C44-4DDF-A13F-990C284784F5}.Release|x86.Build.0 = Release|Any CPU
		{21420931-DC47-4FD4-A562-546C9F199CAF}.Debug|Any CPU.ActiveCfg = Debug|Any CPU
		{21420931-DC47-4FD4-A562-546C9F199CAF}.Debug|Any CPU.Build.0 = Debug|Any CPU
		{21420931-DC47-4FD4-A562-546C9F199CAF}.Debug|x64.ActiveCfg = Debug|Any CPU
		{21420931-DC47-4FD4-A562-546C9F199CAF}.Debug|x64.Build.0 = Debug|Any CPU
		{21420931-DC47-4FD4-A562-546C9F199CAF}.Debug|x86.ActiveCfg = Debug|Any CPU
		{21420931-DC47-4FD4-A562-546C9F199CAF}.Debug|x86.Build.0 = Debug|Any CPU
		{21420931-DC47-4FD4-A562-546C9F199CAF}.Release|Any CPU.ActiveCfg = Release|Any CPU
		{21420931-DC47-4FD4-A562-546C9F199CAF}.Release|Any CPU.Build.0 = Release|Any CPU
		{21420931-DC47-4FD4-A562-546C9F199CAF}.Release|x64.ActiveCfg = Release|Any CPU
		{21420931-DC47-4FD4-A562-546C9F199CAF}.Release|x64.Build.0 = Release|Any CPU
		{21420931-DC47-4FD4-A562-546C9F199CAF}.Release|x86.ActiveCfg = Release|Any CPU
		{21420931-DC47-4FD4-A562-546C9F199CAF}.Release|x86.Build.0 = Release|Any CPU
		{4CC5349B-3E8C-43BF-8503-77061E9D3B3D}.Debug|Any CPU.ActiveCfg = Debug|Any CPU
		{4CC5349B-3E8C-43BF-8503-77061E9D3B3D}.Debug|Any CPU.Build.0 = Debug|Any CPU
		{4CC5349B-3E8C-43BF-8503-77061E9D3B3D}.Debug|x64.ActiveCfg = Debug|Any CPU
		{4CC5349B-3E8C-43BF-8503-77061E9D3B3D}.Debug|x64.Build.0 = Debug|Any CPU
		{4CC5349B-3E8C-43BF-8503-77061E9D3B3D}.Debug|x86.ActiveCfg = Debug|Any CPU
		{4CC5349B-3E8C-43BF-8503-77061E9D3B3D}.Debug|x86.Build.0 = Debug|Any CPU
		{4CC5349B-3E8C-43BF-8503-77061E9D3B3D}.Release|Any CPU.ActiveCfg = Release|Any CPU
		{4CC5349B-3E8C-43BF-8503-77061E9D3B3D}.Release|Any CPU.Build.0 = Release|Any CPU
		{4CC5349B-3E8C-43BF-8503-77061E9D3B3D}.Release|x64.ActiveCfg = Release|Any CPU
		{4CC5349B-3E8C-43BF-8503-77061E9D3B3D}.Release|x64.Build.0 = Release|Any CPU
		{4CC5349B-3E8C-43BF-8503-77061E9D3B3D}.Release|x86.ActiveCfg = Release|Any CPU
		{4CC5349B-3E8C-43BF-8503-77061E9D3B3D}.Release|x86.Build.0 = Release|Any CPU
		{C438BAC4-04D1-43F4-920A-E1E4578A8A0F}.Debug|Any CPU.ActiveCfg = Debug|Any CPU
		{C438BAC4-04D1-43F4-920A-E1E4578A8A0F}.Debug|Any CPU.Build.0 = Debug|Any CPU
		{C438BAC4-04D1-43F4-920A-E1E4578A8A0F}.Debug|x64.ActiveCfg = Debug|Any CPU
		{C438BAC4-04D1-43F4-920A-E1E4578A8A0F}.Debug|x64.Build.0 = Debug|Any CPU
		{C438BAC4-04D1-43F4-920A-E1E4578A8A0F}.Debug|x86.ActiveCfg = Debug|Any CPU
		{C438BAC4-04D1-43F4-920A-E1E4578A8A0F}.Debug|x86.Build.0 = Debug|Any CPU
		{C438BAC4-04D1-43F4-920A-E1E4578A8A0F}.Release|Any CPU.ActiveCfg = Release|Any CPU
		{C438BAC4-04D1-43F4-920A-E1E4578A8A0F}.Release|Any CPU.Build.0 = Release|Any CPU
		{C438BAC4-04D1-43F4-920A-E1E4578A8A0F}.Release|x64.ActiveCfg = Release|Any CPU
		{C438BAC4-04D1-43F4-920A-E1E4578A8A0F}.Release|x64.Build.0 = Release|Any CPU
		{C438BAC4-04D1-43F4-920A-E1E4578A8A0F}.Release|x86.ActiveCfg = Release|Any CPU
		{C438BAC4-04D1-43F4-920A-E1E4578A8A0F}.Release|x86.Build.0 = Release|Any CPU
		{442396F9-4A5B-4A29-9EF3-743A6C55555A}.Debug|Any CPU.ActiveCfg = Debug|Any CPU
		{442396F9-4A5B-4A29-9EF3-743A6C55555A}.Debug|Any CPU.Build.0 = Debug|Any CPU
		{442396F9-4A5B-4A29-9EF3-743A6C55555A}.Debug|x64.ActiveCfg = Debug|Any CPU
		{442396F9-4A5B-4A29-9EF3-743A6C55555A}.Debug|x64.Build.0 = Debug|Any CPU
		{442396F9-4A5B-4A29-9EF3-743A6C55555A}.Debug|x86.ActiveCfg = Debug|Any CPU
		{442396F9-4A5B-4A29-9EF3-743A6C55555A}.Debug|x86.Build.0 = Debug|Any CPU
		{442396F9-4A5B-4A29-9EF3-743A6C55555A}.Release|Any CPU.ActiveCfg = Release|Any CPU
		{442396F9-4A5B-4A29-9EF3-743A6C55555A}.Release|Any CPU.Build.0 = Release|Any CPU
		{442396F9-4A5B-4A29-9EF3-743A6C55555A}.Release|x64.ActiveCfg = Release|Any CPU
		{442396F9-4A5B-4A29-9EF3-743A6C55555A}.Release|x64.Build.0 = Release|Any CPU
		{442396F9-4A5B-4A29-9EF3-743A6C55555A}.Release|x86.ActiveCfg = Release|Any CPU
		{442396F9-4A5B-4A29-9EF3-743A6C55555A}.Release|x86.Build.0 = Release|Any CPU
		{1ABDEBD3-4E05-4E8A-BB7E-8011C38482F4}.Debug|Any CPU.ActiveCfg = Debug|Any CPU
		{1ABDEBD3-4E05-4E8A-BB7E-8011C38482F4}.Debug|Any CPU.Build.0 = Debug|Any CPU
		{1ABDEBD3-4E05-4E8A-BB7E-8011C38482F4}.Debug|x64.ActiveCfg = Debug|Any CPU
		{1ABDEBD3-4E05-4E8A-BB7E-8011C38482F4}.Debug|x64.Build.0 = Debug|Any CPU
		{1ABDEBD3-4E05-4E8A-BB7E-8011C38482F4}.Debug|x86.ActiveCfg = Debug|Any CPU
		{1ABDEBD3-4E05-4E8A-BB7E-8011C38482F4}.Debug|x86.Build.0 = Debug|Any CPU
		{1ABDEBD3-4E05-4E8A-BB7E-8011C38482F4}.Release|Any CPU.ActiveCfg = Release|Any CPU
		{1ABDEBD3-4E05-4E8A-BB7E-8011C38482F4}.Release|Any CPU.Build.0 = Release|Any CPU
		{1ABDEBD3-4E05-4E8A-BB7E-8011C38482F4}.Release|x64.ActiveCfg = Release|Any CPU
		{1ABDEBD3-4E05-4E8A-BB7E-8011C38482F4}.Release|x64.Build.0 = Release|Any CPU
		{1ABDEBD3-4E05-4E8A-BB7E-8011C38482F4}.Release|x86.ActiveCfg = Release|Any CPU
		{1ABDEBD3-4E05-4E8A-BB7E-8011C38482F4}.Release|x86.Build.0 = Release|Any CPU
		{DB3AFA3E-9BE4-425F-B44C-06D172CE457B}.Debug|Any CPU.ActiveCfg = Debug|Any CPU
		{DB3AFA3E-9BE4-425F-B44C-06D172CE457B}.Debug|Any CPU.Build.0 = Debug|Any CPU
		{DB3AFA3E-9BE4-425F-B44C-06D172CE457B}.Debug|x64.ActiveCfg = Debug|Any CPU
		{DB3AFA3E-9BE4-425F-B44C-06D172CE457B}.Debug|x64.Build.0 = Debug|Any CPU
		{DB3AFA3E-9BE4-425F-B44C-06D172CE457B}.Debug|x86.ActiveCfg = Debug|Any CPU
		{DB3AFA3E-9BE4-425F-B44C-06D172CE457B}.Debug|x86.Build.0 = Debug|Any CPU
		{DB3AFA3E-9BE4-425F-B44C-06D172CE457B}.Release|Any CPU.ActiveCfg = Release|Any CPU
		{DB3AFA3E-9BE4-425F-B44C-06D172CE457B}.Release|Any CPU.Build.0 = Release|Any CPU
		{DB3AFA3E-9BE4-425F-B44C-06D172CE457B}.Release|x64.ActiveCfg = Release|Any CPU
		{DB3AFA3E-9BE4-425F-B44C-06D172CE457B}.Release|x64.Build.0 = Release|Any CPU
		{DB3AFA3E-9BE4-425F-B44C-06D172CE457B}.Release|x86.ActiveCfg = Release|Any CPU
		{DB3AFA3E-9BE4-425F-B44C-06D172CE457B}.Release|x86.Build.0 = Release|Any CPU
		{97CF9C3A-8C94-4CA4-898B-EEA2162F2609}.Debug|Any CPU.ActiveCfg = Debug|Any CPU
		{97CF9C3A-8C94-4CA4-898B-EEA2162F2609}.Debug|Any CPU.Build.0 = Debug|Any CPU
		{97CF9C3A-8C94-4CA4-898B-EEA2162F2609}.Debug|x64.ActiveCfg = Debug|Any CPU
		{97CF9C3A-8C94-4CA4-898B-EEA2162F2609}.Debug|x64.Build.0 = Debug|Any CPU
		{97CF9C3A-8C94-4CA4-898B-EEA2162F2609}.Debug|x86.ActiveCfg = Debug|Any CPU
		{97CF9C3A-8C94-4CA4-898B-EEA2162F2609}.Debug|x86.Build.0 = Debug|Any CPU
		{97CF9C3A-8C94-4CA4-898B-EEA2162F2609}.Release|Any CPU.ActiveCfg = Release|Any CPU
		{97CF9C3A-8C94-4CA4-898B-EEA2162F2609}.Release|Any CPU.Build.0 = Release|Any CPU
		{97CF9C3A-8C94-4CA4-898B-EEA2162F2609}.Release|x64.ActiveCfg = Release|Any CPU
		{97CF9C3A-8C94-4CA4-898B-EEA2162F2609}.Release|x64.Build.0 = Release|Any CPU
		{97CF9C3A-8C94-4CA4-898B-EEA2162F2609}.Release|x86.ActiveCfg = Release|Any CPU
		{97CF9C3A-8C94-4CA4-898B-EEA2162F2609}.Release|x86.Build.0 = Release|Any CPU
		{FFB36C9C-3A0E-42B2-973E-3CB89034A258}.Debug|Any CPU.ActiveCfg = Debug|Any CPU
		{FFB36C9C-3A0E-42B2-973E-3CB89034A258}.Debug|Any CPU.Build.0 = Debug|Any CPU
		{FFB36C9C-3A0E-42B2-973E-3CB89034A258}.Debug|x64.ActiveCfg = Debug|Any CPU
		{FFB36C9C-3A0E-42B2-973E-3CB89034A258}.Debug|x64.Build.0 = Debug|Any CPU
		{FFB36C9C-3A0E-42B2-973E-3CB89034A258}.Debug|x86.ActiveCfg = Debug|Any CPU
		{FFB36C9C-3A0E-42B2-973E-3CB89034A258}.Debug|x86.Build.0 = Debug|Any CPU
		{FFB36C9C-3A0E-42B2-973E-3CB89034A258}.Release|Any CPU.ActiveCfg = Release|Any CPU
		{FFB36C9C-3A0E-42B2-973E-3CB89034A258}.Release|Any CPU.Build.0 = Release|Any CPU
		{FFB36C9C-3A0E-42B2-973E-3CB89034A258}.Release|x64.ActiveCfg = Release|Any CPU
		{FFB36C9C-3A0E-42B2-973E-3CB89034A258}.Release|x64.Build.0 = Release|Any CPU
		{FFB36C9C-3A0E-42B2-973E-3CB89034A258}.Release|x86.ActiveCfg = Release|Any CPU
		{FFB36C9C-3A0E-42B2-973E-3CB89034A258}.Release|x86.Build.0 = Release|Any CPU
		{B54B1826-AF04-4E46-9A39-B1B78CC86286}.Debug|Any CPU.ActiveCfg = Debug|Any CPU
		{B54B1826-AF04-4E46-9A39-B1B78CC86286}.Debug|Any CPU.Build.0 = Debug|Any CPU
		{B54B1826-AF04-4E46-9A39-B1B78CC86286}.Debug|x64.ActiveCfg = Debug|Any CPU
		{B54B1826-AF04-4E46-9A39-B1B78CC86286}.Debug|x64.Build.0 = Debug|Any CPU
		{B54B1826-AF04-4E46-9A39-B1B78CC86286}.Debug|x86.ActiveCfg = Debug|Any CPU
		{B54B1826-AF04-4E46-9A39-B1B78CC86286}.Debug|x86.Build.0 = Debug|Any CPU
		{B54B1826-AF04-4E46-9A39-B1B78CC86286}.Release|Any CPU.ActiveCfg = Release|Any CPU
		{B54B1826-AF04-4E46-9A39-B1B78CC86286}.Release|Any CPU.Build.0 = Release|Any CPU
		{B54B1826-AF04-4E46-9A39-B1B78CC86286}.Release|x64.ActiveCfg = Release|Any CPU
		{B54B1826-AF04-4E46-9A39-B1B78CC86286}.Release|x64.Build.0 = Release|Any CPU
		{B54B1826-AF04-4E46-9A39-B1B78CC86286}.Release|x86.ActiveCfg = Release|Any CPU
		{B54B1826-AF04-4E46-9A39-B1B78CC86286}.Release|x86.Build.0 = Release|Any CPU
		{A43EAE98-E248-4137-9E8D-B6C6B796F322}.Debug|Any CPU.ActiveCfg = Debug|Any CPU
		{A43EAE98-E248-4137-9E8D-B6C6B796F322}.Debug|Any CPU.Build.0 = Debug|Any CPU
		{A43EAE98-E248-4137-9E8D-B6C6B796F322}.Debug|x64.ActiveCfg = Debug|Any CPU
		{A43EAE98-E248-4137-9E8D-B6C6B796F322}.Debug|x64.Build.0 = Debug|Any CPU
		{A43EAE98-E248-4137-9E8D-B6C6B796F322}.Debug|x86.ActiveCfg = Debug|Any CPU
		{A43EAE98-E248-4137-9E8D-B6C6B796F322}.Debug|x86.Build.0 = Debug|Any CPU
		{A43EAE98-E248-4137-9E8D-B6C6B796F322}.Release|Any CPU.ActiveCfg = Release|Any CPU
		{A43EAE98-E248-4137-9E8D-B6C6B796F322}.Release|Any CPU.Build.0 = Release|Any CPU
		{A43EAE98-E248-4137-9E8D-B6C6B796F322}.Release|x64.ActiveCfg = Release|Any CPU
		{A43EAE98-E248-4137-9E8D-B6C6B796F322}.Release|x64.Build.0 = Release|Any CPU
		{A43EAE98-E248-4137-9E8D-B6C6B796F322}.Release|x86.ActiveCfg = Release|Any CPU
		{A43EAE98-E248-4137-9E8D-B6C6B796F322}.Release|x86.Build.0 = Release|Any CPU
		{65F83E08-C0BA-4386-AAB3-0ACDD86D58C3}.Debug|Any CPU.ActiveCfg = Debug|Any CPU
		{65F83E08-C0BA-4386-AAB3-0ACDD86D58C3}.Debug|Any CPU.Build.0 = Debug|Any CPU
		{65F83E08-C0BA-4386-AAB3-0ACDD86D58C3}.Debug|x64.ActiveCfg = Debug|Any CPU
		{65F83E08-C0BA-4386-AAB3-0ACDD86D58C3}.Debug|x64.Build.0 = Debug|Any CPU
		{65F83E08-C0BA-4386-AAB3-0ACDD86D58C3}.Debug|x86.ActiveCfg = Debug|Any CPU
		{65F83E08-C0BA-4386-AAB3-0ACDD86D58C3}.Debug|x86.Build.0 = Debug|Any CPU
		{65F83E08-C0BA-4386-AAB3-0ACDD86D58C3}.Release|Any CPU.ActiveCfg = Release|Any CPU
		{65F83E08-C0BA-4386-AAB3-0ACDD86D58C3}.Release|Any CPU.Build.0 = Release|Any CPU
		{65F83E08-C0BA-4386-AAB3-0ACDD86D58C3}.Release|x64.ActiveCfg = Release|Any CPU
		{65F83E08-C0BA-4386-AAB3-0ACDD86D58C3}.Release|x64.Build.0 = Release|Any CPU
		{65F83E08-C0BA-4386-AAB3-0ACDD86D58C3}.Release|x86.ActiveCfg = Release|Any CPU
		{65F83E08-C0BA-4386-AAB3-0ACDD86D58C3}.Release|x86.Build.0 = Release|Any CPU
		{78A836FD-10CA-4C7C-9F81-B423E08D3271}.Debug|Any CPU.ActiveCfg = Debug|Any CPU
		{78A836FD-10CA-4C7C-9F81-B423E08D3271}.Debug|Any CPU.Build.0 = Debug|Any CPU
		{78A836FD-10CA-4C7C-9F81-B423E08D3271}.Debug|x64.ActiveCfg = Debug|Any CPU
		{78A836FD-10CA-4C7C-9F81-B423E08D3271}.Debug|x64.Build.0 = Debug|Any CPU
		{78A836FD-10CA-4C7C-9F81-B423E08D3271}.Debug|x86.ActiveCfg = Debug|Any CPU
		{78A836FD-10CA-4C7C-9F81-B423E08D3271}.Debug|x86.Build.0 = Debug|Any CPU
		{78A836FD-10CA-4C7C-9F81-B423E08D3271}.Release|Any CPU.ActiveCfg = Release|Any CPU
		{78A836FD-10CA-4C7C-9F81-B423E08D3271}.Release|Any CPU.Build.0 = Release|Any CPU
		{78A836FD-10CA-4C7C-9F81-B423E08D3271}.Release|x64.ActiveCfg = Release|Any CPU
		{78A836FD-10CA-4C7C-9F81-B423E08D3271}.Release|x64.Build.0 = Release|Any CPU
		{78A836FD-10CA-4C7C-9F81-B423E08D3271}.Release|x86.ActiveCfg = Release|Any CPU
		{78A836FD-10CA-4C7C-9F81-B423E08D3271}.Release|x86.Build.0 = Release|Any CPU
		{C84D8AB3-68F2-4E1B-98F1-C4D933FF8C40}.Debug|Any CPU.ActiveCfg = Debug|Any CPU
		{C84D8AB3-68F2-4E1B-98F1-C4D933FF8C40}.Debug|Any CPU.Build.0 = Debug|Any CPU
		{C84D8AB3-68F2-4E1B-98F1-C4D933FF8C40}.Debug|x64.ActiveCfg = Debug|Any CPU
		{C84D8AB3-68F2-4E1B-98F1-C4D933FF8C40}.Debug|x64.Build.0 = Debug|Any CPU
		{C84D8AB3-68F2-4E1B-98F1-C4D933FF8C40}.Debug|x86.ActiveCfg = Debug|Any CPU
		{C84D8AB3-68F2-4E1B-98F1-C4D933FF8C40}.Debug|x86.Build.0 = Debug|Any CPU
		{C84D8AB3-68F2-4E1B-98F1-C4D933FF8C40}.Release|Any CPU.ActiveCfg = Release|Any CPU
		{C84D8AB3-68F2-4E1B-98F1-C4D933FF8C40}.Release|Any CPU.Build.0 = Release|Any CPU
		{C84D8AB3-68F2-4E1B-98F1-C4D933FF8C40}.Release|x64.ActiveCfg = Release|Any CPU
		{C84D8AB3-68F2-4E1B-98F1-C4D933FF8C40}.Release|x64.Build.0 = Release|Any CPU
		{C84D8AB3-68F2-4E1B-98F1-C4D933FF8C40}.Release|x86.ActiveCfg = Release|Any CPU
		{C84D8AB3-68F2-4E1B-98F1-C4D933FF8C40}.Release|x86.Build.0 = Release|Any CPU
		{4B93154D-3726-4600-842C-EC3686343B19}.Debug|Any CPU.ActiveCfg = Debug|Any CPU
		{4B93154D-3726-4600-842C-EC3686343B19}.Debug|Any CPU.Build.0 = Debug|Any CPU
		{4B93154D-3726-4600-842C-EC3686343B19}.Debug|x64.ActiveCfg = Debug|Any CPU
		{4B93154D-3726-4600-842C-EC3686343B19}.Debug|x64.Build.0 = Debug|Any CPU
		{4B93154D-3726-4600-842C-EC3686343B19}.Debug|x86.ActiveCfg = Debug|Any CPU
		{4B93154D-3726-4600-842C-EC3686343B19}.Debug|x86.Build.0 = Debug|Any CPU
		{4B93154D-3726-4600-842C-EC3686343B19}.Release|Any CPU.ActiveCfg = Release|Any CPU
		{4B93154D-3726-4600-842C-EC3686343B19}.Release|Any CPU.Build.0 = Release|Any CPU
		{4B93154D-3726-4600-842C-EC3686343B19}.Release|x64.ActiveCfg = Release|Any CPU
		{4B93154D-3726-4600-842C-EC3686343B19}.Release|x64.Build.0 = Release|Any CPU
		{4B93154D-3726-4600-842C-EC3686343B19}.Release|x86.ActiveCfg = Release|Any CPU
		{4B93154D-3726-4600-842C-EC3686343B19}.Release|x86.Build.0 = Release|Any CPU
		{C826EA16-2A4E-4F68-80F6-5FA3823D2A9C}.Debug|Any CPU.ActiveCfg = Debug|Any CPU
		{C826EA16-2A4E-4F68-80F6-5FA3823D2A9C}.Debug|Any CPU.Build.0 = Debug|Any CPU
		{C826EA16-2A4E-4F68-80F6-5FA3823D2A9C}.Debug|x64.ActiveCfg = Debug|Any CPU
		{C826EA16-2A4E-4F68-80F6-5FA3823D2A9C}.Debug|x64.Build.0 = Debug|Any CPU
		{C826EA16-2A4E-4F68-80F6-5FA3823D2A9C}.Debug|x86.ActiveCfg = Debug|Any CPU
		{C826EA16-2A4E-4F68-80F6-5FA3823D2A9C}.Debug|x86.Build.0 = Debug|Any CPU
		{C826EA16-2A4E-4F68-80F6-5FA3823D2A9C}.Release|Any CPU.ActiveCfg = Release|Any CPU
		{C826EA16-2A4E-4F68-80F6-5FA3823D2A9C}.Release|Any CPU.Build.0 = Release|Any CPU
		{C826EA16-2A4E-4F68-80F6-5FA3823D2A9C}.Release|x64.ActiveCfg = Release|Any CPU
		{C826EA16-2A4E-4F68-80F6-5FA3823D2A9C}.Release|x64.Build.0 = Release|Any CPU
		{C826EA16-2A4E-4F68-80F6-5FA3823D2A9C}.Release|x86.ActiveCfg = Release|Any CPU
		{C826EA16-2A4E-4F68-80F6-5FA3823D2A9C}.Release|x86.Build.0 = Release|Any CPU
		{40CEC8D6-9F2D-421E-9E85-9B4B709024F2}.Debug|Any CPU.ActiveCfg = Debug|Any CPU
		{40CEC8D6-9F2D-421E-9E85-9B4B709024F2}.Debug|Any CPU.Build.0 = Debug|Any CPU
		{40CEC8D6-9F2D-421E-9E85-9B4B709024F2}.Debug|x64.ActiveCfg = Debug|Any CPU
		{40CEC8D6-9F2D-421E-9E85-9B4B709024F2}.Debug|x64.Build.0 = Debug|Any CPU
		{40CEC8D6-9F2D-421E-9E85-9B4B709024F2}.Debug|x86.ActiveCfg = Debug|Any CPU
		{40CEC8D6-9F2D-421E-9E85-9B4B709024F2}.Debug|x86.Build.0 = Debug|Any CPU
		{40CEC8D6-9F2D-421E-9E85-9B4B709024F2}.Release|Any CPU.ActiveCfg = Release|Any CPU
		{40CEC8D6-9F2D-421E-9E85-9B4B709024F2}.Release|Any CPU.Build.0 = Release|Any CPU
		{40CEC8D6-9F2D-421E-9E85-9B4B709024F2}.Release|x64.ActiveCfg = Release|Any CPU
		{40CEC8D6-9F2D-421E-9E85-9B4B709024F2}.Release|x64.Build.0 = Release|Any CPU
		{40CEC8D6-9F2D-421E-9E85-9B4B709024F2}.Release|x86.ActiveCfg = Release|Any CPU
		{40CEC8D6-9F2D-421E-9E85-9B4B709024F2}.Release|x86.Build.0 = Release|Any CPU
		{080032B8-B316-45C2-B026-438A56AD7C9C}.Debug|Any CPU.ActiveCfg = Debug|Any CPU
		{080032B8-B316-45C2-B026-438A56AD7C9C}.Debug|Any CPU.Build.0 = Debug|Any CPU
		{080032B8-B316-45C2-B026-438A56AD7C9C}.Debug|x64.ActiveCfg = Debug|Any CPU
		{080032B8-B316-45C2-B026-438A56AD7C9C}.Debug|x64.Build.0 = Debug|Any CPU
		{080032B8-B316-45C2-B026-438A56AD7C9C}.Debug|x86.ActiveCfg = Debug|Any CPU
		{080032B8-B316-45C2-B026-438A56AD7C9C}.Debug|x86.Build.0 = Debug|Any CPU
		{080032B8-B316-45C2-B026-438A56AD7C9C}.Release|Any CPU.ActiveCfg = Release|Any CPU
		{080032B8-B316-45C2-B026-438A56AD7C9C}.Release|Any CPU.Build.0 = Release|Any CPU
		{080032B8-B316-45C2-B026-438A56AD7C9C}.Release|x64.ActiveCfg = Release|Any CPU
		{080032B8-B316-45C2-B026-438A56AD7C9C}.Release|x64.Build.0 = Release|Any CPU
		{080032B8-B316-45C2-B026-438A56AD7C9C}.Release|x86.ActiveCfg = Release|Any CPU
		{080032B8-B316-45C2-B026-438A56AD7C9C}.Release|x86.Build.0 = Release|Any CPU
		{47141CBE-8EC8-40A8-BA37-F87DF136CBCC}.Debug|Any CPU.ActiveCfg = Debug|Any CPU
		{47141CBE-8EC8-40A8-BA37-F87DF136CBCC}.Debug|Any CPU.Build.0 = Debug|Any CPU
		{47141CBE-8EC8-40A8-BA37-F87DF136CBCC}.Debug|x64.ActiveCfg = Debug|Any CPU
		{47141CBE-8EC8-40A8-BA37-F87DF136CBCC}.Debug|x64.Build.0 = Debug|Any CPU
		{47141CBE-8EC8-40A8-BA37-F87DF136CBCC}.Debug|x86.ActiveCfg = Debug|Any CPU
		{47141CBE-8EC8-40A8-BA37-F87DF136CBCC}.Debug|x86.Build.0 = Debug|Any CPU
		{47141CBE-8EC8-40A8-BA37-F87DF136CBCC}.Release|Any CPU.ActiveCfg = Release|Any CPU
		{47141CBE-8EC8-40A8-BA37-F87DF136CBCC}.Release|Any CPU.Build.0 = Release|Any CPU
		{47141CBE-8EC8-40A8-BA37-F87DF136CBCC}.Release|x64.ActiveCfg = Release|Any CPU
		{47141CBE-8EC8-40A8-BA37-F87DF136CBCC}.Release|x64.Build.0 = Release|Any CPU
		{47141CBE-8EC8-40A8-BA37-F87DF136CBCC}.Release|x86.ActiveCfg = Release|Any CPU
		{47141CBE-8EC8-40A8-BA37-F87DF136CBCC}.Release|x86.Build.0 = Release|Any CPU
		{B5248845-B5CA-4B0C-AE32-8315E1A54774}.Debug|Any CPU.ActiveCfg = Debug|Any CPU
		{B5248845-B5CA-4B0C-AE32-8315E1A54774}.Debug|Any CPU.Build.0 = Debug|Any CPU
		{B5248845-B5CA-4B0C-AE32-8315E1A54774}.Debug|x64.ActiveCfg = Debug|Any CPU
		{B5248845-B5CA-4B0C-AE32-8315E1A54774}.Debug|x64.Build.0 = Debug|Any CPU
		{B5248845-B5CA-4B0C-AE32-8315E1A54774}.Debug|x86.ActiveCfg = Debug|Any CPU
		{B5248845-B5CA-4B0C-AE32-8315E1A54774}.Debug|x86.Build.0 = Debug|Any CPU
		{B5248845-B5CA-4B0C-AE32-8315E1A54774}.Release|Any CPU.ActiveCfg = Release|Any CPU
		{B5248845-B5CA-4B0C-AE32-8315E1A54774}.Release|Any CPU.Build.0 = Release|Any CPU
		{B5248845-B5CA-4B0C-AE32-8315E1A54774}.Release|x64.ActiveCfg = Release|Any CPU
		{B5248845-B5CA-4B0C-AE32-8315E1A54774}.Release|x64.Build.0 = Release|Any CPU
		{B5248845-B5CA-4B0C-AE32-8315E1A54774}.Release|x86.ActiveCfg = Release|Any CPU
		{B5248845-B5CA-4B0C-AE32-8315E1A54774}.Release|x86.Build.0 = Release|Any CPU
		{FDE974E5-632E-40DC-93E5-D95E7066A889}.Debug|Any CPU.ActiveCfg = Debug|Any CPU
		{FDE974E5-632E-40DC-93E5-D95E7066A889}.Debug|Any CPU.Build.0 = Debug|Any CPU
		{FDE974E5-632E-40DC-93E5-D95E7066A889}.Debug|x64.ActiveCfg = Debug|Any CPU
		{FDE974E5-632E-40DC-93E5-D95E7066A889}.Debug|x64.Build.0 = Debug|Any CPU
		{FDE974E5-632E-40DC-93E5-D95E7066A889}.Debug|x86.ActiveCfg = Debug|Any CPU
		{FDE974E5-632E-40DC-93E5-D95E7066A889}.Debug|x86.Build.0 = Debug|Any CPU
		{FDE974E5-632E-40DC-93E5-D95E7066A889}.Release|Any CPU.ActiveCfg = Release|Any CPU
		{FDE974E5-632E-40DC-93E5-D95E7066A889}.Release|Any CPU.Build.0 = Release|Any CPU
		{FDE974E5-632E-40DC-93E5-D95E7066A889}.Release|x64.ActiveCfg = Release|Any CPU
		{FDE974E5-632E-40DC-93E5-D95E7066A889}.Release|x64.Build.0 = Release|Any CPU
		{FDE974E5-632E-40DC-93E5-D95E7066A889}.Release|x86.ActiveCfg = Release|Any CPU
		{FDE974E5-632E-40DC-93E5-D95E7066A889}.Release|x86.Build.0 = Release|Any CPU
		{C2AFA15C-45E6-44A9-A23E-9F8132702425}.Debug|Any CPU.ActiveCfg = Debug|Any CPU
		{C2AFA15C-45E6-44A9-A23E-9F8132702425}.Debug|Any CPU.Build.0 = Debug|Any CPU
		{C2AFA15C-45E6-44A9-A23E-9F8132702425}.Debug|x64.ActiveCfg = Debug|Any CPU
		{C2AFA15C-45E6-44A9-A23E-9F8132702425}.Debug|x64.Build.0 = Debug|Any CPU
		{C2AFA15C-45E6-44A9-A23E-9F8132702425}.Debug|x86.ActiveCfg = Debug|Any CPU
		{C2AFA15C-45E6-44A9-A23E-9F8132702425}.Debug|x86.Build.0 = Debug|Any CPU
		{C2AFA15C-45E6-44A9-A23E-9F8132702425}.Release|Any CPU.ActiveCfg = Release|Any CPU
		{C2AFA15C-45E6-44A9-A23E-9F8132702425}.Release|Any CPU.Build.0 = Release|Any CPU
		{C2AFA15C-45E6-44A9-A23E-9F8132702425}.Release|x64.ActiveCfg = Release|Any CPU
		{C2AFA15C-45E6-44A9-A23E-9F8132702425}.Release|x64.Build.0 = Release|Any CPU
		{C2AFA15C-45E6-44A9-A23E-9F8132702425}.Release|x86.ActiveCfg = Release|Any CPU
		{C2AFA15C-45E6-44A9-A23E-9F8132702425}.Release|x86.Build.0 = Release|Any CPU
		{B93F1B7D-5449-4E6A-9505-9B6E88BB50A3}.Debug|Any CPU.ActiveCfg = Debug|Any CPU
		{B93F1B7D-5449-4E6A-9505-9B6E88BB50A3}.Debug|Any CPU.Build.0 = Debug|Any CPU
		{B93F1B7D-5449-4E6A-9505-9B6E88BB50A3}.Debug|x64.ActiveCfg = Debug|Any CPU
		{B93F1B7D-5449-4E6A-9505-9B6E88BB50A3}.Debug|x64.Build.0 = Debug|Any CPU
		{B93F1B7D-5449-4E6A-9505-9B6E88BB50A3}.Debug|x86.ActiveCfg = Debug|Any CPU
		{B93F1B7D-5449-4E6A-9505-9B6E88BB50A3}.Debug|x86.Build.0 = Debug|Any CPU
		{B93F1B7D-5449-4E6A-9505-9B6E88BB50A3}.Release|Any CPU.ActiveCfg = Release|Any CPU
		{B93F1B7D-5449-4E6A-9505-9B6E88BB50A3}.Release|Any CPU.Build.0 = Release|Any CPU
		{B93F1B7D-5449-4E6A-9505-9B6E88BB50A3}.Release|x64.ActiveCfg = Release|Any CPU
		{B93F1B7D-5449-4E6A-9505-9B6E88BB50A3}.Release|x64.Build.0 = Release|Any CPU
		{B93F1B7D-5449-4E6A-9505-9B6E88BB50A3}.Release|x86.ActiveCfg = Release|Any CPU
		{B93F1B7D-5449-4E6A-9505-9B6E88BB50A3}.Release|x86.Build.0 = Release|Any CPU
		{C3F0546C-3DF9-4A36-98FC-886A2FDCFA3F}.Debug|Any CPU.ActiveCfg = Debug|Any CPU
		{C3F0546C-3DF9-4A36-98FC-886A2FDCFA3F}.Debug|Any CPU.Build.0 = Debug|Any CPU
		{C3F0546C-3DF9-4A36-98FC-886A2FDCFA3F}.Debug|x64.ActiveCfg = Debug|Any CPU
		{C3F0546C-3DF9-4A36-98FC-886A2FDCFA3F}.Debug|x64.Build.0 = Debug|Any CPU
		{C3F0546C-3DF9-4A36-98FC-886A2FDCFA3F}.Debug|x86.ActiveCfg = Debug|Any CPU
		{C3F0546C-3DF9-4A36-98FC-886A2FDCFA3F}.Debug|x86.Build.0 = Debug|Any CPU
		{C3F0546C-3DF9-4A36-98FC-886A2FDCFA3F}.Release|Any CPU.ActiveCfg = Release|Any CPU
		{C3F0546C-3DF9-4A36-98FC-886A2FDCFA3F}.Release|Any CPU.Build.0 = Release|Any CPU
		{C3F0546C-3DF9-4A36-98FC-886A2FDCFA3F}.Release|x64.ActiveCfg = Release|Any CPU
		{C3F0546C-3DF9-4A36-98FC-886A2FDCFA3F}.Release|x64.Build.0 = Release|Any CPU
		{C3F0546C-3DF9-4A36-98FC-886A2FDCFA3F}.Release|x86.ActiveCfg = Release|Any CPU
		{C3F0546C-3DF9-4A36-98FC-886A2FDCFA3F}.Release|x86.Build.0 = Release|Any CPU
		{81D39CAB-58FB-4D41-AD92-721D72A9B34E}.Debug|Any CPU.ActiveCfg = Debug|Any CPU
		{81D39CAB-58FB-4D41-AD92-721D72A9B34E}.Debug|Any CPU.Build.0 = Debug|Any CPU
		{81D39CAB-58FB-4D41-AD92-721D72A9B34E}.Debug|x64.ActiveCfg = Debug|Any CPU
		{81D39CAB-58FB-4D41-AD92-721D72A9B34E}.Debug|x64.Build.0 = Debug|Any CPU
		{81D39CAB-58FB-4D41-AD92-721D72A9B34E}.Debug|x86.ActiveCfg = Debug|Any CPU
		{81D39CAB-58FB-4D41-AD92-721D72A9B34E}.Debug|x86.Build.0 = Debug|Any CPU
		{81D39CAB-58FB-4D41-AD92-721D72A9B34E}.Release|Any CPU.ActiveCfg = Release|Any CPU
		{81D39CAB-58FB-4D41-AD92-721D72A9B34E}.Release|Any CPU.Build.0 = Release|Any CPU
		{81D39CAB-58FB-4D41-AD92-721D72A9B34E}.Release|x64.ActiveCfg = Release|Any CPU
		{81D39CAB-58FB-4D41-AD92-721D72A9B34E}.Release|x64.Build.0 = Release|Any CPU
		{81D39CAB-58FB-4D41-AD92-721D72A9B34E}.Release|x86.ActiveCfg = Release|Any CPU
		{81D39CAB-58FB-4D41-AD92-721D72A9B34E}.Release|x86.Build.0 = Release|Any CPU
		{F0C4F103-1D58-471D-86BB-A303F770BE57}.Debug|Any CPU.ActiveCfg = Debug|Any CPU
		{F0C4F103-1D58-471D-86BB-A303F770BE57}.Debug|Any CPU.Build.0 = Debug|Any CPU
		{F0C4F103-1D58-471D-86BB-A303F770BE57}.Debug|x64.ActiveCfg = Debug|Any CPU
		{F0C4F103-1D58-471D-86BB-A303F770BE57}.Debug|x64.Build.0 = Debug|Any CPU
		{F0C4F103-1D58-471D-86BB-A303F770BE57}.Debug|x86.ActiveCfg = Debug|Any CPU
		{F0C4F103-1D58-471D-86BB-A303F770BE57}.Debug|x86.Build.0 = Debug|Any CPU
		{F0C4F103-1D58-471D-86BB-A303F770BE57}.Release|Any CPU.ActiveCfg = Release|Any CPU
		{F0C4F103-1D58-471D-86BB-A303F770BE57}.Release|Any CPU.Build.0 = Release|Any CPU
		{F0C4F103-1D58-471D-86BB-A303F770BE57}.Release|x64.ActiveCfg = Release|Any CPU
		{F0C4F103-1D58-471D-86BB-A303F770BE57}.Release|x64.Build.0 = Release|Any CPU
		{F0C4F103-1D58-471D-86BB-A303F770BE57}.Release|x86.ActiveCfg = Release|Any CPU
		{F0C4F103-1D58-471D-86BB-A303F770BE57}.Release|x86.Build.0 = Release|Any CPU
		{344F6CC4-C567-401D-A192-C8468F7C23A3}.Debug|Any CPU.ActiveCfg = Debug|Any CPU
		{344F6CC4-C567-401D-A192-C8468F7C23A3}.Debug|Any CPU.Build.0 = Debug|Any CPU
		{344F6CC4-C567-401D-A192-C8468F7C23A3}.Debug|x64.ActiveCfg = Debug|Any CPU
		{344F6CC4-C567-401D-A192-C8468F7C23A3}.Debug|x64.Build.0 = Debug|Any CPU
		{344F6CC4-C567-401D-A192-C8468F7C23A3}.Debug|x86.ActiveCfg = Debug|Any CPU
		{344F6CC4-C567-401D-A192-C8468F7C23A3}.Debug|x86.Build.0 = Debug|Any CPU
		{344F6CC4-C567-401D-A192-C8468F7C23A3}.Release|Any CPU.ActiveCfg = Release|Any CPU
		{344F6CC4-C567-401D-A192-C8468F7C23A3}.Release|Any CPU.Build.0 = Release|Any CPU
		{344F6CC4-C567-401D-A192-C8468F7C23A3}.Release|x64.ActiveCfg = Release|Any CPU
		{344F6CC4-C567-401D-A192-C8468F7C23A3}.Release|x64.Build.0 = Release|Any CPU
		{344F6CC4-C567-401D-A192-C8468F7C23A3}.Release|x86.ActiveCfg = Release|Any CPU
		{344F6CC4-C567-401D-A192-C8468F7C23A3}.Release|x86.Build.0 = Release|Any CPU
		{B9469F82-761F-4E18-93B2-4D9217129053}.Debug|Any CPU.ActiveCfg = Debug|Any CPU
		{B9469F82-761F-4E18-93B2-4D9217129053}.Debug|Any CPU.Build.0 = Debug|Any CPU
		{B9469F82-761F-4E18-93B2-4D9217129053}.Debug|x64.ActiveCfg = Debug|Any CPU
		{B9469F82-761F-4E18-93B2-4D9217129053}.Debug|x64.Build.0 = Debug|Any CPU
		{B9469F82-761F-4E18-93B2-4D9217129053}.Debug|x86.ActiveCfg = Debug|Any CPU
		{B9469F82-761F-4E18-93B2-4D9217129053}.Debug|x86.Build.0 = Debug|Any CPU
		{B9469F82-761F-4E18-93B2-4D9217129053}.Release|Any CPU.ActiveCfg = Release|Any CPU
		{B9469F82-761F-4E18-93B2-4D9217129053}.Release|Any CPU.Build.0 = Release|Any CPU
		{B9469F82-761F-4E18-93B2-4D9217129053}.Release|x64.ActiveCfg = Release|Any CPU
		{B9469F82-761F-4E18-93B2-4D9217129053}.Release|x64.Build.0 = Release|Any CPU
		{B9469F82-761F-4E18-93B2-4D9217129053}.Release|x86.ActiveCfg = Release|Any CPU
		{B9469F82-761F-4E18-93B2-4D9217129053}.Release|x86.Build.0 = Release|Any CPU
		{6E1917F1-06C6-41F0-8E0D-F1425C393FCF}.Debug|Any CPU.ActiveCfg = Debug|Any CPU
		{6E1917F1-06C6-41F0-8E0D-F1425C393FCF}.Debug|Any CPU.Build.0 = Debug|Any CPU
		{6E1917F1-06C6-41F0-8E0D-F1425C393FCF}.Debug|x64.ActiveCfg = Debug|Any CPU
		{6E1917F1-06C6-41F0-8E0D-F1425C393FCF}.Debug|x64.Build.0 = Debug|Any CPU
		{6E1917F1-06C6-41F0-8E0D-F1425C393FCF}.Debug|x86.ActiveCfg = Debug|Any CPU
		{6E1917F1-06C6-41F0-8E0D-F1425C393FCF}.Debug|x86.Build.0 = Debug|Any CPU
		{6E1917F1-06C6-41F0-8E0D-F1425C393FCF}.Release|Any CPU.ActiveCfg = Release|Any CPU
		{6E1917F1-06C6-41F0-8E0D-F1425C393FCF}.Release|Any CPU.Build.0 = Release|Any CPU
		{6E1917F1-06C6-41F0-8E0D-F1425C393FCF}.Release|x64.ActiveCfg = Release|Any CPU
		{6E1917F1-06C6-41F0-8E0D-F1425C393FCF}.Release|x64.Build.0 = Release|Any CPU
		{6E1917F1-06C6-41F0-8E0D-F1425C393FCF}.Release|x86.ActiveCfg = Release|Any CPU
		{6E1917F1-06C6-41F0-8E0D-F1425C393FCF}.Release|x86.Build.0 = Release|Any CPU
		{732804C8-0FFD-4626-A66B-931116E07699}.Debug|Any CPU.ActiveCfg = Debug|Any CPU
		{732804C8-0FFD-4626-A66B-931116E07699}.Debug|Any CPU.Build.0 = Debug|Any CPU
		{732804C8-0FFD-4626-A66B-931116E07699}.Debug|x64.ActiveCfg = Debug|Any CPU
		{732804C8-0FFD-4626-A66B-931116E07699}.Debug|x64.Build.0 = Debug|Any CPU
		{732804C8-0FFD-4626-A66B-931116E07699}.Debug|x86.ActiveCfg = Debug|Any CPU
		{732804C8-0FFD-4626-A66B-931116E07699}.Debug|x86.Build.0 = Debug|Any CPU
		{732804C8-0FFD-4626-A66B-931116E07699}.Release|Any CPU.ActiveCfg = Release|Any CPU
		{732804C8-0FFD-4626-A66B-931116E07699}.Release|Any CPU.Build.0 = Release|Any CPU
		{732804C8-0FFD-4626-A66B-931116E07699}.Release|x64.ActiveCfg = Release|Any CPU
		{732804C8-0FFD-4626-A66B-931116E07699}.Release|x64.Build.0 = Release|Any CPU
		{732804C8-0FFD-4626-A66B-931116E07699}.Release|x86.ActiveCfg = Release|Any CPU
		{732804C8-0FFD-4626-A66B-931116E07699}.Release|x86.Build.0 = Release|Any CPU
		{730AB003-EE62-4E92-B04B-1E111C801833}.Debug|Any CPU.ActiveCfg = Debug|Any CPU
		{730AB003-EE62-4E92-B04B-1E111C801833}.Debug|Any CPU.Build.0 = Debug|Any CPU
		{730AB003-EE62-4E92-B04B-1E111C801833}.Debug|x64.ActiveCfg = Debug|Any CPU
		{730AB003-EE62-4E92-B04B-1E111C801833}.Debug|x64.Build.0 = Debug|Any CPU
		{730AB003-EE62-4E92-B04B-1E111C801833}.Debug|x86.ActiveCfg = Debug|Any CPU
		{730AB003-EE62-4E92-B04B-1E111C801833}.Debug|x86.Build.0 = Debug|Any CPU
		{730AB003-EE62-4E92-B04B-1E111C801833}.Release|Any CPU.ActiveCfg = Release|Any CPU
		{730AB003-EE62-4E92-B04B-1E111C801833}.Release|Any CPU.Build.0 = Release|Any CPU
		{730AB003-EE62-4E92-B04B-1E111C801833}.Release|x64.ActiveCfg = Release|Any CPU
		{730AB003-EE62-4E92-B04B-1E111C801833}.Release|x64.Build.0 = Release|Any CPU
		{730AB003-EE62-4E92-B04B-1E111C801833}.Release|x86.ActiveCfg = Release|Any CPU
		{730AB003-EE62-4E92-B04B-1E111C801833}.Release|x86.Build.0 = Release|Any CPU
		{3171CDDF-B08C-4CC4-80B2-3CC06D2DE4E6}.Debug|Any CPU.ActiveCfg = Debug|Any CPU
		{3171CDDF-B08C-4CC4-80B2-3CC06D2DE4E6}.Debug|Any CPU.Build.0 = Debug|Any CPU
		{3171CDDF-B08C-4CC4-80B2-3CC06D2DE4E6}.Debug|x64.ActiveCfg = Debug|Any CPU
		{3171CDDF-B08C-4CC4-80B2-3CC06D2DE4E6}.Debug|x64.Build.0 = Debug|Any CPU
		{3171CDDF-B08C-4CC4-80B2-3CC06D2DE4E6}.Debug|x86.ActiveCfg = Debug|Any CPU
		{3171CDDF-B08C-4CC4-80B2-3CC06D2DE4E6}.Debug|x86.Build.0 = Debug|Any CPU
		{3171CDDF-B08C-4CC4-80B2-3CC06D2DE4E6}.Release|Any CPU.ActiveCfg = Release|Any CPU
		{3171CDDF-B08C-4CC4-80B2-3CC06D2DE4E6}.Release|Any CPU.Build.0 = Release|Any CPU
		{3171CDDF-B08C-4CC4-80B2-3CC06D2DE4E6}.Release|x64.ActiveCfg = Release|Any CPU
		{3171CDDF-B08C-4CC4-80B2-3CC06D2DE4E6}.Release|x64.Build.0 = Release|Any CPU
		{3171CDDF-B08C-4CC4-80B2-3CC06D2DE4E6}.Release|x86.ActiveCfg = Release|Any CPU
		{3171CDDF-B08C-4CC4-80B2-3CC06D2DE4E6}.Release|x86.Build.0 = Release|Any CPU
		{5332A141-157A-450E-A5A1-6C40033F99BC}.Debug|Any CPU.ActiveCfg = Debug|Any CPU
		{5332A141-157A-450E-A5A1-6C40033F99BC}.Debug|Any CPU.Build.0 = Debug|Any CPU
		{5332A141-157A-450E-A5A1-6C40033F99BC}.Debug|x64.ActiveCfg = Debug|Any CPU
		{5332A141-157A-450E-A5A1-6C40033F99BC}.Debug|x64.Build.0 = Debug|Any CPU
		{5332A141-157A-450E-A5A1-6C40033F99BC}.Debug|x86.ActiveCfg = Debug|Any CPU
		{5332A141-157A-450E-A5A1-6C40033F99BC}.Debug|x86.Build.0 = Debug|Any CPU
		{5332A141-157A-450E-A5A1-6C40033F99BC}.Release|Any CPU.ActiveCfg = Release|Any CPU
		{5332A141-157A-450E-A5A1-6C40033F99BC}.Release|Any CPU.Build.0 = Release|Any CPU
		{5332A141-157A-450E-A5A1-6C40033F99BC}.Release|x64.ActiveCfg = Release|Any CPU
		{5332A141-157A-450E-A5A1-6C40033F99BC}.Release|x64.Build.0 = Release|Any CPU
		{5332A141-157A-450E-A5A1-6C40033F99BC}.Release|x86.ActiveCfg = Release|Any CPU
		{5332A141-157A-450E-A5A1-6C40033F99BC}.Release|x86.Build.0 = Release|Any CPU
		{DD3F3C8E-2AF3-45E3-AB11-8A12B4F4B5C8}.Debug|Any CPU.ActiveCfg = Debug|Any CPU
		{DD3F3C8E-2AF3-45E3-AB11-8A12B4F4B5C8}.Debug|Any CPU.Build.0 = Debug|Any CPU
		{DD3F3C8E-2AF3-45E3-AB11-8A12B4F4B5C8}.Debug|x64.ActiveCfg = Debug|Any CPU
		{DD3F3C8E-2AF3-45E3-AB11-8A12B4F4B5C8}.Debug|x64.Build.0 = Debug|Any CPU
		{DD3F3C8E-2AF3-45E3-AB11-8A12B4F4B5C8}.Debug|x86.ActiveCfg = Debug|Any CPU
		{DD3F3C8E-2AF3-45E3-AB11-8A12B4F4B5C8}.Debug|x86.Build.0 = Debug|Any CPU
		{DD3F3C8E-2AF3-45E3-AB11-8A12B4F4B5C8}.Release|Any CPU.ActiveCfg = Release|Any CPU
		{DD3F3C8E-2AF3-45E3-AB11-8A12B4F4B5C8}.Release|Any CPU.Build.0 = Release|Any CPU
		{DD3F3C8E-2AF3-45E3-AB11-8A12B4F4B5C8}.Release|x64.ActiveCfg = Release|Any CPU
		{DD3F3C8E-2AF3-45E3-AB11-8A12B4F4B5C8}.Release|x64.Build.0 = Release|Any CPU
		{DD3F3C8E-2AF3-45E3-AB11-8A12B4F4B5C8}.Release|x86.ActiveCfg = Release|Any CPU
		{DD3F3C8E-2AF3-45E3-AB11-8A12B4F4B5C8}.Release|x86.Build.0 = Release|Any CPU
		{81481F47-A961-4EF2-8636-E9D9B43C9F31}.Debug|Any CPU.ActiveCfg = Debug|Any CPU
		{81481F47-A961-4EF2-8636-E9D9B43C9F31}.Debug|Any CPU.Build.0 = Debug|Any CPU
		{81481F47-A961-4EF2-8636-E9D9B43C9F31}.Debug|x64.ActiveCfg = Debug|Any CPU
		{81481F47-A961-4EF2-8636-E9D9B43C9F31}.Debug|x64.Build.0 = Debug|Any CPU
		{81481F47-A961-4EF2-8636-E9D9B43C9F31}.Debug|x86.ActiveCfg = Debug|Any CPU
		{81481F47-A961-4EF2-8636-E9D9B43C9F31}.Debug|x86.Build.0 = Debug|Any CPU
		{81481F47-A961-4EF2-8636-E9D9B43C9F31}.Release|Any CPU.ActiveCfg = Release|Any CPU
		{81481F47-A961-4EF2-8636-E9D9B43C9F31}.Release|Any CPU.Build.0 = Release|Any CPU
		{81481F47-A961-4EF2-8636-E9D9B43C9F31}.Release|x64.ActiveCfg = Release|Any CPU
		{81481F47-A961-4EF2-8636-E9D9B43C9F31}.Release|x64.Build.0 = Release|Any CPU
		{81481F47-A961-4EF2-8636-E9D9B43C9F31}.Release|x86.ActiveCfg = Release|Any CPU
		{81481F47-A961-4EF2-8636-E9D9B43C9F31}.Release|x86.Build.0 = Release|Any CPU
		{090B6FE1-EACA-48FA-BF25-22B65E2C8F20}.Debug|Any CPU.ActiveCfg = Debug|Any CPU
		{090B6FE1-EACA-48FA-BF25-22B65E2C8F20}.Debug|Any CPU.Build.0 = Debug|Any CPU
		{090B6FE1-EACA-48FA-BF25-22B65E2C8F20}.Debug|x64.ActiveCfg = Debug|Any CPU
		{090B6FE1-EACA-48FA-BF25-22B65E2C8F20}.Debug|x64.Build.0 = Debug|Any CPU
		{090B6FE1-EACA-48FA-BF25-22B65E2C8F20}.Debug|x86.ActiveCfg = Debug|Any CPU
		{090B6FE1-EACA-48FA-BF25-22B65E2C8F20}.Debug|x86.Build.0 = Debug|Any CPU
		{090B6FE1-EACA-48FA-BF25-22B65E2C8F20}.Release|Any CPU.ActiveCfg = Release|Any CPU
		{090B6FE1-EACA-48FA-BF25-22B65E2C8F20}.Release|Any CPU.Build.0 = Release|Any CPU
		{090B6FE1-EACA-48FA-BF25-22B65E2C8F20}.Release|x64.ActiveCfg = Release|Any CPU
		{090B6FE1-EACA-48FA-BF25-22B65E2C8F20}.Release|x64.Build.0 = Release|Any CPU
		{090B6FE1-EACA-48FA-BF25-22B65E2C8F20}.Release|x86.ActiveCfg = Release|Any CPU
		{090B6FE1-EACA-48FA-BF25-22B65E2C8F20}.Release|x86.Build.0 = Release|Any CPU
		{2E11DBE4-66CB-48A4-84F9-08243A0EB313}.Debug|Any CPU.ActiveCfg = Debug|Any CPU
		{2E11DBE4-66CB-48A4-84F9-08243A0EB313}.Debug|Any CPU.Build.0 = Debug|Any CPU
		{2E11DBE4-66CB-48A4-84F9-08243A0EB313}.Debug|x64.ActiveCfg = Debug|Any CPU
		{2E11DBE4-66CB-48A4-84F9-08243A0EB313}.Debug|x64.Build.0 = Debug|Any CPU
		{2E11DBE4-66CB-48A4-84F9-08243A0EB313}.Debug|x86.ActiveCfg = Debug|Any CPU
		{2E11DBE4-66CB-48A4-84F9-08243A0EB313}.Debug|x86.Build.0 = Debug|Any CPU
		{2E11DBE4-66CB-48A4-84F9-08243A0EB313}.Release|Any CPU.ActiveCfg = Release|Any CPU
		{2E11DBE4-66CB-48A4-84F9-08243A0EB313}.Release|Any CPU.Build.0 = Release|Any CPU
		{2E11DBE4-66CB-48A4-84F9-08243A0EB313}.Release|x64.ActiveCfg = Release|Any CPU
		{2E11DBE4-66CB-48A4-84F9-08243A0EB313}.Release|x64.Build.0 = Release|Any CPU
		{2E11DBE4-66CB-48A4-84F9-08243A0EB313}.Release|x86.ActiveCfg = Release|Any CPU
		{2E11DBE4-66CB-48A4-84F9-08243A0EB313}.Release|x86.Build.0 = Release|Any CPU
		{413D7BFF-0E7C-4B94-9276-9721F4805C11}.Debug|Any CPU.ActiveCfg = Debug|Any CPU
		{413D7BFF-0E7C-4B94-9276-9721F4805C11}.Debug|Any CPU.Build.0 = Debug|Any CPU
		{413D7BFF-0E7C-4B94-9276-9721F4805C11}.Debug|x64.ActiveCfg = Debug|Any CPU
		{413D7BFF-0E7C-4B94-9276-9721F4805C11}.Debug|x64.Build.0 = Debug|Any CPU
		{413D7BFF-0E7C-4B94-9276-9721F4805C11}.Debug|x86.ActiveCfg = Debug|Any CPU
		{413D7BFF-0E7C-4B94-9276-9721F4805C11}.Debug|x86.Build.0 = Debug|Any CPU
		{413D7BFF-0E7C-4B94-9276-9721F4805C11}.Release|Any CPU.ActiveCfg = Release|Any CPU
		{413D7BFF-0E7C-4B94-9276-9721F4805C11}.Release|Any CPU.Build.0 = Release|Any CPU
		{413D7BFF-0E7C-4B94-9276-9721F4805C11}.Release|x64.ActiveCfg = Release|Any CPU
		{413D7BFF-0E7C-4B94-9276-9721F4805C11}.Release|x64.Build.0 = Release|Any CPU
		{413D7BFF-0E7C-4B94-9276-9721F4805C11}.Release|x86.ActiveCfg = Release|Any CPU
		{413D7BFF-0E7C-4B94-9276-9721F4805C11}.Release|x86.Build.0 = Release|Any CPU
		{3301D259-9F7C-4F2E-BEF3-FBF2EA2D7671}.Debug|Any CPU.ActiveCfg = Debug|Any CPU
		{3301D259-9F7C-4F2E-BEF3-FBF2EA2D7671}.Debug|Any CPU.Build.0 = Debug|Any CPU
		{3301D259-9F7C-4F2E-BEF3-FBF2EA2D7671}.Debug|x64.ActiveCfg = Debug|Any CPU
		{3301D259-9F7C-4F2E-BEF3-FBF2EA2D7671}.Debug|x64.Build.0 = Debug|Any CPU
		{3301D259-9F7C-4F2E-BEF3-FBF2EA2D7671}.Debug|x86.ActiveCfg = Debug|Any CPU
		{3301D259-9F7C-4F2E-BEF3-FBF2EA2D7671}.Debug|x86.Build.0 = Debug|Any CPU
		{3301D259-9F7C-4F2E-BEF3-FBF2EA2D7671}.Release|Any CPU.ActiveCfg = Release|Any CPU
		{3301D259-9F7C-4F2E-BEF3-FBF2EA2D7671}.Release|Any CPU.Build.0 = Release|Any CPU
		{3301D259-9F7C-4F2E-BEF3-FBF2EA2D7671}.Release|x64.ActiveCfg = Release|Any CPU
		{3301D259-9F7C-4F2E-BEF3-FBF2EA2D7671}.Release|x64.Build.0 = Release|Any CPU
		{3301D259-9F7C-4F2E-BEF3-FBF2EA2D7671}.Release|x86.ActiveCfg = Release|Any CPU
		{3301D259-9F7C-4F2E-BEF3-FBF2EA2D7671}.Release|x86.Build.0 = Release|Any CPU
		{3875D2B7-3EC1-41E9-B621-4281D94A19DA}.Debug|Any CPU.ActiveCfg = Debug|Any CPU
		{3875D2B7-3EC1-41E9-B621-4281D94A19DA}.Debug|Any CPU.Build.0 = Debug|Any CPU
		{3875D2B7-3EC1-41E9-B621-4281D94A19DA}.Debug|x64.ActiveCfg = Debug|Any CPU
		{3875D2B7-3EC1-41E9-B621-4281D94A19DA}.Debug|x64.Build.0 = Debug|Any CPU
		{3875D2B7-3EC1-41E9-B621-4281D94A19DA}.Debug|x86.ActiveCfg = Debug|Any CPU
		{3875D2B7-3EC1-41E9-B621-4281D94A19DA}.Debug|x86.Build.0 = Debug|Any CPU
		{3875D2B7-3EC1-41E9-B621-4281D94A19DA}.Release|Any CPU.ActiveCfg = Release|Any CPU
		{3875D2B7-3EC1-41E9-B621-4281D94A19DA}.Release|Any CPU.Build.0 = Release|Any CPU
		{3875D2B7-3EC1-41E9-B621-4281D94A19DA}.Release|x64.ActiveCfg = Release|Any CPU
		{3875D2B7-3EC1-41E9-B621-4281D94A19DA}.Release|x64.Build.0 = Release|Any CPU
		{3875D2B7-3EC1-41E9-B621-4281D94A19DA}.Release|x86.ActiveCfg = Release|Any CPU
		{3875D2B7-3EC1-41E9-B621-4281D94A19DA}.Release|x86.Build.0 = Release|Any CPU
		{ED8B6BF6-5D72-49FC-A891-EBEE755D2F82}.Debug|Any CPU.ActiveCfg = Debug|Any CPU
		{ED8B6BF6-5D72-49FC-A891-EBEE755D2F82}.Debug|Any CPU.Build.0 = Debug|Any CPU
		{ED8B6BF6-5D72-49FC-A891-EBEE755D2F82}.Debug|x64.ActiveCfg = Debug|Any CPU
		{ED8B6BF6-5D72-49FC-A891-EBEE755D2F82}.Debug|x64.Build.0 = Debug|Any CPU
		{ED8B6BF6-5D72-49FC-A891-EBEE755D2F82}.Debug|x86.ActiveCfg = Debug|Any CPU
		{ED8B6BF6-5D72-49FC-A891-EBEE755D2F82}.Debug|x86.Build.0 = Debug|Any CPU
		{ED8B6BF6-5D72-49FC-A891-EBEE755D2F82}.Release|Any CPU.ActiveCfg = Release|Any CPU
		{ED8B6BF6-5D72-49FC-A891-EBEE755D2F82}.Release|Any CPU.Build.0 = Release|Any CPU
		{ED8B6BF6-5D72-49FC-A891-EBEE755D2F82}.Release|x64.ActiveCfg = Release|Any CPU
		{ED8B6BF6-5D72-49FC-A891-EBEE755D2F82}.Release|x64.Build.0 = Release|Any CPU
		{ED8B6BF6-5D72-49FC-A891-EBEE755D2F82}.Release|x86.ActiveCfg = Release|Any CPU
		{ED8B6BF6-5D72-49FC-A891-EBEE755D2F82}.Release|x86.Build.0 = Release|Any CPU
		{88D91552-468A-4BCF-B5A0-7D502495232A}.Debug|Any CPU.ActiveCfg = Debug|Any CPU
		{88D91552-468A-4BCF-B5A0-7D502495232A}.Debug|Any CPU.Build.0 = Debug|Any CPU
		{88D91552-468A-4BCF-B5A0-7D502495232A}.Debug|x64.ActiveCfg = Debug|Any CPU
		{88D91552-468A-4BCF-B5A0-7D502495232A}.Debug|x64.Build.0 = Debug|Any CPU
		{88D91552-468A-4BCF-B5A0-7D502495232A}.Debug|x86.ActiveCfg = Debug|Any CPU
		{88D91552-468A-4BCF-B5A0-7D502495232A}.Debug|x86.Build.0 = Debug|Any CPU
		{88D91552-468A-4BCF-B5A0-7D502495232A}.Release|Any CPU.ActiveCfg = Release|Any CPU
		{88D91552-468A-4BCF-B5A0-7D502495232A}.Release|Any CPU.Build.0 = Release|Any CPU
		{88D91552-468A-4BCF-B5A0-7D502495232A}.Release|x64.ActiveCfg = Release|Any CPU
		{88D91552-468A-4BCF-B5A0-7D502495232A}.Release|x64.Build.0 = Release|Any CPU
		{88D91552-468A-4BCF-B5A0-7D502495232A}.Release|x86.ActiveCfg = Release|Any CPU
		{88D91552-468A-4BCF-B5A0-7D502495232A}.Release|x86.Build.0 = Release|Any CPU
		{9A2DCC9F-FABB-42D0-9AC2-9B84A80A6D1E}.Debug|Any CPU.ActiveCfg = Debug|Any CPU
		{9A2DCC9F-FABB-42D0-9AC2-9B84A80A6D1E}.Debug|Any CPU.Build.0 = Debug|Any CPU
		{9A2DCC9F-FABB-42D0-9AC2-9B84A80A6D1E}.Debug|x64.ActiveCfg = Debug|Any CPU
		{9A2DCC9F-FABB-42D0-9AC2-9B84A80A6D1E}.Debug|x64.Build.0 = Debug|Any CPU
		{9A2DCC9F-FABB-42D0-9AC2-9B84A80A6D1E}.Debug|x86.ActiveCfg = Debug|Any CPU
		{9A2DCC9F-FABB-42D0-9AC2-9B84A80A6D1E}.Debug|x86.Build.0 = Debug|Any CPU
		{9A2DCC9F-FABB-42D0-9AC2-9B84A80A6D1E}.Release|Any CPU.ActiveCfg = Release|Any CPU
		{9A2DCC9F-FABB-42D0-9AC2-9B84A80A6D1E}.Release|Any CPU.Build.0 = Release|Any CPU
		{9A2DCC9F-FABB-42D0-9AC2-9B84A80A6D1E}.Release|x64.ActiveCfg = Release|Any CPU
		{9A2DCC9F-FABB-42D0-9AC2-9B84A80A6D1E}.Release|x64.Build.0 = Release|Any CPU
		{9A2DCC9F-FABB-42D0-9AC2-9B84A80A6D1E}.Release|x86.ActiveCfg = Release|Any CPU
		{9A2DCC9F-FABB-42D0-9AC2-9B84A80A6D1E}.Release|x86.Build.0 = Release|Any CPU
		{FD703EC0-0148-4D2E-BEA2-28D0D83EBDE6}.Debug|Any CPU.ActiveCfg = Debug|Any CPU
		{FD703EC0-0148-4D2E-BEA2-28D0D83EBDE6}.Debug|Any CPU.Build.0 = Debug|Any CPU
		{FD703EC0-0148-4D2E-BEA2-28D0D83EBDE6}.Debug|x64.ActiveCfg = Debug|Any CPU
		{FD703EC0-0148-4D2E-BEA2-28D0D83EBDE6}.Debug|x64.Build.0 = Debug|Any CPU
		{FD703EC0-0148-4D2E-BEA2-28D0D83EBDE6}.Debug|x86.ActiveCfg = Debug|Any CPU
		{FD703EC0-0148-4D2E-BEA2-28D0D83EBDE6}.Debug|x86.Build.0 = Debug|Any CPU
		{FD703EC0-0148-4D2E-BEA2-28D0D83EBDE6}.Release|Any CPU.ActiveCfg = Release|Any CPU
		{FD703EC0-0148-4D2E-BEA2-28D0D83EBDE6}.Release|Any CPU.Build.0 = Release|Any CPU
		{FD703EC0-0148-4D2E-BEA2-28D0D83EBDE6}.Release|x64.ActiveCfg = Release|Any CPU
		{FD703EC0-0148-4D2E-BEA2-28D0D83EBDE6}.Release|x64.Build.0 = Release|Any CPU
		{FD703EC0-0148-4D2E-BEA2-28D0D83EBDE6}.Release|x86.ActiveCfg = Release|Any CPU
		{FD703EC0-0148-4D2E-BEA2-28D0D83EBDE6}.Release|x86.Build.0 = Release|Any CPU
		{A97D345C-58AA-48E5-87F7-B380D0945250}.Debug|Any CPU.ActiveCfg = Debug|Any CPU
		{A97D345C-58AA-48E5-87F7-B380D0945250}.Debug|Any CPU.Build.0 = Debug|Any CPU
		{A97D345C-58AA-48E5-87F7-B380D0945250}.Debug|x64.ActiveCfg = Debug|Any CPU
		{A97D345C-58AA-48E5-87F7-B380D0945250}.Debug|x64.Build.0 = Debug|Any CPU
		{A97D345C-58AA-48E5-87F7-B380D0945250}.Debug|x86.ActiveCfg = Debug|Any CPU
		{A97D345C-58AA-48E5-87F7-B380D0945250}.Debug|x86.Build.0 = Debug|Any CPU
		{A97D345C-58AA-48E5-87F7-B380D0945250}.Release|Any CPU.ActiveCfg = Release|Any CPU
		{A97D345C-58AA-48E5-87F7-B380D0945250}.Release|Any CPU.Build.0 = Release|Any CPU
		{A97D345C-58AA-48E5-87F7-B380D0945250}.Release|x64.ActiveCfg = Release|Any CPU
		{A97D345C-58AA-48E5-87F7-B380D0945250}.Release|x64.Build.0 = Release|Any CPU
		{A97D345C-58AA-48E5-87F7-B380D0945250}.Release|x86.ActiveCfg = Release|Any CPU
		{A97D345C-58AA-48E5-87F7-B380D0945250}.Release|x86.Build.0 = Release|Any CPU
		{0D2925E7-3583-4223-8BCB-02EF0907B209}.Debug|Any CPU.ActiveCfg = Debug|Any CPU
		{0D2925E7-3583-4223-8BCB-02EF0907B209}.Debug|Any CPU.Build.0 = Debug|Any CPU
		{0D2925E7-3583-4223-8BCB-02EF0907B209}.Debug|x64.ActiveCfg = Debug|Any CPU
		{0D2925E7-3583-4223-8BCB-02EF0907B209}.Debug|x64.Build.0 = Debug|Any CPU
		{0D2925E7-3583-4223-8BCB-02EF0907B209}.Debug|x86.ActiveCfg = Debug|Any CPU
		{0D2925E7-3583-4223-8BCB-02EF0907B209}.Debug|x86.Build.0 = Debug|Any CPU
		{0D2925E7-3583-4223-8BCB-02EF0907B209}.Release|Any CPU.ActiveCfg = Release|Any CPU
		{0D2925E7-3583-4223-8BCB-02EF0907B209}.Release|Any CPU.Build.0 = Release|Any CPU
		{0D2925E7-3583-4223-8BCB-02EF0907B209}.Release|x64.ActiveCfg = Release|Any CPU
		{0D2925E7-3583-4223-8BCB-02EF0907B209}.Release|x64.Build.0 = Release|Any CPU
		{0D2925E7-3583-4223-8BCB-02EF0907B209}.Release|x86.ActiveCfg = Release|Any CPU
		{0D2925E7-3583-4223-8BCB-02EF0907B209}.Release|x86.Build.0 = Release|Any CPU
		{CB7086A5-A0B6-4126-8BB7-27CF3355A1E6}.Debug|Any CPU.ActiveCfg = Debug|Any CPU
		{CB7086A5-A0B6-4126-8BB7-27CF3355A1E6}.Debug|Any CPU.Build.0 = Debug|Any CPU
		{CB7086A5-A0B6-4126-8BB7-27CF3355A1E6}.Debug|x64.ActiveCfg = Debug|Any CPU
		{CB7086A5-A0B6-4126-8BB7-27CF3355A1E6}.Debug|x64.Build.0 = Debug|Any CPU
		{CB7086A5-A0B6-4126-8BB7-27CF3355A1E6}.Debug|x86.ActiveCfg = Debug|Any CPU
		{CB7086A5-A0B6-4126-8BB7-27CF3355A1E6}.Debug|x86.Build.0 = Debug|Any CPU
		{CB7086A5-A0B6-4126-8BB7-27CF3355A1E6}.Release|Any CPU.ActiveCfg = Release|Any CPU
		{CB7086A5-A0B6-4126-8BB7-27CF3355A1E6}.Release|Any CPU.Build.0 = Release|Any CPU
		{CB7086A5-A0B6-4126-8BB7-27CF3355A1E6}.Release|x64.ActiveCfg = Release|Any CPU
		{CB7086A5-A0B6-4126-8BB7-27CF3355A1E6}.Release|x64.Build.0 = Release|Any CPU
		{CB7086A5-A0B6-4126-8BB7-27CF3355A1E6}.Release|x86.ActiveCfg = Release|Any CPU
		{CB7086A5-A0B6-4126-8BB7-27CF3355A1E6}.Release|x86.Build.0 = Release|Any CPU
		{1357A1EF-5E0B-42FC-B85D-B4D8A4AA0468}.Debug|Any CPU.ActiveCfg = Debug|Any CPU
		{1357A1EF-5E0B-42FC-B85D-B4D8A4AA0468}.Debug|Any CPU.Build.0 = Debug|Any CPU
		{1357A1EF-5E0B-42FC-B85D-B4D8A4AA0468}.Debug|x64.ActiveCfg = Debug|Any CPU
		{1357A1EF-5E0B-42FC-B85D-B4D8A4AA0468}.Debug|x64.Build.0 = Debug|Any CPU
		{1357A1EF-5E0B-42FC-B85D-B4D8A4AA0468}.Debug|x86.ActiveCfg = Debug|Any CPU
		{1357A1EF-5E0B-42FC-B85D-B4D8A4AA0468}.Debug|x86.Build.0 = Debug|Any CPU
		{1357A1EF-5E0B-42FC-B85D-B4D8A4AA0468}.Release|Any CPU.ActiveCfg = Release|Any CPU
		{1357A1EF-5E0B-42FC-B85D-B4D8A4AA0468}.Release|Any CPU.Build.0 = Release|Any CPU
		{1357A1EF-5E0B-42FC-B85D-B4D8A4AA0468}.Release|x64.ActiveCfg = Release|Any CPU
		{1357A1EF-5E0B-42FC-B85D-B4D8A4AA0468}.Release|x64.Build.0 = Release|Any CPU
		{1357A1EF-5E0B-42FC-B85D-B4D8A4AA0468}.Release|x86.ActiveCfg = Release|Any CPU
		{1357A1EF-5E0B-42FC-B85D-B4D8A4AA0468}.Release|x86.Build.0 = Release|Any CPU
		{776F9348-D9AA-4820-9566-C6397C826ECA}.Debug|Any CPU.ActiveCfg = Debug|Any CPU
		{776F9348-D9AA-4820-9566-C6397C826ECA}.Debug|Any CPU.Build.0 = Debug|Any CPU
		{776F9348-D9AA-4820-9566-C6397C826ECA}.Debug|x64.ActiveCfg = Debug|Any CPU
		{776F9348-D9AA-4820-9566-C6397C826ECA}.Debug|x64.Build.0 = Debug|Any CPU
		{776F9348-D9AA-4820-9566-C6397C826ECA}.Debug|x86.ActiveCfg = Debug|Any CPU
		{776F9348-D9AA-4820-9566-C6397C826ECA}.Debug|x86.Build.0 = Debug|Any CPU
		{776F9348-D9AA-4820-9566-C6397C826ECA}.Release|Any CPU.ActiveCfg = Release|Any CPU
		{776F9348-D9AA-4820-9566-C6397C826ECA}.Release|Any CPU.Build.0 = Release|Any CPU
		{776F9348-D9AA-4820-9566-C6397C826ECA}.Release|x64.ActiveCfg = Release|Any CPU
		{776F9348-D9AA-4820-9566-C6397C826ECA}.Release|x64.Build.0 = Release|Any CPU
		{776F9348-D9AA-4820-9566-C6397C826ECA}.Release|x86.ActiveCfg = Release|Any CPU
		{776F9348-D9AA-4820-9566-C6397C826ECA}.Release|x86.Build.0 = Release|Any CPU
		{F9B7C61F-4D26-46D9-A7E8-601AF2714FCD}.Debug|Any CPU.ActiveCfg = Debug|Any CPU
		{F9B7C61F-4D26-46D9-A7E8-601AF2714FCD}.Debug|Any CPU.Build.0 = Debug|Any CPU
		{F9B7C61F-4D26-46D9-A7E8-601AF2714FCD}.Debug|x64.ActiveCfg = Debug|Any CPU
		{F9B7C61F-4D26-46D9-A7E8-601AF2714FCD}.Debug|x64.Build.0 = Debug|Any CPU
		{F9B7C61F-4D26-46D9-A7E8-601AF2714FCD}.Debug|x86.ActiveCfg = Debug|Any CPU
		{F9B7C61F-4D26-46D9-A7E8-601AF2714FCD}.Debug|x86.Build.0 = Debug|Any CPU
		{F9B7C61F-4D26-46D9-A7E8-601AF2714FCD}.Release|Any CPU.ActiveCfg = Release|Any CPU
		{F9B7C61F-4D26-46D9-A7E8-601AF2714FCD}.Release|Any CPU.Build.0 = Release|Any CPU
		{F9B7C61F-4D26-46D9-A7E8-601AF2714FCD}.Release|x64.ActiveCfg = Release|Any CPU
		{F9B7C61F-4D26-46D9-A7E8-601AF2714FCD}.Release|x64.Build.0 = Release|Any CPU
		{F9B7C61F-4D26-46D9-A7E8-601AF2714FCD}.Release|x86.ActiveCfg = Release|Any CPU
		{F9B7C61F-4D26-46D9-A7E8-601AF2714FCD}.Release|x86.Build.0 = Release|Any CPU
		{83611BD2-D791-49E6-80E2-FFDD03C41425}.Debug|Any CPU.ActiveCfg = Debug|Any CPU
		{83611BD2-D791-49E6-80E2-FFDD03C41425}.Debug|Any CPU.Build.0 = Debug|Any CPU
		{83611BD2-D791-49E6-80E2-FFDD03C41425}.Debug|x64.ActiveCfg = Debug|Any CPU
		{83611BD2-D791-49E6-80E2-FFDD03C41425}.Debug|x64.Build.0 = Debug|Any CPU
		{83611BD2-D791-49E6-80E2-FFDD03C41425}.Debug|x86.ActiveCfg = Debug|Any CPU
		{83611BD2-D791-49E6-80E2-FFDD03C41425}.Debug|x86.Build.0 = Debug|Any CPU
		{83611BD2-D791-49E6-80E2-FFDD03C41425}.Release|Any CPU.ActiveCfg = Release|Any CPU
		{83611BD2-D791-49E6-80E2-FFDD03C41425}.Release|Any CPU.Build.0 = Release|Any CPU
		{83611BD2-D791-49E6-80E2-FFDD03C41425}.Release|x64.ActiveCfg = Release|Any CPU
		{83611BD2-D791-49E6-80E2-FFDD03C41425}.Release|x64.Build.0 = Release|Any CPU
		{83611BD2-D791-49E6-80E2-FFDD03C41425}.Release|x86.ActiveCfg = Release|Any CPU
		{83611BD2-D791-49E6-80E2-FFDD03C41425}.Release|x86.Build.0 = Release|Any CPU
		{44E3BB32-8E1D-404F-AD02-52DEAE5315C2}.Debug|Any CPU.ActiveCfg = Debug|Any CPU
		{44E3BB32-8E1D-404F-AD02-52DEAE5315C2}.Debug|Any CPU.Build.0 = Debug|Any CPU
		{44E3BB32-8E1D-404F-AD02-52DEAE5315C2}.Debug|x64.ActiveCfg = Debug|Any CPU
		{44E3BB32-8E1D-404F-AD02-52DEAE5315C2}.Debug|x64.Build.0 = Debug|Any CPU
		{44E3BB32-8E1D-404F-AD02-52DEAE5315C2}.Debug|x86.ActiveCfg = Debug|Any CPU
		{44E3BB32-8E1D-404F-AD02-52DEAE5315C2}.Debug|x86.Build.0 = Debug|Any CPU
		{44E3BB32-8E1D-404F-AD02-52DEAE5315C2}.Release|Any CPU.ActiveCfg = Release|Any CPU
		{44E3BB32-8E1D-404F-AD02-52DEAE5315C2}.Release|Any CPU.Build.0 = Release|Any CPU
		{44E3BB32-8E1D-404F-AD02-52DEAE5315C2}.Release|x64.ActiveCfg = Release|Any CPU
		{44E3BB32-8E1D-404F-AD02-52DEAE5315C2}.Release|x64.Build.0 = Release|Any CPU
		{44E3BB32-8E1D-404F-AD02-52DEAE5315C2}.Release|x86.ActiveCfg = Release|Any CPU
		{44E3BB32-8E1D-404F-AD02-52DEAE5315C2}.Release|x86.Build.0 = Release|Any CPU
		{B11FF71F-1518-4919-AE61-7F1331C54216}.Debug|Any CPU.ActiveCfg = Debug|Any CPU
		{B11FF71F-1518-4919-AE61-7F1331C54216}.Debug|Any CPU.Build.0 = Debug|Any CPU
		{B11FF71F-1518-4919-AE61-7F1331C54216}.Debug|x64.ActiveCfg = Debug|Any CPU
		{B11FF71F-1518-4919-AE61-7F1331C54216}.Debug|x64.Build.0 = Debug|Any CPU
		{B11FF71F-1518-4919-AE61-7F1331C54216}.Debug|x86.ActiveCfg = Debug|Any CPU
		{B11FF71F-1518-4919-AE61-7F1331C54216}.Debug|x86.Build.0 = Debug|Any CPU
		{B11FF71F-1518-4919-AE61-7F1331C54216}.Release|Any CPU.ActiveCfg = Release|Any CPU
		{B11FF71F-1518-4919-AE61-7F1331C54216}.Release|Any CPU.Build.0 = Release|Any CPU
		{B11FF71F-1518-4919-AE61-7F1331C54216}.Release|x64.ActiveCfg = Release|Any CPU
		{B11FF71F-1518-4919-AE61-7F1331C54216}.Release|x64.Build.0 = Release|Any CPU
		{B11FF71F-1518-4919-AE61-7F1331C54216}.Release|x86.ActiveCfg = Release|Any CPU
		{B11FF71F-1518-4919-AE61-7F1331C54216}.Release|x86.Build.0 = Release|Any CPU
		{19CAAFE7-188B-4D56-82BA-FD197710F687}.Debug|Any CPU.ActiveCfg = Debug|Any CPU
		{19CAAFE7-188B-4D56-82BA-FD197710F687}.Debug|Any CPU.Build.0 = Debug|Any CPU
		{19CAAFE7-188B-4D56-82BA-FD197710F687}.Debug|x64.ActiveCfg = Debug|Any CPU
		{19CAAFE7-188B-4D56-82BA-FD197710F687}.Debug|x64.Build.0 = Debug|Any CPU
		{19CAAFE7-188B-4D56-82BA-FD197710F687}.Debug|x86.ActiveCfg = Debug|Any CPU
		{19CAAFE7-188B-4D56-82BA-FD197710F687}.Debug|x86.Build.0 = Debug|Any CPU
		{19CAAFE7-188B-4D56-82BA-FD197710F687}.Release|Any CPU.ActiveCfg = Release|Any CPU
		{19CAAFE7-188B-4D56-82BA-FD197710F687}.Release|Any CPU.Build.0 = Release|Any CPU
		{19CAAFE7-188B-4D56-82BA-FD197710F687}.Release|x64.ActiveCfg = Release|Any CPU
		{19CAAFE7-188B-4D56-82BA-FD197710F687}.Release|x64.Build.0 = Release|Any CPU
		{19CAAFE7-188B-4D56-82BA-FD197710F687}.Release|x86.ActiveCfg = Release|Any CPU
		{19CAAFE7-188B-4D56-82BA-FD197710F687}.Release|x86.Build.0 = Release|Any CPU
		{D7E665DE-E528-4F74-B846-46FDEF1501C8}.Debug|Any CPU.ActiveCfg = Debug|Any CPU
		{D7E665DE-E528-4F74-B846-46FDEF1501C8}.Debug|Any CPU.Build.0 = Debug|Any CPU
		{D7E665DE-E528-4F74-B846-46FDEF1501C8}.Debug|x64.ActiveCfg = Debug|Any CPU
		{D7E665DE-E528-4F74-B846-46FDEF1501C8}.Debug|x64.Build.0 = Debug|Any CPU
		{D7E665DE-E528-4F74-B846-46FDEF1501C8}.Debug|x86.ActiveCfg = Debug|Any CPU
		{D7E665DE-E528-4F74-B846-46FDEF1501C8}.Debug|x86.Build.0 = Debug|Any CPU
		{D7E665DE-E528-4F74-B846-46FDEF1501C8}.Release|Any CPU.ActiveCfg = Release|Any CPU
		{D7E665DE-E528-4F74-B846-46FDEF1501C8}.Release|Any CPU.Build.0 = Release|Any CPU
		{D7E665DE-E528-4F74-B846-46FDEF1501C8}.Release|x64.ActiveCfg = Release|Any CPU
		{D7E665DE-E528-4F74-B846-46FDEF1501C8}.Release|x64.Build.0 = Release|Any CPU
		{D7E665DE-E528-4F74-B846-46FDEF1501C8}.Release|x86.ActiveCfg = Release|Any CPU
		{D7E665DE-E528-4F74-B846-46FDEF1501C8}.Release|x86.Build.0 = Release|Any CPU
	EndGlobalSection
	GlobalSection(SolutionProperties) = preSolution
		HideSolutionNode = FALSE
	EndGlobalSection
	GlobalSection(NestedProjects) = preSolution
		{46E70055-B4FA-4918-84D0-1CD16D285CEF} = {B6D69265-EEF0-41E8-BA77-F9B2E6B4209A}
		{DE7AE68D-A479-414B-BFC6-8AB3479D70DD} = {B6D69265-EEF0-41E8-BA77-F9B2E6B4209A}
		{ABDC8EDD-6AAC-4A2A-8F07-8AF9A017D755} = {B6D69265-EEF0-41E8-BA77-F9B2E6B4209A}
		{5CBE6127-454C-4DEE-B70A-18584B4BB44C} = {B6D69265-EEF0-41E8-BA77-F9B2E6B4209A}
		{A19E3133-27D1-41E1-8A34-D7F9B5D64046} = {786DF33B-7B84-4F02-A615-86AAD68099A6}
		{045517DC-1A08-40BC-BCC8-4F1C5824EA68} = {786DF33B-7B84-4F02-A615-86AAD68099A6}
		{20D1EE82-9FAB-44D4-BAEB-C1FEE0D79F67} = {786DF33B-7B84-4F02-A615-86AAD68099A6}
		{7626117E-8C44-4DDF-A13F-990C284784F5} = {786DF33B-7B84-4F02-A615-86AAD68099A6}
		{21420931-DC47-4FD4-A562-546C9F199CAF} = {786DF33B-7B84-4F02-A615-86AAD68099A6}
		{4CC5349B-3E8C-43BF-8503-77061E9D3B3D} = {786DF33B-7B84-4F02-A615-86AAD68099A6}
		{C438BAC4-04D1-43F4-920A-E1E4578A8A0F} = {786DF33B-7B84-4F02-A615-86AAD68099A6}
		{442396F9-4A5B-4A29-9EF3-743A6C55555A} = {B6D69265-EEF0-41E8-BA77-F9B2E6B4209A}
		{1ABDEBD3-4E05-4E8A-BB7E-8011C38482F4} = {903955A0-FD56-46DC-BEA5-D21B6CA5DAC8}
		{DB3AFA3E-9BE4-425F-B44C-06D172CE457B} = {903955A0-FD56-46DC-BEA5-D21B6CA5DAC8}
		{97CF9C3A-8C94-4CA4-898B-EEA2162F2609} = {7DAE1DE2-671A-4760-AC24-155311D7CABB}
		{FFB36C9C-3A0E-42B2-973E-3CB89034A258} = {7DAE1DE2-671A-4760-AC24-155311D7CABB}
		{B54B1826-AF04-4E46-9A39-B1B78CC86286} = {B6D69265-EEF0-41E8-BA77-F9B2E6B4209A}
		{A43EAE98-E248-4137-9E8D-B6C6B796F322} = {B6D69265-EEF0-41E8-BA77-F9B2E6B4209A}
		{65F83E08-C0BA-4386-AAB3-0ACDD86D58C3} = {394D4F0B-13FE-4B14-A82F-A9A641D03B9A}
		{78A836FD-10CA-4C7C-9F81-B423E08D3271} = {CE99B297-6BDB-47FF-B729-A38928B35CE8}
		{C84D8AB3-68F2-4E1B-98F1-C4D933FF8C40} = {B6D69265-EEF0-41E8-BA77-F9B2E6B4209A}
		{4B93154D-3726-4600-842C-EC3686343B19} = {B6D69265-EEF0-41E8-BA77-F9B2E6B4209A}
		{C826EA16-2A4E-4F68-80F6-5FA3823D2A9C} = {B6D69265-EEF0-41E8-BA77-F9B2E6B4209A}
		{833FE868-4A48-4FB7-A0EF-19A80883148B} = {2842EEC9-F7BB-4A6B-B77E-0EA22BC3585D}
		{40CEC8D6-9F2D-421E-9E85-9B4B709024F2} = {833FE868-4A48-4FB7-A0EF-19A80883148B}
		{080032B8-B316-45C2-B026-438A56AD7C9C} = {B94E9176-5287-4CC6-9789-3B7205A6282F}
		{47141CBE-8EC8-40A8-BA37-F87DF136CBCC} = {B94E9176-5287-4CC6-9789-3B7205A6282F}
		{B5248845-B5CA-4B0C-AE32-8315E1A54774} = {B94E9176-5287-4CC6-9789-3B7205A6282F}
		{FDE974E5-632E-40DC-93E5-D95E7066A889} = {B94E9176-5287-4CC6-9789-3B7205A6282F}
		{B93F1B7D-5449-4E6A-9505-9B6E88BB50A3} = {394D4F0B-13FE-4B14-A82F-A9A641D03B9A}
		{C3F0546C-3DF9-4A36-98FC-886A2FDCFA3F} = {B94E9176-5287-4CC6-9789-3B7205A6282F}
		{81D39CAB-58FB-4D41-AD92-721D72A9B34E} = {B94E9176-5287-4CC6-9789-3B7205A6282F}
		{F0C4F103-1D58-471D-86BB-A303F770BE57} = {B94E9176-5287-4CC6-9789-3B7205A6282F}
		{344F6CC4-C567-401D-A192-C8468F7C23A3} = {B94E9176-5287-4CC6-9789-3B7205A6282F}
		{B9469F82-761F-4E18-93B2-4D9217129053} = {B94E9176-5287-4CC6-9789-3B7205A6282F}
		{6E1917F1-06C6-41F0-8E0D-F1425C393FCF} = {34CAED4B-00F2-44B7-883D-40EFC882139E}
		{730AB003-EE62-4E92-B04B-1E111C801833} = {34CAED4B-00F2-44B7-883D-40EFC882139E}
		{3171CDDF-B08C-4CC4-80B2-3CC06D2DE4E6} = {34CAED4B-00F2-44B7-883D-40EFC882139E}
		{5332A141-157A-450E-A5A1-6C40033F99BC} = {D97F5BD4-8208-4FC9-88F5-B815938311D6}
		{DD3F3C8E-2AF3-45E3-AB11-8A12B4F4B5C8} = {B6D69265-EEF0-41E8-BA77-F9B2E6B4209A}
		{81481F47-A961-4EF2-8636-E9D9B43C9F31} = {B6D69265-EEF0-41E8-BA77-F9B2E6B4209A}
		{090B6FE1-EACA-48FA-BF25-22B65E2C8F20} = {7DAE1DE2-671A-4760-AC24-155311D7CABB}
		{2E11DBE4-66CB-48A4-84F9-08243A0EB313} = {7B2626D6-5324-47C8-AFD3-3E39EE86F4D5}
		{413D7BFF-0E7C-4B94-9276-9721F4805C11} = {7B2626D6-5324-47C8-AFD3-3E39EE86F4D5}
		{3301D259-9F7C-4F2E-BEF3-FBF2EA2D7671} = {7B2626D6-5324-47C8-AFD3-3E39EE86F4D5}
		{3875D2B7-3EC1-41E9-B621-4281D94A19DA} = {4690315E-93A0-47B4-8CB5-D36DACB8D563}
		{ED8B6BF6-5D72-49FC-A891-EBEE755D2F82} = {4690315E-93A0-47B4-8CB5-D36DACB8D563}
		{88D91552-468A-4BCF-B5A0-7D502495232A} = {4690315E-93A0-47B4-8CB5-D36DACB8D563}
		{9A2DCC9F-FABB-42D0-9AC2-9B84A80A6D1E} = {4690315E-93A0-47B4-8CB5-D36DACB8D563}
		{FD703EC0-0148-4D2E-BEA2-28D0D83EBDE6} = {CE99B297-6BDB-47FF-B729-A38928B35CE8}
		{A97D345C-58AA-48E5-87F7-B380D0945250} = {68D6402E-576E-4E11-98F3-8185D4ECBB47}
		{0D2925E7-3583-4223-8BCB-02EF0907B209} = {B6D69265-EEF0-41E8-BA77-F9B2E6B4209A}
		{CB7086A5-A0B6-4126-8BB7-27CF3355A1E6} = {B6D69265-EEF0-41E8-BA77-F9B2E6B4209A}
		{1357A1EF-5E0B-42FC-B85D-B4D8A4AA0468} = {5AF681AF-61E6-4E7E-BFC5-2DD7A9A7BE23}
		{776F9348-D9AA-4820-9566-C6397C826ECA} = {68D6402E-576E-4E11-98F3-8185D4ECBB47}
		{F9B7C61F-4D26-46D9-A7E8-601AF2714FCD} = {B6D69265-EEF0-41E8-BA77-F9B2E6B4209A}
		{83611BD2-D791-49E6-80E2-FFDD03C41425} = {B6D69265-EEF0-41E8-BA77-F9B2E6B4209A}
		{44E3BB32-8E1D-404F-AD02-52DEAE5315C2} = {2DB1E500-D643-4C3E-A11E-A7A0CD373A7F}
		{B11FF71F-1518-4919-AE61-7F1331C54216} = {2DB1E500-D643-4C3E-A11E-A7A0CD373A7F}
		{19CAAFE7-188B-4D56-82BA-FD197710F687} = {4690315E-93A0-47B4-8CB5-D36DACB8D563}
		{D7E665DE-E528-4F74-B846-46FDEF1501C8} = {4E837100-A048-4DDB-84A8-C62B70A1A816}
	EndGlobalSection
	GlobalSection(ExtensibilityGlobals) = postSolution
		SolutionGuid = {21B49BF3-CF3A-4A7F-846D-5320A447D55F}
	EndGlobalSection
EndGlobal
