
Microsoft Visual Studio Solution File, Format Version 12.00
# Visual Studio 15
VisualStudioVersion = 15.0.27428.2027
MinimumVisualStudioVersion = 10.0.40219.1
Project("{FAE04EC0-301F-11D3-BF4B-00C04F79EFBC}") = "BS_声明自定义事件", "BS_CSharp\BS_声明自定义事件.csproj", "{02CAF341-E224-46C1-A1E3-8B91ACA393F4}"
EndProject
Project("{FAE04EC0-301F-11D3-BF4B-00C04F79EFBC}") = "BS_事件，简略声明", "BS_事件，简略声明\BS_事件，简略声明.csproj", "{7C5FEACF-C082-4EA9-ACDE-22AADC39550E}"
EndProject
Project("{FAE04EC0-301F-11D3-BF4B-00C04F79EFBC}") = "BS_LINQ委托Lambda表达式", "BS_LINQ\BS_LINQ委托Lambda表达式.csproj", "{59C6E485-EFD5-428B-AC76-79044E3FF5ED}"
EndProject
Project("{FAE04EC0-301F-11D3-BF4B-00C04F79EFBC}") = "BS_泛型委托", "BS_\BS_泛型委托.csproj", "{AFA4907B-F485-4305-BD9A-D7EB1F2A491A}"
EndProject
Project("{FAE04EC0-301F-11D3-BF4B-00C04F79EFBC}") = "BS_泛型委托_Lambda", "BS_泛型委托2\BS_泛型委托_Lambda.csproj", "{41820DE3-7F15-4C75-8C6B-A22C31E05B82}"
EndProject
Project("{FAE04EC0-301F-11D3-BF4B-00C04F79EFBC}") = "test", "test\test.csproj", "{F9EF32CE-8ACE-4C51-933F-9F0D4EC80626}"
EndProject
Project("{FAE04EC0-301F-11D3-BF4B-00C04F79EFBC}") = "BS_面向对象", "BS_面向对象\BS_面向对象.csproj", "{2714404E-2816-412E-9D40-2A6A5643BEB4}"
EndProject
Project("{FAE04EC0-301F-11D3-BF4B-00C04F79EFBC}") = "BS_类的声明与访问符号", "BS_类\BS_类的声明与访问符号.csproj", "{722E88CD-B392-49F3-A11F-C879726B47C6}"
EndProject
Project("{FAE04EC0-301F-11D3-BF4B-00C04F79EFBC}") = "MyLib", "MyLib\MyLib.csproj", "{5B46113C-3DD9-45C7-9997-B34BA823973D}"
EndProject
Project("{FAE04EC0-301F-11D3-BF4B-00C04F79EFBC}") = "继承", "继承\继承.csproj", "{7B19D188-796C-481F-AB49-B2E0287AC007}"
EndProject
Project("{FAE04EC0-301F-11D3-BF4B-00C04F79EFBC}") = "继承2", "继承2\继承2.csproj", "{6B464A08-AEF4-4A6D-934C-305FAB512DDE}"
EndProject
Project("{FAE04EC0-301F-11D3-BF4B-00C04F79EFBC}") = "继承3", "继承3\继承3.csproj", "{52E8D221-F888-4498-BA46-25C4790060B9}"
EndProject
Project("{FAE04EC0-301F-11D3-BF4B-00C04F79EFBC}") = "继承4_学习Protected", "继承4_学习Protected\继承4_学习Protected.csproj", "{DB0C378F-C3A5-453F-9F37-285EB3855D23}"
EndProject
Project("{FAE04EC0-301F-11D3-BF4B-00C04F79EFBC}") = "MyLib_继承4", "MyLib_继承4\MyLib_继承4.csproj", "{75A9DDBB-0D83-453D-B663-7763EC3CD671}"
EndProject
Project("{9A19103F-16F7-4668-BE54-9A1E7A4F7556}") = "BS_事件2", "BS_事件2\BS_事件2.csproj", "{7888EEC6-7A7D-45AF-93B7-2F3B9B9DB7E0}"
EndProject
Project("{9A19103F-16F7-4668-BE54-9A1E7A4F7556}") = "BS_Convert", "BS_Convert\BS_Convert.csproj", "{BC554E99-99C3-42FA-9A05-2C942637629B}"
EndProject
Project("{FAE04EC0-301F-11D3-BF4B-00C04F79EFBC}") = "BS_XX", "BS_XX\BS_XX.csproj", "{2EABAA97-8152-473E-8B66-E8AD85201733}"
EndProject
Project("{FAE04EC0-301F-11D3-BF4B-00C04F79EFBC}") = "BS_高级委托", "BS_高级委托\BS_高级委托.csproj", "{88643886-911A-4625-AA43-4986475BDDBF}"
EndProject
Project("{9A19103F-16F7-4668-BE54-9A1E7A4F7556}") = "BS_使用接口替代委托", "BS_使用接口替代委托\BS_使用接口替代委托.csproj", "{40F46C1F-FDB9-4CC0-A3FD-FA9832A0655F}"
EndProject
Project("{9A19103F-16F7-4668-BE54-9A1E7A4F7556}") = "BS_事件", "BS_事件\BS_事件.csproj", "{BCF530FD-E9FF-4A69-B2D7-DB3892754416}"
EndProject
Project("{FAE04EC0-301F-11D3-BF4B-00C04F79EFBC}") = "BS_事件3", "BS_事件3\BS_事件3.csproj", "{01C9D174-8983-402C-8136-D1F17D6E6D6D}"
EndProject
Project("{FAE04EC0-301F-11D3-BF4B-00C04F79EFBC}") = "BS_事件4", "BS_事件4\BS_事件4.csproj", "{A07B1FFC-7B39-4BEE-B1C0-986A0779B4F7}"
EndProject
Project("{FAE04EC0-301F-11D3-BF4B-00C04F79EFBC}") = "BS_事件5", "BS_事件5\BS_事件5.csproj", "{8792E1B6-57C1-4C22-B233-BBE0E67415AB}"
EndProject
Project("{FAE04EC0-301F-11D3-BF4B-00C04F79EFBC}") = "BS_事件6", "BS_事件6\BS_事件6.csproj", "{ACCA6885-71E4-4829-A9CF-E46C10012CE2}"
EndProject
Project("{FAE04EC0-301F-11D3-BF4B-00C04F79EFBC}") = "BS_事件8", "BS_事件8\BS_事件8.csproj", "{2518BB7E-6625-4486-8AD5-FF013F2725D4}"
EndProject
Project("{FAE04EC0-301F-11D3-BF4B-00C04F79EFBC}") = "BS_事件10", "BS_事件10\BS_事件10.csproj", "{16DD31C7-E6E6-4749-A960-88669C5EE662}"
EndProject
Project("{FAE04EC0-301F-11D3-BF4B-00C04F79EFBC}") = "BS_委托", "BS_委托\BS_委托.csproj", "{08AEED6A-7DB7-4CAF-AD67-E27EACF02B4F}"
EndProject
Project("{FAE04EC0-301F-11D3-BF4B-00C04F79EFBC}") = "BS_委托_回调方法", "BS_委托_回调方法\BS_委托_回调方法.csproj", "{261A0B34-6593-4317-9E92-DE5AFF2C1A5E}"
EndProject
Project("{FAE04EC0-301F-11D3-BF4B-00C04F79EFBC}") = "BS_委托_模板方法", "BS_委托_模板方法\BS_委托_模板方法.csproj", "{11F177FC-C7A3-4D62-81E2-2D0F715E37DC}"
EndProject
Project("{FAE04EC0-301F-11D3-BF4B-00C04F79EFBC}") = "泛型委托_参数自动识别类型", "泛型委托_参数自动识别类型\泛型委托_参数自动识别类型.csproj", "{57C7144C-2DCA-4857-AD02-8B824CCA5460}"
EndProject
Global
	GlobalSection(SolutionConfigurationPlatforms) = preSolution
		Debug|Any CPU = Debug|Any CPU
		Release|Any CPU = Release|Any CPU
	EndGlobalSection
	GlobalSection(ProjectConfigurationPlatforms) = postSolution
		{02CAF341-E224-46C1-A1E3-8B91ACA393F4}.Debug|Any CPU.ActiveCfg = Debug|Any CPU
		{02CAF341-E224-46C1-A1E3-8B91ACA393F4}.Debug|Any CPU.Build.0 = Debug|Any CPU
		{02CAF341-E224-46C1-A1E3-8B91ACA393F4}.Release|Any CPU.ActiveCfg = Release|Any CPU
		{02CAF341-E224-46C1-A1E3-8B91ACA393F4}.Release|Any CPU.Build.0 = Release|Any CPU
		{7C5FEACF-C082-4EA9-ACDE-22AADC39550E}.Debug|Any CPU.ActiveCfg = Debug|Any CPU
		{7C5FEACF-C082-4EA9-ACDE-22AADC39550E}.Debug|Any CPU.Build.0 = Debug|Any CPU
		{7C5FEACF-C082-4EA9-ACDE-22AADC39550E}.Release|Any CPU.ActiveCfg = Release|Any CPU
		{7C5FEACF-C082-4EA9-ACDE-22AADC39550E}.Release|Any CPU.Build.0 = Release|Any CPU
		{59C6E485-EFD5-428B-AC76-79044E3FF5ED}.Debug|Any CPU.ActiveCfg = Debug|Any CPU
		{59C6E485-EFD5-428B-AC76-79044E3FF5ED}.Debug|Any CPU.Build.0 = Debug|Any CPU
		{59C6E485-EFD5-428B-AC76-79044E3FF5ED}.Release|Any CPU.ActiveCfg = Release|Any CPU
		{59C6E485-EFD5-428B-AC76-79044E3FF5ED}.Release|Any CPU.Build.0 = Release|Any CPU
		{AFA4907B-F485-4305-BD9A-D7EB1F2A491A}.Debug|Any CPU.ActiveCfg = Debug|Any CPU
		{AFA4907B-F485-4305-BD9A-D7EB1F2A491A}.Debug|Any CPU.Build.0 = Debug|Any CPU
		{AFA4907B-F485-4305-BD9A-D7EB1F2A491A}.Release|Any CPU.ActiveCfg = Release|Any CPU
		{AFA4907B-F485-4305-BD9A-D7EB1F2A491A}.Release|Any CPU.Build.0 = Release|Any CPU
		{41820DE3-7F15-4C75-8C6B-A22C31E05B82}.Debug|Any CPU.ActiveCfg = Debug|Any CPU
		{41820DE3-7F15-4C75-8C6B-A22C31E05B82}.Debug|Any CPU.Build.0 = Debug|Any CPU
		{41820DE3-7F15-4C75-8C6B-A22C31E05B82}.Release|Any CPU.ActiveCfg = Release|Any CPU
		{41820DE3-7F15-4C75-8C6B-A22C31E05B82}.Release|Any CPU.Build.0 = Release|Any CPU
		{F9EF32CE-8ACE-4C51-933F-9F0D4EC80626}.Debug|Any CPU.ActiveCfg = Debug|Any CPU
		{F9EF32CE-8ACE-4C51-933F-9F0D4EC80626}.Debug|Any CPU.Build.0 = Debug|Any CPU
		{F9EF32CE-8ACE-4C51-933F-9F0D4EC80626}.Release|Any CPU.ActiveCfg = Release|Any CPU
		{F9EF32CE-8ACE-4C51-933F-9F0D4EC80626}.Release|Any CPU.Build.0 = Release|Any CPU
		{2714404E-2816-412E-9D40-2A6A5643BEB4}.Debug|Any CPU.ActiveCfg = Debug|Any CPU
		{2714404E-2816-412E-9D40-2A6A5643BEB4}.Debug|Any CPU.Build.0 = Debug|Any CPU
		{2714404E-2816-412E-9D40-2A6A5643BEB4}.Release|Any CPU.ActiveCfg = Release|Any CPU
		{2714404E-2816-412E-9D40-2A6A5643BEB4}.Release|Any CPU.Build.0 = Release|Any CPU
		{722E88CD-B392-49F3-A11F-C879726B47C6}.Debug|Any CPU.ActiveCfg = Debug|Any CPU
		{722E88CD-B392-49F3-A11F-C879726B47C6}.Debug|Any CPU.Build.0 = Debug|Any CPU
		{722E88CD-B392-49F3-A11F-C879726B47C6}.Release|Any CPU.ActiveCfg = Release|Any CPU
		{722E88CD-B392-49F3-A11F-C879726B47C6}.Release|Any CPU.Build.0 = Release|Any CPU
		{5B46113C-3DD9-45C7-9997-B34BA823973D}.Debug|Any CPU.ActiveCfg = Debug|Any CPU
		{5B46113C-3DD9-45C7-9997-B34BA823973D}.Debug|Any CPU.Build.0 = Debug|Any CPU
		{5B46113C-3DD9-45C7-9997-B34BA823973D}.Release|Any CPU.ActiveCfg = Release|Any CPU
		{5B46113C-3DD9-45C7-9997-B34BA823973D}.Release|Any CPU.Build.0 = Release|Any CPU
		{7B19D188-796C-481F-AB49-B2E0287AC007}.Debug|Any CPU.ActiveCfg = Debug|Any CPU
		{7B19D188-796C-481F-AB49-B2E0287AC007}.Debug|Any CPU.Build.0 = Debug|Any CPU
		{7B19D188-796C-481F-AB49-B2E0287AC007}.Release|Any CPU.ActiveCfg = Release|Any CPU
		{7B19D188-796C-481F-AB49-B2E0287AC007}.Release|Any CPU.Build.0 = Release|Any CPU
		{6B464A08-AEF4-4A6D-934C-305FAB512DDE}.Debug|Any CPU.ActiveCfg = Debug|Any CPU
		{6B464A08-AEF4-4A6D-934C-305FAB512DDE}.Debug|Any CPU.Build.0 = Debug|Any CPU
		{6B464A08-AEF4-4A6D-934C-305FAB512DDE}.Release|Any CPU.ActiveCfg = Release|Any CPU
		{6B464A08-AEF4-4A6D-934C-305FAB512DDE}.Release|Any CPU.Build.0 = Release|Any CPU
		{52E8D221-F888-4498-BA46-25C4790060B9}.Debug|Any CPU.ActiveCfg = Debug|Any CPU
		{52E8D221-F888-4498-BA46-25C4790060B9}.Debug|Any CPU.Build.0 = Debug|Any CPU
		{52E8D221-F888-4498-BA46-25C4790060B9}.Release|Any CPU.ActiveCfg = Release|Any CPU
		{52E8D221-F888-4498-BA46-25C4790060B9}.Release|Any CPU.Build.0 = Release|Any CPU
		{DB0C378F-C3A5-453F-9F37-285EB3855D23}.Debug|Any CPU.ActiveCfg = Debug|Any CPU
		{DB0C378F-C3A5-453F-9F37-285EB3855D23}.Debug|Any CPU.Build.0 = Debug|Any CPU
		{DB0C378F-C3A5-453F-9F37-285EB3855D23}.Release|Any CPU.ActiveCfg = Release|Any CPU
		{DB0C378F-C3A5-453F-9F37-285EB3855D23}.Release|Any CPU.Build.0 = Release|Any CPU
		{75A9DDBB-0D83-453D-B663-7763EC3CD671}.Debug|Any CPU.ActiveCfg = Debug|Any CPU
		{75A9DDBB-0D83-453D-B663-7763EC3CD671}.Debug|Any CPU.Build.0 = Debug|Any CPU
		{75A9DDBB-0D83-453D-B663-7763EC3CD671}.Release|Any CPU.ActiveCfg = Release|Any CPU
		{75A9DDBB-0D83-453D-B663-7763EC3CD671}.Release|Any CPU.Build.0 = Release|Any CPU
		{7888EEC6-7A7D-45AF-93B7-2F3B9B9DB7E0}.Debug|Any CPU.ActiveCfg = Debug|Any CPU
		{7888EEC6-7A7D-45AF-93B7-2F3B9B9DB7E0}.Debug|Any CPU.Build.0 = Debug|Any CPU
		{7888EEC6-7A7D-45AF-93B7-2F3B9B9DB7E0}.Release|Any CPU.ActiveCfg = Release|Any CPU
		{7888EEC6-7A7D-45AF-93B7-2F3B9B9DB7E0}.Release|Any CPU.Build.0 = Release|Any CPU
		{BC554E99-99C3-42FA-9A05-2C942637629B}.Debug|Any CPU.ActiveCfg = Debug|Any CPU
		{BC554E99-99C3-42FA-9A05-2C942637629B}.Debug|Any CPU.Build.0 = Debug|Any CPU
		{BC554E99-99C3-42FA-9A05-2C942637629B}.Release|Any CPU.ActiveCfg = Release|Any CPU
		{BC554E99-99C3-42FA-9A05-2C942637629B}.Release|Any CPU.Build.0 = Release|Any CPU
		{2EABAA97-8152-473E-8B66-E8AD85201733}.Debug|Any CPU.ActiveCfg = Debug|Any CPU
		{2EABAA97-8152-473E-8B66-E8AD85201733}.Debug|Any CPU.Build.0 = Debug|Any CPU
		{2EABAA97-8152-473E-8B66-E8AD85201733}.Release|Any CPU.ActiveCfg = Release|Any CPU
		{2EABAA97-8152-473E-8B66-E8AD85201733}.Release|Any CPU.Build.0 = Release|Any CPU
		{88643886-911A-4625-AA43-4986475BDDBF}.Debug|Any CPU.ActiveCfg = Debug|Any CPU
		{88643886-911A-4625-AA43-4986475BDDBF}.Debug|Any CPU.Build.0 = Debug|Any CPU
		{88643886-911A-4625-AA43-4986475BDDBF}.Release|Any CPU.ActiveCfg = Release|Any CPU
		{88643886-911A-4625-AA43-4986475BDDBF}.Release|Any CPU.Build.0 = Release|Any CPU
		{40F46C1F-FDB9-4CC0-A3FD-FA9832A0655F}.Debug|Any CPU.ActiveCfg = Debug|Any CPU
		{40F46C1F-FDB9-4CC0-A3FD-FA9832A0655F}.Debug|Any CPU.Build.0 = Debug|Any CPU
		{40F46C1F-FDB9-4CC0-A3FD-FA9832A0655F}.Release|Any CPU.ActiveCfg = Release|Any CPU
		{40F46C1F-FDB9-4CC0-A3FD-FA9832A0655F}.Release|Any CPU.Build.0 = Release|Any CPU
		{BCF530FD-E9FF-4A69-B2D7-DB3892754416}.Debug|Any CPU.ActiveCfg = Debug|Any CPU
		{BCF530FD-E9FF-4A69-B2D7-DB3892754416}.Debug|Any CPU.Build.0 = Debug|Any CPU
		{BCF530FD-E9FF-4A69-B2D7-DB3892754416}.Release|Any CPU.ActiveCfg = Release|Any CPU
		{BCF530FD-E9FF-4A69-B2D7-DB3892754416}.Release|Any CPU.Build.0 = Release|Any CPU
		{01C9D174-8983-402C-8136-D1F17D6E6D6D}.Debug|Any CPU.ActiveCfg = Debug|Any CPU
		{01C9D174-8983-402C-8136-D1F17D6E6D6D}.Debug|Any CPU.Build.0 = Debug|Any CPU
		{01C9D174-8983-402C-8136-D1F17D6E6D6D}.Release|Any CPU.ActiveCfg = Release|Any CPU
		{01C9D174-8983-402C-8136-D1F17D6E6D6D}.Release|Any CPU.Build.0 = Release|Any CPU
		{A07B1FFC-7B39-4BEE-B1C0-986A0779B4F7}.Debug|Any CPU.ActiveCfg = Debug|Any CPU
		{A07B1FFC-7B39-4BEE-B1C0-986A0779B4F7}.Debug|Any CPU.Build.0 = Debug|Any CPU
		{A07B1FFC-7B39-4BEE-B1C0-986A0779B4F7}.Release|Any CPU.ActiveCfg = Release|Any CPU
		{A07B1FFC-7B39-4BEE-B1C0-986A0779B4F7}.Release|Any CPU.Build.0 = Release|Any CPU
		{8792E1B6-57C1-4C22-B233-BBE0E67415AB}.Debug|Any CPU.ActiveCfg = Debug|Any CPU
		{8792E1B6-57C1-4C22-B233-BBE0E67415AB}.Debug|Any CPU.Build.0 = Debug|Any CPU
		{8792E1B6-57C1-4C22-B233-BBE0E67415AB}.Release|Any CPU.ActiveCfg = Release|Any CPU
		{8792E1B6-57C1-4C22-B233-BBE0E67415AB}.Release|Any CPU.Build.0 = Release|Any CPU
		{ACCA6885-71E4-4829-A9CF-E46C10012CE2}.Debug|Any CPU.ActiveCfg = Debug|Any CPU
		{ACCA6885-71E4-4829-A9CF-E46C10012CE2}.Debug|Any CPU.Build.0 = Debug|Any CPU
		{ACCA6885-71E4-4829-A9CF-E46C10012CE2}.Release|Any CPU.ActiveCfg = Release|Any CPU
		{ACCA6885-71E4-4829-A9CF-E46C10012CE2}.Release|Any CPU.Build.0 = Release|Any CPU
		{2518BB7E-6625-4486-8AD5-FF013F2725D4}.Debug|Any CPU.ActiveCfg = Debug|Any CPU
		{2518BB7E-6625-4486-8AD5-FF013F2725D4}.Debug|Any CPU.Build.0 = Debug|Any CPU
		{2518BB7E-6625-4486-8AD5-FF013F2725D4}.Release|Any CPU.ActiveCfg = Release|Any CPU
		{2518BB7E-6625-4486-8AD5-FF013F2725D4}.Release|Any CPU.Build.0 = Release|Any CPU
		{16DD31C7-E6E6-4749-A960-88669C5EE662}.Debug|Any CPU.ActiveCfg = Debug|Any CPU
		{16DD31C7-E6E6-4749-A960-88669C5EE662}.Debug|Any CPU.Build.0 = Debug|Any CPU
		{16DD31C7-E6E6-4749-A960-88669C5EE662}.Release|Any CPU.ActiveCfg = Release|Any CPU
		{16DD31C7-E6E6-4749-A960-88669C5EE662}.Release|Any CPU.Build.0 = Release|Any CPU
		{08AEED6A-7DB7-4CAF-AD67-E27EACF02B4F}.Debug|Any CPU.ActiveCfg = Debug|Any CPU
		{08AEED6A-7DB7-4CAF-AD67-E27EACF02B4F}.Debug|Any CPU.Build.0 = Debug|Any CPU
		{08AEED6A-7DB7-4CAF-AD67-E27EACF02B4F}.Release|Any CPU.ActiveCfg = Release|Any CPU
		{08AEED6A-7DB7-4CAF-AD67-E27EACF02B4F}.Release|Any CPU.Build.0 = Release|Any CPU
		{261A0B34-6593-4317-9E92-DE5AFF2C1A5E}.Debug|Any CPU.ActiveCfg = Debug|Any CPU
		{261A0B34-6593-4317-9E92-DE5AFF2C1A5E}.Debug|Any CPU.Build.0 = Debug|Any CPU
		{261A0B34-6593-4317-9E92-DE5AFF2C1A5E}.Release|Any CPU.ActiveCfg = Release|Any CPU
		{261A0B34-6593-4317-9E92-DE5AFF2C1A5E}.Release|Any CPU.Build.0 = Release|Any CPU
		{11F177FC-C7A3-4D62-81E2-2D0F715E37DC}.Debug|Any CPU.ActiveCfg = Debug|Any CPU
		{11F177FC-C7A3-4D62-81E2-2D0F715E37DC}.Debug|Any CPU.Build.0 = Debug|Any CPU
		{11F177FC-C7A3-4D62-81E2-2D0F715E37DC}.Release|Any CPU.ActiveCfg = Release|Any CPU
		{11F177FC-C7A3-4D62-81E2-2D0F715E37DC}.Release|Any CPU.Build.0 = Release|Any CPU
		{57C7144C-2DCA-4857-AD02-8B824CCA5460}.Debug|Any CPU.ActiveCfg = Debug|Any CPU
		{57C7144C-2DCA-4857-AD02-8B824CCA5460}.Debug|Any CPU.Build.0 = Debug|Any CPU
		{57C7144C-2DCA-4857-AD02-8B824CCA5460}.Release|Any CPU.ActiveCfg = Release|Any CPU
		{57C7144C-2DCA-4857-AD02-8B824CCA5460}.Release|Any CPU.Build.0 = Release|Any CPU
	EndGlobalSection
	GlobalSection(SolutionProperties) = preSolution
		HideSolutionNode = FALSE
	EndGlobalSection
	GlobalSection(ExtensibilityGlobals) = postSolution
		SolutionGuid = {73A2AFB0-0611-472F-84D8-B92B22EFB87B}
	EndGlobalSection
EndGlobal
